{
  "version": 4,
  "terraform_version": "1.13.3",
  "serial": 210,
  "lineage": "3f3d87ef-3a0b-e5f1-cedd-8bb08ea18073",
  "outputs": {
    "alb_security_group_id": {
      "value": "sg-0ea1ca7bae59280a4",
      "type": "string"
    },
    "ecr_api1_repository_arn": {
      "value": "arn:aws:ecr:us-east-1:481604401489:repository/devops2-g4-api1-prod",
      "type": "string"
    },
    "ecr_api1_repository_name": {
      "value": "devops2-g4-api1-prod",
      "type": "string"
    },
    "ecr_api1_repository_url": {
      "value": "481604401489.dkr.ecr.us-east-1.amazonaws.com/devops2-g4-api1-prod",
      "type": "string"
    },
    "ecs_log_group_arn": {
      "value": "arn:aws:logs:us-east-1:481604401489:log-group:/ecs/devops2-g4-app-prod",
      "type": "string"
    },
    "ecs_log_group_name": {
      "value": "/ecs/devops2-g4-app-prod",
      "type": "string"
    },
    "ecs_security_group_id": {
      "value": "sg-029845144ee43491b",
      "type": "string"
    },
    "ecs_task_execution_role_arn": {
      "value": "arn:aws:iam::481604401489:role/devops2-g4-ecs-task-execution-role-prod",
      "type": "string"
    },
    "ecs_task_role_arn": {
      "value": "arn:aws:iam::481604401489:role/devops2-g4-ecs-task-role-prod",
      "type": "string"
    },
    "inspector_sns_topic_arn": {
      "value": "arn:aws:sns:us-east-1:481604401489:devops2-g4-app-inspector-findings-prod",
      "type": "string"
    },
    "private_subnet_ids": {
      "value": [
        "subnet-09af863b1173ca0a8",
        "subnet-074c51458c4579bcc"
      ],
      "type": [
        "tuple",
        [
          "string",
          "string"
        ]
      ]
    },
    "public_subnet_ids": {
      "value": [
        "subnet-00296c7a8ab37acdc",
        "subnet-07a6694ce6e2732a0"
      ],
      "type": [
        "tuple",
        [
          "string",
          "string"
        ]
      ]
    },
    "vpc_cidr": {
      "value": "10.0.0.0/16",
      "type": "string"
    },
    "vpc_id": {
      "value": "vpc-0b86a2e04804356e9",
      "type": "string"
    },
    "vpc_link_security_group_id": {
      "value": "sg-0b86d0fd5d6cb6c4c",
      "type": "string"
    }
  },
  "resources": [
    {
      "mode": "data",
      "type": "aws_caller_identity",
      "name": "current",
      "provider": "provider[\"registry.terraform.io/hashicorp/aws\"]",
      "instances": [
        {
          "schema_version": 0,
          "attributes": {
            "account_id": "481604401489",
            "arn": "arn:aws:iam::481604401489:user/devops-v2",
            "id": "481604401489",
            "user_id": "AIDAXAIO37FI7ZXKFJEKE"
          },
          "sensitive_attributes": [],
          "identity_schema_version": 0
        }
      ]
    },
    {
      "module": "module.alb_security_group",
      "mode": "managed",
      "type": "aws_security_group",
      "name": "this",
      "provider": "provider[\"registry.terraform.io/hashicorp/aws\"]",
      "instances": [
        {
          "schema_version": 1,
          "attributes": {
            "arn": "arn:aws:ec2:us-east-1:481604401489:security-group/sg-0ea1ca7bae59280a4",
            "description": "Security group for Application Load Balancer",
            "egress": [],
            "id": "sg-0ea1ca7bae59280a4",
            "ingress": [],
            "name": "devops2-g4-alb-sg-prod",
            "name_prefix": "",
            "owner_id": "481604401489",
            "revoke_rules_on_delete": false,
            "tags": {
              "Environment": "prod",
              "Name": "devops2-g4-alb-sg-prod",
              "Service": "devops2-g4-app"
            },
            "tags_all": {
              "Environment": "prod",
              "Name": "devops2-g4-alb-sg-prod",
              "Service": "devops2-g4-app"
            },
            "timeouts": null,
            "vpc_id": "vpc-0b86a2e04804356e9"
          },
          "sensitive_attributes": [],
          "identity_schema_version": 0,
          "private": "eyJlMmJmYjczMC1lY2FhLTExZTYtOGY4OC0zNDM2M2JjN2M0YzAiOnsiY3JlYXRlIjo2MDAwMDAwMDAwMDAsImRlbGV0ZSI6OTAwMDAwMDAwMDAwfSwic2NoZW1hX3ZlcnNpb24iOiIxIn0=",
          "dependencies": [
            "module.vpc.aws_vpc.this"
          ]
        }
      ]
    },
    {
      "module": "module.alb_security_group",
      "mode": "managed",
      "type": "aws_vpc_security_group_egress_rule",
      "name": "this",
      "provider": "provider[\"registry.terraform.io/hashicorp/aws\"]",
      "instances": [
        {
          "index_key": 0,
          "schema_version": 0,
          "attributes": {
            "arn": "arn:aws:ec2:us-east-1:481604401489:security-group-rule/sgr-0a205c382b42a915e",
            "cidr_ipv4": null,
            "cidr_ipv6": null,
            "description": "Allow all outbound to ECS tasks",
            "from_port": 0,
            "id": "sgr-0a205c382b42a915e",
            "ip_protocol": "tcp",
            "prefix_list_id": null,
            "referenced_security_group_id": "sg-029845144ee43491b",
            "security_group_id": "sg-0ea1ca7bae59280a4",
            "security_group_rule_id": "sgr-0a205c382b42a915e",
            "tags": {
              "Environment": "prod",
              "Name": "devops2-g4-alb-sg-egress-0-prod",
              "Service": "devops2-g4-app"
            },
            "tags_all": {
              "Environment": "prod",
              "Name": "devops2-g4-alb-sg-egress-0-prod",
              "Service": "devops2-g4-app"
            },
            "to_port": 65535
          },
          "sensitive_attributes": [],
          "identity_schema_version": 0,
          "dependencies": [
            "module.alb_security_group.aws_security_group.this",
            "module.ecs_security_group.aws_security_group.this",
            "module.vpc.aws_vpc.this"
          ]
        }
      ]
    },
    {
      "module": "module.alb_security_group",
      "mode": "managed",
      "type": "aws_vpc_security_group_ingress_rule",
      "name": "this",
      "provider": "provider[\"registry.terraform.io/hashicorp/aws\"]",
      "instances": [
        {
          "index_key": 0,
          "schema_version": 0,
          "attributes": {
            "arn": "arn:aws:ec2:us-east-1:481604401489:security-group-rule/sgr-006e5ce87ace745e3",
            "cidr_ipv4": "10.0.0.0/16",
            "cidr_ipv6": null,
            "description": "Allow HTTP from VPC Link",
            "from_port": 80,
            "id": "sgr-006e5ce87ace745e3",
            "ip_protocol": "tcp",
            "prefix_list_id": null,
            "referenced_security_group_id": null,
            "security_group_id": "sg-0ea1ca7bae59280a4",
            "security_group_rule_id": "sgr-006e5ce87ace745e3",
            "tags": {
              "Environment": "prod",
              "Name": "devops2-g4-alb-sg-ingress-0-prod",
              "Service": "devops2-g4-app"
            },
            "tags_all": {
              "Environment": "prod",
              "Name": "devops2-g4-alb-sg-ingress-0-prod",
              "Service": "devops2-g4-app"
            },
            "to_port": 80
          },
          "sensitive_attributes": [],
          "identity_schema_version": 0,
          "dependencies": [
            "module.alb_security_group.aws_security_group.this",
            "module.vpc.aws_vpc.this"
          ]
        },
        {
          "index_key": 1,
          "schema_version": 0,
          "attributes": {
            "arn": "arn:aws:ec2:us-east-1:481604401489:security-group-rule/sgr-04b1e01e2d1363d68",
            "cidr_ipv4": "10.0.0.0/16",
            "cidr_ipv6": null,
            "description": "Allow HTTPS from VPC Link",
            "from_port": 443,
            "id": "sgr-04b1e01e2d1363d68",
            "ip_protocol": "tcp",
            "prefix_list_id": null,
            "referenced_security_group_id": null,
            "security_group_id": "sg-0ea1ca7bae59280a4",
            "security_group_rule_id": "sgr-04b1e01e2d1363d68",
            "tags": {
              "Environment": "prod",
              "Name": "devops2-g4-alb-sg-ingress-1-prod",
              "Service": "devops2-g4-app"
            },
            "tags_all": {
              "Environment": "prod",
              "Name": "devops2-g4-alb-sg-ingress-1-prod",
              "Service": "devops2-g4-app"
            },
            "to_port": 443
          },
          "sensitive_attributes": [],
          "identity_schema_version": 0,
          "dependencies": [
            "module.alb_security_group.aws_security_group.this",
            "module.vpc.aws_vpc.this"
          ]
        }
      ]
    },
    {
      "module": "module.ecr_api1",
      "mode": "managed",
      "type": "aws_ecr_lifecycle_policy",
      "name": "this",
      "provider": "provider[\"registry.terraform.io/hashicorp/aws\"]",
      "instances": [
        {
          "index_key": 0,
          "schema_version": 0,
          "attributes": {
            "id": "devops2-g4-api1-prod",
            "policy": "{\"rules\":[{\"action\":{\"type\":\"expire\"},\"description\":\"Keep last 10 images\",\"rulePriority\":1,\"selection\":{\"countNumber\":10,\"countType\":\"imageCountMoreThan\",\"tagStatus\":\"any\"}}]}",
            "registry_id": "481604401489",
            "repository": "devops2-g4-api1-prod"
          },
          "sensitive_attributes": [],
          "identity_schema_version": 0,
          "private": "bnVsbA==",
          "dependencies": [
            "module.ecr_api1.aws_ecr_repository.this"
          ]
        }
      ]
    },
    {
      "module": "module.ecr_api1",
      "mode": "managed",
      "type": "aws_ecr_repository",
      "name": "this",
      "provider": "provider[\"registry.terraform.io/hashicorp/aws\"]",
      "instances": [
        {
          "schema_version": 0,
          "attributes": {
            "arn": "arn:aws:ecr:us-east-1:481604401489:repository/devops2-g4-api1-prod",
            "encryption_configuration": [
              {
                "encryption_type": "AES256",
                "kms_key": ""
              }
            ],
            "force_delete": true,
            "id": "devops2-g4-api1-prod",
            "image_scanning_configuration": [
              {
                "scan_on_push": true
              }
            ],
            "image_tag_mutability": "MUTABLE",
            "name": "devops2-g4-api1-prod",
            "registry_id": "481604401489",
            "repository_url": "481604401489.dkr.ecr.us-east-1.amazonaws.com/devops2-g4-api1-prod",
            "tags": {
              "Environment": "prod",
              "ManagedBy": "terraform",
              "Name": "devops2-g4-api1-prod",
              "Service": "devops2-g4-api1"
            },
            "tags_all": {
              "Environment": "prod",
              "ManagedBy": "terraform",
              "Name": "devops2-g4-api1-prod",
              "Service": "devops2-g4-api1"
            },
            "timeouts": null
          },
          "sensitive_attributes": [],
          "identity_schema_version": 0,
          "private": "eyJlMmJmYjczMC1lY2FhLTExZTYtOGY4OC0zNDM2M2JjN2M0YzAiOnsiZGVsZXRlIjoxMjAwMDAwMDAwMDAwfX0="
        }
      ]
    },
    {
      "module": "module.ecs_log_group",
      "mode": "managed",
      "type": "aws_cloudwatch_log_group",
      "name": "this",
      "provider": "provider[\"registry.terraform.io/hashicorp/aws\"]",
      "instances": [
        {
          "schema_version": 0,
          "attributes": {
            "arn": "arn:aws:logs:us-east-1:481604401489:log-group:/ecs/devops2-g4-app-prod",
            "id": "/ecs/devops2-g4-app-prod",
            "kms_key_id": "",
            "log_group_class": "STANDARD",
            "name": "/ecs/devops2-g4-app-prod",
            "name_prefix": "",
            "retention_in_days": 7,
            "skip_destroy": false,
            "tags": {
              "Environment": "prod",
              "Name": "/ecs/devops2-g4-app-prod",
              "Service": "devops2-g4-app"
            },
            "tags_all": {
              "Environment": "prod",
              "Name": "/ecs/devops2-g4-app-prod",
              "Service": "devops2-g4-app"
            }
          },
          "sensitive_attributes": [],
          "identity_schema_version": 0,
          "private": "bnVsbA=="
        }
      ]
    },
    {
      "module": "module.ecs_security_group",
      "mode": "managed",
      "type": "aws_security_group",
      "name": "this",
      "provider": "provider[\"registry.terraform.io/hashicorp/aws\"]",
      "instances": [
        {
          "schema_version": 1,
          "attributes": {
            "arn": "arn:aws:ec2:us-east-1:481604401489:security-group/sg-029845144ee43491b",
            "description": "Security group for ECS Fargate tasks",
            "egress": [],
            "id": "sg-029845144ee43491b",
            "ingress": [],
            "name": "devops2-g4-ecs-sg-prod",
            "name_prefix": "",
            "owner_id": "481604401489",
            "revoke_rules_on_delete": false,
            "tags": {
              "Environment": "prod",
              "Name": "devops2-g4-ecs-sg-prod",
              "Service": "devops2-g4-app"
            },
            "tags_all": {
              "Environment": "prod",
              "Name": "devops2-g4-ecs-sg-prod",
              "Service": "devops2-g4-app"
            },
            "timeouts": null,
            "vpc_id": "vpc-0b86a2e04804356e9"
          },
          "sensitive_attributes": [],
          "identity_schema_version": 0,
          "private": "eyJlMmJmYjczMC1lY2FhLTExZTYtOGY4OC0zNDM2M2JjN2M0YzAiOnsiY3JlYXRlIjo2MDAwMDAwMDAwMDAsImRlbGV0ZSI6OTAwMDAwMDAwMDAwfSwic2NoZW1hX3ZlcnNpb24iOiIxIn0=",
          "dependencies": [
            "module.vpc.aws_vpc.this"
          ]
        }
      ]
    },
    {
      "module": "module.ecs_security_group",
      "mode": "managed",
      "type": "aws_vpc_security_group_egress_rule",
      "name": "this",
      "provider": "provider[\"registry.terraform.io/hashicorp/aws\"]",
      "instances": [
        {
          "index_key": 0,
          "schema_version": 0,
          "attributes": {
            "arn": "arn:aws:ec2:us-east-1:481604401489:security-group-rule/sgr-0a548ba695635b3a3",
            "cidr_ipv4": "0.0.0.0/0",
            "cidr_ipv6": null,
            "description": "Allow all outbound traffic",
            "from_port": -1,
            "id": "sgr-0a548ba695635b3a3",
            "ip_protocol": "-1",
            "prefix_list_id": null,
            "referenced_security_group_id": null,
            "security_group_id": "sg-029845144ee43491b",
            "security_group_rule_id": "sgr-0a548ba695635b3a3",
            "tags": {
              "Environment": "prod",
              "Name": "devops2-g4-ecs-sg-egress-0-prod",
              "Service": "devops2-g4-app"
            },
            "tags_all": {
              "Environment": "prod",
              "Name": "devops2-g4-ecs-sg-egress-0-prod",
              "Service": "devops2-g4-app"
            },
            "to_port": -1
          },
          "sensitive_attributes": [],
          "identity_schema_version": 0,
          "dependencies": [
            "module.ecs_security_group.aws_security_group.this",
            "module.vpc.aws_vpc.this"
          ]
        }
      ]
    },
    {
      "module": "module.ecs_security_group",
      "mode": "managed",
      "type": "aws_vpc_security_group_ingress_rule",
      "name": "this",
      "provider": "provider[\"registry.terraform.io/hashicorp/aws\"]",
      "instances": [
        {
          "index_key": 0,
          "schema_version": 0,
          "attributes": {
            "arn": "arn:aws:ec2:us-east-1:481604401489:security-group-rule/sgr-0221a0190d5534ada",
            "cidr_ipv4": null,
            "cidr_ipv6": null,
            "description": "Allow traffic from ALB",
            "from_port": 0,
            "id": "sgr-0221a0190d5534ada",
            "ip_protocol": "tcp",
            "prefix_list_id": null,
            "referenced_security_group_id": "sg-0ea1ca7bae59280a4",
            "security_group_id": "sg-029845144ee43491b",
            "security_group_rule_id": "sgr-0221a0190d5534ada",
            "tags": {
              "Environment": "prod",
              "Name": "devops2-g4-ecs-sg-ingress-0-prod",
              "Service": "devops2-g4-app"
            },
            "tags_all": {
              "Environment": "prod",
              "Name": "devops2-g4-ecs-sg-ingress-0-prod",
              "Service": "devops2-g4-app"
            },
            "to_port": 65535
          },
          "sensitive_attributes": [],
          "identity_schema_version": 0,
          "dependencies": [
            "module.alb_security_group.aws_security_group.this",
            "module.ecs_security_group.aws_security_group.this",
            "module.vpc.aws_vpc.this"
          ]
        }
      ]
    },
    {
      "module": "module.ecs_task_execution_role",
      "mode": "managed",
      "type": "aws_iam_role",
      "name": "this",
      "provider": "provider[\"registry.terraform.io/hashicorp/aws\"]",
      "instances": [
        {
          "schema_version": 0,
          "attributes": {
            "arn": "arn:aws:iam::481604401489:role/devops2-g4-ecs-task-execution-role-prod",
            "assume_role_policy": "{\"Statement\":[{\"Action\":\"sts:AssumeRole\",\"Effect\":\"Allow\",\"Principal\":{\"Service\":\"ecs-tasks.amazonaws.com\"}}],\"Version\":\"2012-10-17\"}",
            "create_date": "2025-12-04T16:07:14Z",
            "description": "",
            "force_detach_policies": false,
            "id": "devops2-g4-ecs-task-execution-role-prod",
            "inline_policy": [],
            "managed_policy_arns": [],
            "max_session_duration": 3600,
            "name": "devops2-g4-ecs-task-execution-role-prod",
            "name_prefix": "",
            "path": "/",
            "permissions_boundary": "",
            "tags": {
              "Environment": "prod",
              "Name": "devops2-g4-ecs-task-execution-role-prod",
              "Service": "devops2-g4-app"
            },
            "tags_all": {
              "Environment": "prod",
              "Name": "devops2-g4-ecs-task-execution-role-prod",
              "Service": "devops2-g4-app"
            },
            "unique_id": "AROAXAIO37FIW75CLVHNA"
          },
          "sensitive_attributes": [],
          "identity_schema_version": 0,
          "private": "bnVsbA=="
        }
      ]
    },
    {
      "module": "module.ecs_task_execution_role",
      "mode": "managed",
      "type": "aws_iam_role_policy",
      "name": "inline_policy",
      "provider": "provider[\"registry.terraform.io/hashicorp/aws\"]",
      "instances": [
        {
          "index_key": 0,
          "schema_version": 0,
          "attributes": {
            "id": "devops2-g4-ecs-task-execution-role-prod:devops2-g4-ecs-task-execution-role-inline-policy-prod",
            "name": "devops2-g4-ecs-task-execution-role-inline-policy-prod",
            "name_prefix": "",
            "policy": "{\"Version\":\"2012-10-17\",\"Statement\":[{\"Action\":[\"ecr:GetAuthorizationToken\",\"ecr:BatchCheckLayerAvailability\",\"ecr:GetDownloadUrlForLayer\",\"ecr:BatchGetImage\"],\"Effect\":\"Allow\",\"Resource\":\"*\"},{\"Action\":[\"logs:CreateLogGroup\",\"logs:CreateLogStream\",\"logs:PutLogEvents\"],\"Effect\":\"Allow\",\"Resource\":\"arn:aws:logs:us-east-1:*:log-group:/ecs/*\"}]}",
            "role": "devops2-g4-ecs-task-execution-role-prod"
          },
          "sensitive_attributes": [],
          "identity_schema_version": 0,
          "private": "bnVsbA==",
          "dependencies": [
            "module.ecs_task_execution_role.aws_iam_role.this"
          ]
        }
      ]
    },
    {
      "module": "module.ecs_task_execution_role",
      "mode": "managed",
      "type": "aws_iam_role_policy_attachment",
      "name": "managed_policies",
      "provider": "provider[\"registry.terraform.io/hashicorp/aws\"]",
      "instances": [
        {
          "index_key": 0,
          "schema_version": 0,
          "attributes": {
            "id": "devops2-g4-ecs-task-execution-role-prod-20251204160716185100000002",
            "policy_arn": "arn:aws:iam::aws:policy/service-role/AmazonECSTaskExecutionRolePolicy",
            "role": "devops2-g4-ecs-task-execution-role-prod"
          },
          "sensitive_attributes": [],
          "identity_schema_version": 0,
          "private": "bnVsbA==",
          "dependencies": [
            "module.ecs_task_execution_role.aws_iam_role.this"
          ]
        }
      ]
    },
    {
      "module": "module.ecs_task_role",
      "mode": "managed",
      "type": "aws_iam_role",
      "name": "this",
      "provider": "provider[\"registry.terraform.io/hashicorp/aws\"]",
      "instances": [
        {
          "schema_version": 0,
          "attributes": {
            "arn": "arn:aws:iam::481604401489:role/devops2-g4-ecs-task-role-prod",
            "assume_role_policy": "{\"Statement\":[{\"Action\":\"sts:AssumeRole\",\"Effect\":\"Allow\",\"Principal\":{\"Service\":\"ecs-tasks.amazonaws.com\"}}],\"Version\":\"2012-10-17\"}",
            "create_date": "2025-12-04T16:07:14Z",
            "description": "",
            "force_detach_policies": false,
            "id": "devops2-g4-ecs-task-role-prod",
            "inline_policy": [],
            "managed_policy_arns": [],
            "max_session_duration": 3600,
            "name": "devops2-g4-ecs-task-role-prod",
            "name_prefix": "",
            "path": "/",
            "permissions_boundary": "",
            "tags": {
              "Environment": "prod",
              "Name": "devops2-g4-ecs-task-role-prod",
              "Service": "devops2-g4-app"
            },
            "tags_all": {
              "Environment": "prod",
              "Name": "devops2-g4-ecs-task-role-prod",
              "Service": "devops2-g4-app"
            },
            "unique_id": "AROAXAIO37FI5IFIDXSJI"
          },
          "sensitive_attributes": [],
          "identity_schema_version": 0,
          "private": "bnVsbA=="
        }
      ]
    },
    {
      "module": "module.ecs_task_role",
      "mode": "managed",
      "type": "aws_iam_role_policy",
      "name": "inline_policy",
      "provider": "provider[\"registry.terraform.io/hashicorp/aws\"]",
      "instances": [
        {
          "index_key": 0,
          "schema_version": 0,
          "attributes": {
            "id": "devops2-g4-ecs-task-role-prod:devops2-g4-ecs-task-role-inline-policy-prod",
            "name": "devops2-g4-ecs-task-role-inline-policy-prod",
            "name_prefix": "",
            "policy": "{\"Version\":\"2012-10-17\",\"Statement\":[{\"Action\":[\"s3:GetObject\",\"s3:PutObject\",\"s3:ListBucket\"],\"Effect\":\"Allow\",\"Resource\":[\"arn:aws:s3:::devops2-g4-*\",\"arn:aws:s3:::devops2-g4-*/*\"]},{\"Action\":[\"dynamodb:GetItem\",\"dynamodb:PutItem\",\"dynamodb:UpdateItem\",\"dynamodb:Query\",\"dynamodb:Scan\"],\"Effect\":\"Allow\",\"Resource\":\"arn:aws:dynamodb:us-east-1:*:table/devops2-g4-*\"},{\"Action\":[\"ssm:GetParameter\",\"ssm:GetParameters\"],\"Effect\":\"Allow\",\"Resource\":\"arn:aws:ssm:us-east-1:*:parameter/devops2-g4/*\"}]}",
            "role": "devops2-g4-ecs-task-role-prod"
          },
          "sensitive_attributes": [],
          "identity_schema_version": 0,
          "private": "bnVsbA==",
          "dependencies": [
            "module.ecs_task_role.aws_iam_role.this"
          ]
        }
      ]
    },
    {
      "module": "module.inspector",
      "mode": "managed",
      "type": "aws_cloudwatch_event_rule",
      "name": "inspector_findings",
      "provider": "provider[\"registry.terraform.io/hashicorp/aws\"]",
      "instances": [
        {
          "index_key": 0,
          "schema_version": 1,
          "attributes": {
            "arn": "arn:aws:events:us-east-1:481604401489:rule/devops2-g4-app-inspector-findings-prod",
            "description": "Capture Inspector findings",
            "event_bus_name": "default",
            "event_pattern": "{\"detail-type\":[\"Inspector2 Finding\"],\"source\":[\"aws.inspector2\"]}",
            "force_destroy": false,
            "id": "devops2-g4-app-inspector-findings-prod",
            "is_enabled": true,
            "name": "devops2-g4-app-inspector-findings-prod",
            "name_prefix": "",
            "role_arn": "",
            "schedule_expression": "",
            "state": "ENABLED",
            "tags": {
              "Environment": "prod",
              "ManagedBy": "terraform",
              "Name": "devops2-g4-app-inspector-findings-prod",
              "Service": "devops2-g4-app"
            },
            "tags_all": {
              "Environment": "prod",
              "ManagedBy": "terraform",
              "Name": "devops2-g4-app-inspector-findings-prod",
              "Service": "devops2-g4-app"
            }
          },
          "sensitive_attributes": [],
          "identity_schema_version": 0,
          "private": "eyJzY2hlbWFfdmVyc2lvbiI6IjEifQ=="
        }
      ]
    },
    {
      "module": "module.inspector",
      "mode": "managed",
      "type": "aws_cloudwatch_event_target",
      "name": "inspector_sns",
      "provider": "provider[\"registry.terraform.io/hashicorp/aws\"]",
      "instances": [
        {
          "index_key": 0,
          "schema_version": 1,
          "attributes": {
            "appsync_target": [],
            "arn": "arn:aws:sns:us-east-1:481604401489:devops2-g4-app-inspector-findings-prod",
            "batch_target": [],
            "dead_letter_config": [],
            "ecs_target": [],
            "event_bus_name": "default",
            "force_destroy": false,
            "http_target": [],
            "id": "devops2-g4-app-inspector-findings-prod-SendToSNS",
            "input": "",
            "input_path": "",
            "input_transformer": [],
            "kinesis_target": [],
            "redshift_target": [],
            "retry_policy": [],
            "role_arn": "",
            "rule": "devops2-g4-app-inspector-findings-prod",
            "run_command_targets": [],
            "sagemaker_pipeline_target": [],
            "sqs_target": [],
            "target_id": "SendToSNS"
          },
          "sensitive_attributes": [],
          "identity_schema_version": 0,
          "private": "eyJzY2hlbWFfdmVyc2lvbiI6IjEifQ==",
          "dependencies": [
            "module.inspector.aws_cloudwatch_event_rule.inspector_findings",
            "module.inspector.aws_sns_topic.inspector_findings"
          ]
        }
      ]
    },
    {
      "module": "module.inspector",
      "mode": "managed",
      "type": "aws_inspector2_enabler",
      "name": "this",
      "provider": "provider[\"registry.terraform.io/hashicorp/aws\"]",
      "instances": [
        {
          "schema_version": 0,
          "attributes": {
            "account_ids": [
              "481604401489"
            ],
            "id": "481604401489-ECR",
            "resource_types": [
              "ECR"
            ],
            "timeouts": {
              "create": "15m",
              "delete": "15m",
              "update": "15m"
            }
          },
          "sensitive_attributes": [],
          "identity_schema_version": 0,
          "private": "eyJlMmJmYjczMC1lY2FhLTExZTYtOGY4OC0zNDM2M2JjN2M0YzAiOnsiY3JlYXRlIjo5MDAwMDAwMDAwMDAsImRlbGV0ZSI6OTAwMDAwMDAwMDAwLCJ1cGRhdGUiOjkwMDAwMDAwMDAwMH19",
          "dependencies": [
            "data.aws_caller_identity.current"
          ]
        }
      ]
    },
    {
      "module": "module.inspector",
      "mode": "managed",
      "type": "aws_sns_topic",
      "name": "inspector_findings",
      "provider": "provider[\"registry.terraform.io/hashicorp/aws\"]",
      "instances": [
        {
          "index_key": 0,
          "schema_version": 0,
          "attributes": {
            "application_failure_feedback_role_arn": "",
            "application_success_feedback_role_arn": "",
            "application_success_feedback_sample_rate": 0,
            "archive_policy": "",
            "arn": "arn:aws:sns:us-east-1:481604401489:devops2-g4-app-inspector-findings-prod",
            "beginning_archive_time": "",
            "content_based_deduplication": false,
            "delivery_policy": "",
            "display_name": "",
            "fifo_throughput_scope": "",
            "fifo_topic": false,
            "firehose_failure_feedback_role_arn": "",
            "firehose_success_feedback_role_arn": "",
            "firehose_success_feedback_sample_rate": 0,
            "http_failure_feedback_role_arn": "",
            "http_success_feedback_role_arn": "",
            "http_success_feedback_sample_rate": 0,
            "id": "arn:aws:sns:us-east-1:481604401489:devops2-g4-app-inspector-findings-prod",
            "kms_master_key_id": "",
            "lambda_failure_feedback_role_arn": "",
            "lambda_success_feedback_role_arn": "",
            "lambda_success_feedback_sample_rate": 0,
            "name": "devops2-g4-app-inspector-findings-prod",
            "name_prefix": "",
            "owner": "481604401489",
            "policy": "{\"Id\":\"__default_policy_ID\",\"Statement\":[{\"Action\":[\"SNS:GetTopicAttributes\",\"SNS:SetTopicAttributes\",\"SNS:AddPermission\",\"SNS:RemovePermission\",\"SNS:DeleteTopic\",\"SNS:Subscribe\",\"SNS:ListSubscriptionsByTopic\",\"SNS:Publish\"],\"Condition\":{\"StringEquals\":{\"AWS:SourceOwner\":\"481604401489\"}},\"Effect\":\"Allow\",\"Principal\":{\"AWS\":\"*\"},\"Resource\":\"arn:aws:sns:us-east-1:481604401489:devops2-g4-app-inspector-findings-prod\",\"Sid\":\"__default_statement_ID\"}],\"Version\":\"2008-10-17\"}",
            "signature_version": 0,
            "sqs_failure_feedback_role_arn": "",
            "sqs_success_feedback_role_arn": "",
            "sqs_success_feedback_sample_rate": 0,
            "tags": {
              "Environment": "prod",
              "ManagedBy": "terraform",
              "Name": "devops2-g4-app-inspector-findings-prod",
              "Service": "devops2-g4-app"
            },
            "tags_all": {
              "Environment": "prod",
              "ManagedBy": "terraform",
              "Name": "devops2-g4-app-inspector-findings-prod",
              "Service": "devops2-g4-app"
            },
            "tracing_config": ""
          },
          "sensitive_attributes": [],
          "identity_schema_version": 0,
          "private": "bnVsbA=="
        }
      ]
    },
    {
      "module": "module.inspector",
      "mode": "managed",
      "type": "aws_sns_topic_policy",
      "name": "inspector_findings",
      "provider": "provider[\"registry.terraform.io/hashicorp/aws\"]",
      "instances": [
        {
          "index_key": 0,
          "schema_version": 0,
          "attributes": {
            "arn": "arn:aws:sns:us-east-1:481604401489:devops2-g4-app-inspector-findings-prod",
            "id": "arn:aws:sns:us-east-1:481604401489:devops2-g4-app-inspector-findings-prod",
            "owner": "481604401489",
            "policy": "{\"Statement\":[{\"Action\":\"SNS:Publish\",\"Effect\":\"Allow\",\"Principal\":{\"Service\":\"events.amazonaws.com\"},\"Resource\":\"arn:aws:sns:us-east-1:481604401489:devops2-g4-app-inspector-findings-prod\"}],\"Version\":\"2012-10-17\"}"
          },
          "sensitive_attributes": [],
          "identity_schema_version": 0,
          "private": "bnVsbA==",
          "dependencies": [
            "module.inspector.aws_sns_topic.inspector_findings"
          ]
        }
      ]
    },
    {
      "module": "module.vpc",
      "mode": "managed",
      "type": "aws_eip",
      "name": "nat",
      "provider": "provider[\"registry.terraform.io/hashicorp/aws\"]",
      "instances": [
        {
          "index_key": 0,
          "schema_version": 0,
          "attributes": {
            "address": null,
            "allocation_id": "eipalloc-01eb38d820181f319",
            "arn": "arn:aws:ec2:us-east-1:481604401489:elastic-ip/eipalloc-01eb38d820181f319",
            "associate_with_private_ip": null,
            "association_id": "",
            "carrier_ip": "",
            "customer_owned_ip": "",
            "customer_owned_ipv4_pool": "",
            "domain": "vpc",
            "id": "eipalloc-01eb38d820181f319",
            "instance": "",
            "ipam_pool_id": null,
            "network_border_group": "us-east-1",
            "network_interface": "",
            "private_dns": null,
            "private_ip": "",
            "ptr_record": "",
            "public_dns": "ec2-54-146-109-229.compute-1.amazonaws.com",
            "public_ip": "54.146.109.229",
            "public_ipv4_pool": "amazon",
            "tags": {
              "Environment": "prod",
              "Name": "devops2-g4-app-nat-eip-us-east-1a-prod",
              "Service": "devops2-g4-app"
            },
            "tags_all": {
              "Environment": "prod",
              "Name": "devops2-g4-app-nat-eip-us-east-1a-prod",
              "Service": "devops2-g4-app"
            },
            "timeouts": null,
            "vpc": true
          },
          "sensitive_attributes": [],
          "identity_schema_version": 0,
          "private": "eyJlMmJmYjczMC1lY2FhLTExZTYtOGY4OC0zNDM2M2JjN2M0YzAiOnsiZGVsZXRlIjoxODAwMDAwMDAwMDAsInJlYWQiOjkwMDAwMDAwMDAwMCwidXBkYXRlIjozMDAwMDAwMDAwMDB9fQ==",
          "dependencies": [
            "module.vpc.aws_internet_gateway.this",
            "module.vpc.aws_vpc.this"
          ]
        },
        {
          "index_key": 1,
          "schema_version": 0,
          "attributes": {
            "address": null,
            "allocation_id": "eipalloc-05e29f03c217a14fc",
            "arn": "arn:aws:ec2:us-east-1:481604401489:elastic-ip/eipalloc-05e29f03c217a14fc",
            "associate_with_private_ip": null,
            "association_id": "",
            "carrier_ip": "",
            "customer_owned_ip": "",
            "customer_owned_ipv4_pool": "",
            "domain": "vpc",
            "id": "eipalloc-05e29f03c217a14fc",
            "instance": "",
            "ipam_pool_id": null,
            "network_border_group": "us-east-1",
            "network_interface": "",
            "private_dns": null,
            "private_ip": "",
            "ptr_record": "",
            "public_dns": "ec2-52-21-224-54.compute-1.amazonaws.com",
            "public_ip": "52.21.224.54",
            "public_ipv4_pool": "amazon",
            "tags": {
              "Environment": "prod",
              "Name": "devops2-g4-app-nat-eip-us-east-1b-prod",
              "Service": "devops2-g4-app"
            },
            "tags_all": {
              "Environment": "prod",
              "Name": "devops2-g4-app-nat-eip-us-east-1b-prod",
              "Service": "devops2-g4-app"
            },
            "timeouts": null,
            "vpc": true
          },
          "sensitive_attributes": [],
          "identity_schema_version": 0,
          "private": "eyJlMmJmYjczMC1lY2FhLTExZTYtOGY4OC0zNDM2M2JjN2M0YzAiOnsiZGVsZXRlIjoxODAwMDAwMDAwMDAsInJlYWQiOjkwMDAwMDAwMDAwMCwidXBkYXRlIjozMDAwMDAwMDAwMDB9fQ==",
          "dependencies": [
            "module.vpc.aws_internet_gateway.this",
            "module.vpc.aws_vpc.this"
          ]
        }
      ]
    },
    {
      "module": "module.vpc",
      "mode": "managed",
      "type": "aws_internet_gateway",
      "name": "this",
      "provider": "provider[\"registry.terraform.io/hashicorp/aws\"]",
      "instances": [
        {
          "schema_version": 0,
          "attributes": {
            "arn": "arn:aws:ec2:us-east-1:481604401489:internet-gateway/igw-0679614228bea8beb",
            "id": "igw-0679614228bea8beb",
            "owner_id": "481604401489",
            "tags": {
              "Environment": "prod",
              "Name": "devops2-g4-app-igw-prod",
              "Service": "devops2-g4-app"
            },
            "tags_all": {
              "Environment": "prod",
              "Name": "devops2-g4-app-igw-prod",
              "Service": "devops2-g4-app"
            },
            "timeouts": null,
            "vpc_id": "vpc-0b86a2e04804356e9"
          },
          "sensitive_attributes": [],
          "identity_schema_version": 0,
          "private": "eyJlMmJmYjczMC1lY2FhLTExZTYtOGY4OC0zNDM2M2JjN2M0YzAiOnsiY3JlYXRlIjoxMjAwMDAwMDAwMDAwLCJkZWxldGUiOjEyMDAwMDAwMDAwMDAsInVwZGF0ZSI6MTIwMDAwMDAwMDAwMH19",
          "dependencies": [
            "module.vpc.aws_vpc.this"
          ]
        }
      ]
    },
    {
      "module": "module.vpc",
      "mode": "managed",
      "type": "aws_nat_gateway",
      "name": "this",
      "provider": "provider[\"registry.terraform.io/hashicorp/aws\"]",
      "instances": [
        {
          "index_key": 0,
          "schema_version": 0,
          "attributes": {
            "allocation_id": "eipalloc-01eb38d820181f319",
            "association_id": "eipassoc-064040bab498685d8",
            "connectivity_type": "public",
            "id": "nat-0621932c4e20a7508",
            "network_interface_id": "eni-086787c8bf82a59a1",
            "private_ip": "10.0.1.132",
            "public_ip": "54.146.109.229",
            "secondary_allocation_ids": null,
            "secondary_private_ip_address_count": 0,
            "secondary_private_ip_addresses": [],
            "subnet_id": "subnet-00296c7a8ab37acdc",
            "tags": {
              "Environment": "prod",
              "Name": "devops2-g4-app-nat-gateway-us-east-1a-prod",
              "Service": "devops2-g4-app"
            },
            "tags_all": {
              "Environment": "prod",
              "Name": "devops2-g4-app-nat-gateway-us-east-1a-prod",
              "Service": "devops2-g4-app"
            },
            "timeouts": null
          },
          "sensitive_attributes": [],
          "identity_schema_version": 0,
          "private": "eyJlMmJmYjczMC1lY2FhLTExZTYtOGY4OC0zNDM2M2JjN2M0YzAiOnsiY3JlYXRlIjo2MDAwMDAwMDAwMDAsImRlbGV0ZSI6MTgwMDAwMDAwMDAwMCwidXBkYXRlIjo2MDAwMDAwMDAwMDB9fQ==",
          "dependencies": [
            "module.vpc.aws_eip.nat",
            "module.vpc.aws_internet_gateway.this",
            "module.vpc.aws_subnet.public",
            "module.vpc.aws_vpc.this"
          ]
        },
        {
          "index_key": 1,
          "schema_version": 0,
          "attributes": {
            "allocation_id": "eipalloc-05e29f03c217a14fc",
            "association_id": "eipassoc-0fe711beae9452a69",
            "connectivity_type": "public",
            "id": "nat-09889fb1ceb005827",
            "network_interface_id": "eni-0277e6d25bde87e03",
            "private_ip": "10.0.2.233",
            "public_ip": "52.21.224.54",
            "secondary_allocation_ids": null,
            "secondary_private_ip_address_count": 0,
            "secondary_private_ip_addresses": [],
            "subnet_id": "subnet-07a6694ce6e2732a0",
            "tags": {
              "Environment": "prod",
              "Name": "devops2-g4-app-nat-gateway-us-east-1b-prod",
              "Service": "devops2-g4-app"
            },
            "tags_all": {
              "Environment": "prod",
              "Name": "devops2-g4-app-nat-gateway-us-east-1b-prod",
              "Service": "devops2-g4-app"
            },
            "timeouts": null
          },
          "sensitive_attributes": [],
          "identity_schema_version": 0,
          "private": "eyJlMmJmYjczMC1lY2FhLTExZTYtOGY4OC0zNDM2M2JjN2M0YzAiOnsiY3JlYXRlIjo2MDAwMDAwMDAwMDAsImRlbGV0ZSI6MTgwMDAwMDAwMDAwMCwidXBkYXRlIjo2MDAwMDAwMDAwMDB9fQ==",
          "dependencies": [
            "module.vpc.aws_eip.nat",
            "module.vpc.aws_internet_gateway.this",
            "module.vpc.aws_subnet.public",
            "module.vpc.aws_vpc.this"
          ]
        }
      ]
    },
    {
      "module": "module.vpc",
      "mode": "managed",
      "type": "aws_route_table",
      "name": "private",
      "provider": "provider[\"registry.terraform.io/hashicorp/aws\"]",
      "instances": [
        {
          "index_key": 0,
          "schema_version": 0,
          "attributes": {
            "arn": "arn:aws:ec2:us-east-1:481604401489:route-table/rtb-0bbc57fd5ca134714",
            "id": "rtb-0bbc57fd5ca134714",
            "owner_id": "481604401489",
            "propagating_vgws": [],
            "route": [
              {
                "carrier_gateway_id": "",
                "cidr_block": "0.0.0.0/0",
                "core_network_arn": "",
                "destination_prefix_list_id": "",
                "egress_only_gateway_id": "",
                "gateway_id": "",
                "ipv6_cidr_block": "",
                "local_gateway_id": "",
                "nat_gateway_id": "nat-0621932c4e20a7508",
                "network_interface_id": "",
                "transit_gateway_id": "",
                "vpc_endpoint_id": "",
                "vpc_peering_connection_id": ""
              }
            ],
            "tags": {
              "Environment": "prod",
              "Name": "devops2-g4-app-private-rt-us-east-1a-prod",
              "Service": "devops2-g4-app"
            },
            "tags_all": {
              "Environment": "prod",
              "Name": "devops2-g4-app-private-rt-us-east-1a-prod",
              "Service": "devops2-g4-app"
            },
            "timeouts": null,
            "vpc_id": "vpc-0b86a2e04804356e9"
          },
          "sensitive_attributes": [],
          "identity_schema_version": 0,
          "private": "eyJlMmJmYjczMC1lY2FhLTExZTYtOGY4OC0zNDM2M2JjN2M0YzAiOnsiY3JlYXRlIjozMDAwMDAwMDAwMDAsImRlbGV0ZSI6MzAwMDAwMDAwMDAwLCJ1cGRhdGUiOjEyMDAwMDAwMDAwMH19",
          "dependencies": [
            "module.vpc.aws_eip.nat",
            "module.vpc.aws_internet_gateway.this",
            "module.vpc.aws_nat_gateway.this",
            "module.vpc.aws_subnet.public",
            "module.vpc.aws_vpc.this"
          ]
        },
        {
          "index_key": 1,
          "schema_version": 0,
          "attributes": {
            "arn": "arn:aws:ec2:us-east-1:481604401489:route-table/rtb-0bed1fd70ee685eae",
            "id": "rtb-0bed1fd70ee685eae",
            "owner_id": "481604401489",
            "propagating_vgws": [],
            "route": [
              {
                "carrier_gateway_id": "",
                "cidr_block": "0.0.0.0/0",
                "core_network_arn": "",
                "destination_prefix_list_id": "",
                "egress_only_gateway_id": "",
                "gateway_id": "",
                "ipv6_cidr_block": "",
                "local_gateway_id": "",
                "nat_gateway_id": "nat-09889fb1ceb005827",
                "network_interface_id": "",
                "transit_gateway_id": "",
                "vpc_endpoint_id": "",
                "vpc_peering_connection_id": ""
              }
            ],
            "tags": {
              "Environment": "prod",
              "Name": "devops2-g4-app-private-rt-us-east-1b-prod",
              "Service": "devops2-g4-app"
            },
            "tags_all": {
              "Environment": "prod",
              "Name": "devops2-g4-app-private-rt-us-east-1b-prod",
              "Service": "devops2-g4-app"
            },
            "timeouts": null,
            "vpc_id": "vpc-0b86a2e04804356e9"
          },
          "sensitive_attributes": [],
          "identity_schema_version": 0,
          "private": "eyJlMmJmYjczMC1lY2FhLTExZTYtOGY4OC0zNDM2M2JjN2M0YzAiOnsiY3JlYXRlIjozMDAwMDAwMDAwMDAsImRlbGV0ZSI6MzAwMDAwMDAwMDAwLCJ1cGRhdGUiOjEyMDAwMDAwMDAwMH19",
          "dependencies": [
            "module.vpc.aws_eip.nat",
            "module.vpc.aws_internet_gateway.this",
            "module.vpc.aws_nat_gateway.this",
            "module.vpc.aws_subnet.public",
            "module.vpc.aws_vpc.this"
          ]
        }
      ]
    },
    {
      "module": "module.vpc",
      "mode": "managed",
      "type": "aws_route_table",
      "name": "public",
      "provider": "provider[\"registry.terraform.io/hashicorp/aws\"]",
      "instances": [
        {
          "schema_version": 0,
          "attributes": {
            "arn": "arn:aws:ec2:us-east-1:481604401489:route-table/rtb-088bfb296958a1fff",
            "id": "rtb-088bfb296958a1fff",
            "owner_id": "481604401489",
            "propagating_vgws": [],
            "route": [
              {
                "carrier_gateway_id": "",
                "cidr_block": "0.0.0.0/0",
                "core_network_arn": "",
                "destination_prefix_list_id": "",
                "egress_only_gateway_id": "",
                "gateway_id": "igw-0679614228bea8beb",
                "ipv6_cidr_block": "",
                "local_gateway_id": "",
                "nat_gateway_id": "",
                "network_interface_id": "",
                "transit_gateway_id": "",
                "vpc_endpoint_id": "",
                "vpc_peering_connection_id": ""
              }
            ],
            "tags": {
              "Environment": "prod",
              "Name": "devops2-g4-app-public-rt-prod",
              "Service": "devops2-g4-app"
            },
            "tags_all": {
              "Environment": "prod",
              "Name": "devops2-g4-app-public-rt-prod",
              "Service": "devops2-g4-app"
            },
            "timeouts": null,
            "vpc_id": "vpc-0b86a2e04804356e9"
          },
          "sensitive_attributes": [],
          "identity_schema_version": 0,
          "private": "eyJlMmJmYjczMC1lY2FhLTExZTYtOGY4OC0zNDM2M2JjN2M0YzAiOnsiY3JlYXRlIjozMDAwMDAwMDAwMDAsImRlbGV0ZSI6MzAwMDAwMDAwMDAwLCJ1cGRhdGUiOjEyMDAwMDAwMDAwMH19",
          "dependencies": [
            "module.vpc.aws_internet_gateway.this",
            "module.vpc.aws_vpc.this"
          ]
        }
      ]
    },
    {
      "module": "module.vpc",
      "mode": "managed",
      "type": "aws_route_table_association",
      "name": "private",
      "provider": "provider[\"registry.terraform.io/hashicorp/aws\"]",
      "instances": [
        {
          "index_key": 0,
          "schema_version": 0,
          "attributes": {
            "gateway_id": "",
            "id": "rtbassoc-0ad93545747b45949",
            "route_table_id": "rtb-0bbc57fd5ca134714",
            "subnet_id": "subnet-09af863b1173ca0a8",
            "timeouts": null
          },
          "sensitive_attributes": [],
          "identity_schema_version": 0,
          "private": "eyJlMmJmYjczMC1lY2FhLTExZTYtOGY4OC0zNDM2M2JjN2M0YzAiOnsiY3JlYXRlIjozMDAwMDAwMDAwMDAsImRlbGV0ZSI6MzAwMDAwMDAwMDAwLCJ1cGRhdGUiOjEyMDAwMDAwMDAwMH19",
          "dependencies": [
            "module.vpc.aws_eip.nat",
            "module.vpc.aws_internet_gateway.this",
            "module.vpc.aws_nat_gateway.this",
            "module.vpc.aws_route_table.private",
            "module.vpc.aws_subnet.private",
            "module.vpc.aws_subnet.public",
            "module.vpc.aws_vpc.this"
          ]
        },
        {
          "index_key": 1,
          "schema_version": 0,
          "attributes": {
            "gateway_id": "",
            "id": "rtbassoc-01cbfdb82efc7fc93",
            "route_table_id": "rtb-0bed1fd70ee685eae",
            "subnet_id": "subnet-074c51458c4579bcc",
            "timeouts": null
          },
          "sensitive_attributes": [],
          "identity_schema_version": 0,
          "private": "eyJlMmJmYjczMC1lY2FhLTExZTYtOGY4OC0zNDM2M2JjN2M0YzAiOnsiY3JlYXRlIjozMDAwMDAwMDAwMDAsImRlbGV0ZSI6MzAwMDAwMDAwMDAwLCJ1cGRhdGUiOjEyMDAwMDAwMDAwMH19",
          "dependencies": [
            "module.vpc.aws_eip.nat",
            "module.vpc.aws_internet_gateway.this",
            "module.vpc.aws_nat_gateway.this",
            "module.vpc.aws_route_table.private",
            "module.vpc.aws_subnet.private",
            "module.vpc.aws_subnet.public",
            "module.vpc.aws_vpc.this"
          ]
        }
      ]
    },
    {
      "module": "module.vpc",
      "mode": "managed",
      "type": "aws_route_table_association",
      "name": "public",
      "provider": "provider[\"registry.terraform.io/hashicorp/aws\"]",
      "instances": [
        {
          "index_key": 0,
          "schema_version": 0,
          "attributes": {
            "gateway_id": "",
            "id": "rtbassoc-0d0de37b667a8ef42",
            "route_table_id": "rtb-088bfb296958a1fff",
            "subnet_id": "subnet-00296c7a8ab37acdc",
            "timeouts": null
          },
          "sensitive_attributes": [],
          "identity_schema_version": 0,
          "private": "eyJlMmJmYjczMC1lY2FhLTExZTYtOGY4OC0zNDM2M2JjN2M0YzAiOnsiY3JlYXRlIjozMDAwMDAwMDAwMDAsImRlbGV0ZSI6MzAwMDAwMDAwMDAwLCJ1cGRhdGUiOjEyMDAwMDAwMDAwMH19",
          "dependencies": [
            "module.vpc.aws_internet_gateway.this",
            "module.vpc.aws_route_table.public",
            "module.vpc.aws_subnet.public",
            "module.vpc.aws_vpc.this"
          ]
        },
        {
          "index_key": 1,
          "schema_version": 0,
          "attributes": {
            "gateway_id": "",
            "id": "rtbassoc-0a163b248a13444f4",
            "route_table_id": "rtb-088bfb296958a1fff",
            "subnet_id": "subnet-07a6694ce6e2732a0",
            "timeouts": null
          },
          "sensitive_attributes": [],
          "identity_schema_version": 0,
          "private": "eyJlMmJmYjczMC1lY2FhLTExZTYtOGY4OC0zNDM2M2JjN2M0YzAiOnsiY3JlYXRlIjozMDAwMDAwMDAwMDAsImRlbGV0ZSI6MzAwMDAwMDAwMDAwLCJ1cGRhdGUiOjEyMDAwMDAwMDAwMH19",
          "dependencies": [
            "module.vpc.aws_internet_gateway.this",
            "module.vpc.aws_route_table.public",
            "module.vpc.aws_subnet.public",
            "module.vpc.aws_vpc.this"
          ]
        }
      ]
    },
    {
      "module": "module.vpc",
      "mode": "managed",
      "type": "aws_subnet",
      "name": "private",
      "provider": "provider[\"registry.terraform.io/hashicorp/aws\"]",
      "instances": [
        {
          "index_key": 0,
          "schema_version": 1,
          "attributes": {
            "arn": "arn:aws:ec2:us-east-1:481604401489:subnet/subnet-09af863b1173ca0a8",
            "assign_ipv6_address_on_creation": false,
            "availability_zone": "us-east-1a",
            "availability_zone_id": "use1-az6",
            "cidr_block": "10.0.11.0/24",
            "customer_owned_ipv4_pool": "",
            "enable_dns64": false,
            "enable_lni_at_device_index": 0,
            "enable_resource_name_dns_a_record_on_launch": false,
            "enable_resource_name_dns_aaaa_record_on_launch": false,
            "id": "subnet-09af863b1173ca0a8",
            "ipv6_cidr_block": "",
            "ipv6_cidr_block_association_id": "",
            "ipv6_native": false,
            "map_customer_owned_ip_on_launch": false,
            "map_public_ip_on_launch": false,
            "outpost_arn": "",
            "owner_id": "481604401489",
            "private_dns_hostname_type_on_launch": "ip-name",
            "tags": {
              "Environment": "prod",
              "Name": "devops2-g4-app-private-subnet-us-east-1a-prod",
              "Service": "devops2-g4-app",
              "Type": "private"
            },
            "tags_all": {
              "Environment": "prod",
              "Name": "devops2-g4-app-private-subnet-us-east-1a-prod",
              "Service": "devops2-g4-app",
              "Type": "private"
            },
            "timeouts": null,
            "vpc_id": "vpc-0b86a2e04804356e9"
          },
          "sensitive_attributes": [],
          "identity_schema_version": 0,
          "private": "eyJlMmJmYjczMC1lY2FhLTExZTYtOGY4OC0zNDM2M2JjN2M0YzAiOnsiY3JlYXRlIjo2MDAwMDAwMDAwMDAsImRlbGV0ZSI6MTIwMDAwMDAwMDAwMH0sInNjaGVtYV92ZXJzaW9uIjoiMSJ9",
          "dependencies": [
            "module.vpc.aws_vpc.this"
          ]
        },
        {
          "index_key": 1,
          "schema_version": 1,
          "attributes": {
            "arn": "arn:aws:ec2:us-east-1:481604401489:subnet/subnet-074c51458c4579bcc",
            "assign_ipv6_address_on_creation": false,
            "availability_zone": "us-east-1b",
            "availability_zone_id": "use1-az1",
            "cidr_block": "10.0.12.0/24",
            "customer_owned_ipv4_pool": "",
            "enable_dns64": false,
            "enable_lni_at_device_index": 0,
            "enable_resource_name_dns_a_record_on_launch": false,
            "enable_resource_name_dns_aaaa_record_on_launch": false,
            "id": "subnet-074c51458c4579bcc",
            "ipv6_cidr_block": "",
            "ipv6_cidr_block_association_id": "",
            "ipv6_native": false,
            "map_customer_owned_ip_on_launch": false,
            "map_public_ip_on_launch": false,
            "outpost_arn": "",
            "owner_id": "481604401489",
            "private_dns_hostname_type_on_launch": "ip-name",
            "tags": {
              "Environment": "prod",
              "Name": "devops2-g4-app-private-subnet-us-east-1b-prod",
              "Service": "devops2-g4-app",
              "Type": "private"
            },
            "tags_all": {
              "Environment": "prod",
              "Name": "devops2-g4-app-private-subnet-us-east-1b-prod",
              "Service": "devops2-g4-app",
              "Type": "private"
            },
            "timeouts": null,
            "vpc_id": "vpc-0b86a2e04804356e9"
          },
          "sensitive_attributes": [],
          "identity_schema_version": 0,
          "private": "eyJlMmJmYjczMC1lY2FhLTExZTYtOGY4OC0zNDM2M2JjN2M0YzAiOnsiY3JlYXRlIjo2MDAwMDAwMDAwMDAsImRlbGV0ZSI6MTIwMDAwMDAwMDAwMH0sInNjaGVtYV92ZXJzaW9uIjoiMSJ9",
          "dependencies": [
            "module.vpc.aws_vpc.this"
          ]
        }
      ]
    },
    {
      "module": "module.vpc",
      "mode": "managed",
      "type": "aws_subnet",
      "name": "public",
      "provider": "provider[\"registry.terraform.io/hashicorp/aws\"]",
      "instances": [
        {
          "index_key": 0,
          "schema_version": 1,
          "attributes": {
            "arn": "arn:aws:ec2:us-east-1:481604401489:subnet/subnet-00296c7a8ab37acdc",
            "assign_ipv6_address_on_creation": false,
            "availability_zone": "us-east-1a",
            "availability_zone_id": "use1-az6",
            "cidr_block": "10.0.1.0/24",
            "customer_owned_ipv4_pool": "",
            "enable_dns64": false,
            "enable_lni_at_device_index": 0,
            "enable_resource_name_dns_a_record_on_launch": false,
            "enable_resource_name_dns_aaaa_record_on_launch": false,
            "id": "subnet-00296c7a8ab37acdc",
            "ipv6_cidr_block": "",
            "ipv6_cidr_block_association_id": "",
            "ipv6_native": false,
            "map_customer_owned_ip_on_launch": false,
            "map_public_ip_on_launch": true,
            "outpost_arn": "",
            "owner_id": "481604401489",
            "private_dns_hostname_type_on_launch": "ip-name",
            "tags": {
              "Environment": "prod",
              "Name": "devops2-g4-app-public-subnet-us-east-1a-prod",
              "Service": "devops2-g4-app",
              "Type": "public"
            },
            "tags_all": {
              "Environment": "prod",
              "Name": "devops2-g4-app-public-subnet-us-east-1a-prod",
              "Service": "devops2-g4-app",
              "Type": "public"
            },
            "timeouts": null,
            "vpc_id": "vpc-0b86a2e04804356e9"
          },
          "sensitive_attributes": [],
          "identity_schema_version": 0,
          "private": "eyJlMmJmYjczMC1lY2FhLTExZTYtOGY4OC0zNDM2M2JjN2M0YzAiOnsiY3JlYXRlIjo2MDAwMDAwMDAwMDAsImRlbGV0ZSI6MTIwMDAwMDAwMDAwMH0sInNjaGVtYV92ZXJzaW9uIjoiMSJ9",
          "dependencies": [
            "module.vpc.aws_vpc.this"
          ]
        },
        {
          "index_key": 1,
          "schema_version": 1,
          "attributes": {
            "arn": "arn:aws:ec2:us-east-1:481604401489:subnet/subnet-07a6694ce6e2732a0",
            "assign_ipv6_address_on_creation": false,
            "availability_zone": "us-east-1b",
            "availability_zone_id": "use1-az1",
            "cidr_block": "10.0.2.0/24",
            "customer_owned_ipv4_pool": "",
            "enable_dns64": false,
            "enable_lni_at_device_index": 0,
            "enable_resource_name_dns_a_record_on_launch": false,
            "enable_resource_name_dns_aaaa_record_on_launch": false,
            "id": "subnet-07a6694ce6e2732a0",
            "ipv6_cidr_block": "",
            "ipv6_cidr_block_association_id": "",
            "ipv6_native": false,
            "map_customer_owned_ip_on_launch": false,
            "map_public_ip_on_launch": true,
            "outpost_arn": "",
            "owner_id": "481604401489",
            "private_dns_hostname_type_on_launch": "ip-name",
            "tags": {
              "Environment": "prod",
              "Name": "devops2-g4-app-public-subnet-us-east-1b-prod",
              "Service": "devops2-g4-app",
              "Type": "public"
            },
            "tags_all": {
              "Environment": "prod",
              "Name": "devops2-g4-app-public-subnet-us-east-1b-prod",
              "Service": "devops2-g4-app",
              "Type": "public"
            },
            "timeouts": null,
            "vpc_id": "vpc-0b86a2e04804356e9"
          },
          "sensitive_attributes": [],
          "identity_schema_version": 0,
          "private": "eyJlMmJmYjczMC1lY2FhLTExZTYtOGY4OC0zNDM2M2JjN2M0YzAiOnsiY3JlYXRlIjo2MDAwMDAwMDAwMDAsImRlbGV0ZSI6MTIwMDAwMDAwMDAwMH0sInNjaGVtYV92ZXJzaW9uIjoiMSJ9",
          "dependencies": [
            "module.vpc.aws_vpc.this"
          ]
        }
      ]
    },
    {
      "module": "module.vpc",
      "mode": "managed",
      "type": "aws_vpc",
      "name": "this",
      "provider": "provider[\"registry.terraform.io/hashicorp/aws\"]",
      "instances": [
        {
          "schema_version": 1,
          "attributes": {
            "arn": "arn:aws:ec2:us-east-1:481604401489:vpc/vpc-0b86a2e04804356e9",
            "assign_generated_ipv6_cidr_block": false,
            "cidr_block": "10.0.0.0/16",
            "default_network_acl_id": "acl-0cdeb6b51e4884481",
            "default_route_table_id": "rtb-0d6059e6e41d0eeef",
            "default_security_group_id": "sg-05bfe0180b2ecbcd4",
            "dhcp_options_id": "dopt-0482c00c49b4ef8b7",
            "enable_dns_hostnames": true,
            "enable_dns_support": true,
            "enable_network_address_usage_metrics": false,
            "id": "vpc-0b86a2e04804356e9",
            "instance_tenancy": "default",
            "ipv4_ipam_pool_id": null,
            "ipv4_netmask_length": null,
            "ipv6_association_id": "",
            "ipv6_cidr_block": "",
            "ipv6_cidr_block_network_border_group": "",
            "ipv6_ipam_pool_id": "",
            "ipv6_netmask_length": 0,
            "main_route_table_id": "rtb-0d6059e6e41d0eeef",
            "owner_id": "481604401489",
            "tags": {
              "Environment": "prod",
              "Name": "devops2-g4-app-vpc-prod",
              "Service": "devops2-g4-app"
            },
            "tags_all": {
              "Environment": "prod",
              "Name": "devops2-g4-app-vpc-prod",
              "Service": "devops2-g4-app"
            }
          },
          "sensitive_attributes": [],
          "identity_schema_version": 0,
          "private": "eyJzY2hlbWFfdmVyc2lvbiI6IjEifQ=="
        }
      ]
    },
    {
      "module": "module.vpc_link_security_group",
      "mode": "managed",
      "type": "aws_security_group",
      "name": "this",
      "provider": "provider[\"registry.terraform.io/hashicorp/aws\"]",
      "instances": [
        {
          "schema_version": 1,
          "attributes": {
            "arn": "arn:aws:ec2:us-east-1:481604401489:security-group/sg-0b86d0fd5d6cb6c4c",
            "description": "Security group for API Gateway VPC Link",
            "egress": [],
            "id": "sg-0b86d0fd5d6cb6c4c",
            "ingress": [],
            "name": "devops2-g4-vpclink-sg-prod",
            "name_prefix": "",
            "owner_id": "481604401489",
            "revoke_rules_on_delete": false,
            "tags": {
              "Environment": "prod",
              "Name": "devops2-g4-vpclink-sg-prod",
              "Service": "devops2-g4-app"
            },
            "tags_all": {
              "Environment": "prod",
              "Name": "devops2-g4-vpclink-sg-prod",
              "Service": "devops2-g4-app"
            },
            "timeouts": null,
            "vpc_id": "vpc-0b86a2e04804356e9"
          },
          "sensitive_attributes": [],
          "identity_schema_version": 0,
          "private": "eyJlMmJmYjczMC1lY2FhLTExZTYtOGY4OC0zNDM2M2JjN2M0YzAiOnsiY3JlYXRlIjo2MDAwMDAwMDAwMDAsImRlbGV0ZSI6OTAwMDAwMDAwMDAwfSwic2NoZW1hX3ZlcnNpb24iOiIxIn0=",
          "dependencies": [
            "module.vpc.aws_vpc.this"
          ]
        }
      ]
    },
    {
      "module": "module.vpc_link_security_group",
      "mode": "managed",
      "type": "aws_vpc_security_group_egress_rule",
      "name": "this",
      "provider": "provider[\"registry.terraform.io/hashicorp/aws\"]",
      "instances": [
        {
          "index_key": 0,
          "schema_version": 0,
          "attributes": {
            "arn": "arn:aws:ec2:us-east-1:481604401489:security-group-rule/sgr-0f4c67ab9dea3980b",
            "cidr_ipv4": null,
            "cidr_ipv6": null,
            "description": "Allow traffic to ALB",
            "from_port": 0,
            "id": "sgr-0f4c67ab9dea3980b",
            "ip_protocol": "tcp",
            "prefix_list_id": null,
            "referenced_security_group_id": "sg-0ea1ca7bae59280a4",
            "security_group_id": "sg-0b86d0fd5d6cb6c4c",
            "security_group_rule_id": "sgr-0f4c67ab9dea3980b",
            "tags": {
              "Environment": "prod",
              "Name": "devops2-g4-vpclink-sg-egress-0-prod",
              "Service": "devops2-g4-app"
            },
            "tags_all": {
              "Environment": "prod",
              "Name": "devops2-g4-vpclink-sg-egress-0-prod",
              "Service": "devops2-g4-app"
            },
            "to_port": 65535
          },
          "sensitive_attributes": [],
          "identity_schema_version": 0,
          "dependencies": [
            "module.alb_security_group.aws_security_group.this",
            "module.vpc.aws_vpc.this",
            "module.vpc_link_security_group.aws_security_group.this"
          ]
        }
      ]
    },
    {
      "module": "module.vpc_link_security_group",
      "mode": "managed",
      "type": "aws_vpc_security_group_ingress_rule",
      "name": "this",
      "provider": "provider[\"registry.terraform.io/hashicorp/aws\"]",
      "instances": [
        {
          "index_key": 0,
          "schema_version": 0,
          "attributes": {
            "arn": "arn:aws:ec2:us-east-1:481604401489:security-group-rule/sgr-0ccb7ae9c62e2d484",
            "cidr_ipv4": "0.0.0.0/0",
            "cidr_ipv6": null,
            "description": "Allow HTTPS from anywhere",
            "from_port": 443,
            "id": "sgr-0ccb7ae9c62e2d484",
            "ip_protocol": "tcp",
            "prefix_list_id": null,
            "referenced_security_group_id": null,
            "security_group_id": "sg-0b86d0fd5d6cb6c4c",
            "security_group_rule_id": "sgr-0ccb7ae9c62e2d484",
            "tags": {
              "Environment": "prod",
              "Name": "devops2-g4-vpclink-sg-ingress-0-prod",
              "Service": "devops2-g4-app"
            },
            "tags_all": {
              "Environment": "prod",
              "Name": "devops2-g4-vpclink-sg-ingress-0-prod",
              "Service": "devops2-g4-app"
            },
            "to_port": 443
          },
          "sensitive_attributes": [],
          "identity_schema_version": 0,
          "dependencies": [
            "module.vpc.aws_vpc.this",
            "module.vpc_link_security_group.aws_security_group.this"
          ]
        }
      ]
    }
  ],
  "check_results": null
}
