{
  "version": 4,
  "terraform_version": "1.13.3",
  "serial": 461,
  "lineage": "3f3d87ef-3a0b-e5f1-cedd-8bb08ea18073",
  "outputs": {
    "alb_security_group_id": {
      "value": "sg-03669a2e80381d395",
      "type": "string"
    },
    "api_gateway_endpoint": {
      "value": "https://ya16c6o695.execute-api.us-east-1.amazonaws.com",
      "type": "string"
    },
    "api_gateway_execution_arn": {
      "value": "arn:aws:execute-api:us-east-1:481604401489:ya16c6o695",
      "type": "string"
    },
    "api_gateway_id": {
      "value": "ya16c6o695",
      "type": "string"
    },
    "ecr_api1_repository_arn": {
      "value": "arn:aws:ecr:us-east-1:481604401489:repository/devops2-g4-api1-prod",
      "type": "string"
    },
    "ecr_api1_repository_name": {
      "value": "devops2-g4-api1-prod",
      "type": "string"
    },
    "ecr_api1_repository_url": {
      "value": "481604401489.dkr.ecr.us-east-1.amazonaws.com/devops2-g4-api1-prod",
      "type": "string"
    },
    "ecr_auth_repository_arn": {
      "value": "arn:aws:ecr:us-east-1:481604401489:repository/devops2-g4-auth-prod",
      "type": "string"
    },
    "ecr_auth_repository_name": {
      "value": "devops2-g4-auth-prod",
      "type": "string"
    },
    "ecr_auth_repository_url": {
      "value": "481604401489.dkr.ecr.us-east-1.amazonaws.com/devops2-g4-auth-prod",
      "type": "string"
    },
    "ecr_finance_repository_arn": {
      "value": "arn:aws:ecr:us-east-1:481604401489:repository/devops2-g4-finance-prod",
      "type": "string"
    },
    "ecr_finance_repository_name": {
      "value": "devops2-g4-finance-prod",
      "type": "string"
    },
    "ecr_finance_repository_url": {
      "value": "481604401489.dkr.ecr.us-east-1.amazonaws.com/devops2-g4-finance-prod",
      "type": "string"
    },
    "ecr_messenger_repository_arn": {
      "value": "arn:aws:ecr:us-east-1:481604401489:repository/devops2-g4-messenger-prod",
      "type": "string"
    },
    "ecr_messenger_repository_name": {
      "value": "devops2-g4-messenger-prod",
      "type": "string"
    },
    "ecr_messenger_repository_url": {
      "value": "481604401489.dkr.ecr.us-east-1.amazonaws.com/devops2-g4-messenger-prod",
      "type": "string"
    },
    "ecr_profile_repository_arn": {
      "value": "arn:aws:ecr:us-east-1:481604401489:repository/devops2-g4-profile-prod",
      "type": "string"
    },
    "ecr_profile_repository_name": {
      "value": "devops2-g4-profile-prod",
      "type": "string"
    },
    "ecr_profile_repository_url": {
      "value": "481604401489.dkr.ecr.us-east-1.amazonaws.com/devops2-g4-profile-prod",
      "type": "string"
    },
    "ecr_share_repository_arn": {
      "value": "arn:aws:ecr:us-east-1:481604401489:repository/devops2-g4-share-prod",
      "type": "string"
    },
    "ecr_share_repository_name": {
      "value": "devops2-g4-share-prod",
      "type": "string"
    },
    "ecr_share_repository_url": {
      "value": "481604401489.dkr.ecr.us-east-1.amazonaws.com/devops2-g4-share-prod",
      "type": "string"
    },
    "ecs_log_group_arn": {
      "value": "arn:aws:logs:us-east-1:481604401489:log-group:/ecs/devops2-g4-app-prod",
      "type": "string"
    },
    "ecs_log_group_name": {
      "value": "/ecs/devops2-g4-app-prod",
      "type": "string"
    },
    "ecs_security_group_id": {
      "value": "sg-0139bd6cc8b921cba",
      "type": "string"
    },
    "ecs_task_execution_role_arn": {
      "value": "arn:aws:iam::481604401489:role/devops2-g4-ecs-task-execution-role-prod",
      "type": "string"
    },
    "ecs_task_role_arn": {
      "value": "arn:aws:iam::481604401489:role/devops2-g4-ecs-task-role-prod",
      "type": "string"
    },
    "inspector_sns_topic_arn": {
      "value": "arn:aws:sns:us-east-1:481604401489:devops2-g4-app-inspector-findings-prod",
      "type": "string"
    },
    "private_subnet_ids": {
      "value": [
        "subnet-0d70366dceda408d9",
        "subnet-018197ad8553f3d36"
      ],
      "type": [
        "tuple",
        [
          "string",
          "string"
        ]
      ]
    },
    "public_subnet_ids": {
      "value": [
        "subnet-09b49297678cce7e4",
        "subnet-0e810235cbff9cd31"
      ],
      "type": [
        "tuple",
        [
          "string",
          "string"
        ]
      ]
    },
    "vpc_cidr": {
      "value": "10.0.0.0/16",
      "type": "string"
    },
    "vpc_id": {
      "value": "vpc-0615176553d2c0cad",
      "type": "string"
    },
    "vpc_link_id": {
      "value": "9jx5d7",
      "type": "string"
    },
    "vpc_link_security_group_id": {
      "value": "sg-0726d87b52ac6ca5f",
      "type": "string"
    }
  },
  "resources": [
    {
      "mode": "data",
      "type": "aws_caller_identity",
      "name": "current",
      "provider": "provider[\"registry.terraform.io/hashicorp/aws\"]",
      "instances": [
        {
          "schema_version": 0,
          "attributes": {
            "account_id": "481604401489",
            "arn": "arn:aws:iam::481604401489:user/devops-v2",
            "id": "481604401489",
            "user_id": "AIDAXAIO37FI7ZXKFJEKE"
          },
          "sensitive_attributes": [],
          "identity_schema_version": 0
        }
      ]
    },
    {
      "mode": "managed",
      "type": "aws_apigatewayv2_api",
      "name": "main",
      "provider": "provider[\"registry.terraform.io/hashicorp/aws\"]",
      "instances": [
        {
          "schema_version": 0,
          "attributes": {
            "api_endpoint": "https://ya16c6o695.execute-api.us-east-1.amazonaws.com",
            "api_key_selection_expression": "$request.header.x-api-key",
            "arn": "arn:aws:apigateway:us-east-1::/apis/ya16c6o695",
            "body": null,
            "cors_configuration": [
              {
                "allow_credentials": false,
                "allow_headers": [
                  "*"
                ],
                "allow_methods": [
                  "DELETE",
                  "GET",
                  "OPTIONS",
                  "POST",
                  "PUT"
                ],
                "allow_origins": [
                  "*"
                ],
                "expose_headers": [],
                "max_age": 300
              }
            ],
            "credentials_arn": null,
            "description": "Main API Gateway for all microservices",
            "disable_execute_api_endpoint": false,
            "execution_arn": "arn:aws:execute-api:us-east-1:481604401489:ya16c6o695",
            "fail_on_warnings": null,
            "id": "ya16c6o695",
            "ip_address_type": "ipv4",
            "name": "devops2-g4-main-prod",
            "protocol_type": "HTTP",
            "route_key": null,
            "route_selection_expression": "$request.method $request.path",
            "tags": {
              "Environment": "prod",
              "Name": "devops2-g4-main-prod",
              "Service": "devops2-g4-main"
            },
            "tags_all": {
              "Environment": "prod",
              "Name": "devops2-g4-main-prod",
              "Service": "devops2-g4-main"
            },
            "target": null,
            "version": ""
          },
          "sensitive_attributes": [],
          "identity_schema_version": 0,
          "private": "bnVsbA=="
        }
      ]
    },
    {
      "mode": "managed",
      "type": "aws_apigatewayv2_stage",
      "name": "default",
      "provider": "provider[\"registry.terraform.io/hashicorp/aws\"]",
      "instances": [
        {
          "schema_version": 0,
          "attributes": {
            "access_log_settings": [
              {
                "destination_arn": "arn:aws:logs:us-east-1:481604401489:log-group:/aws/apigateway/devops2-g4-main-prod",
                "format": "{\"httpMethod\":\"$context.httpMethod\",\"ip\":\"$context.identity.sourceIp\",\"protocol\":\"$context.protocol\",\"requestId\":\"$context.requestId\",\"requestTime\":\"$context.requestTime\",\"responseLength\":\"$context.responseLength\",\"routeKey\":\"$context.routeKey\",\"status\":\"$context.status\"}"
              }
            ],
            "api_id": "ya16c6o695",
            "arn": "arn:aws:apigateway:us-east-1::/apis/ya16c6o695/stages/$default",
            "auto_deploy": true,
            "client_certificate_id": "",
            "default_route_settings": [
              {
                "data_trace_enabled": false,
                "detailed_metrics_enabled": false,
                "logging_level": "",
                "throttling_burst_limit": 5000,
                "throttling_rate_limit": 10000
              }
            ],
            "deployment_id": "m6wy4r",
            "description": "",
            "execution_arn": "arn:aws:execute-api:us-east-1:481604401489:ya16c6o695/$default",
            "id": "$default",
            "invoke_url": "https://ya16c6o695.execute-api.us-east-1.amazonaws.com/",
            "name": "$default",
            "route_settings": [],
            "stage_variables": {},
            "tags": {
              "Environment": "prod",
              "Name": "devops2-g4-main-stage-prod",
              "Service": "devops2-g4-main"
            },
            "tags_all": {
              "Environment": "prod",
              "Name": "devops2-g4-main-stage-prod",
              "Service": "devops2-g4-main"
            }
          },
          "sensitive_attributes": [],
          "identity_schema_version": 0,
          "private": "bnVsbA==",
          "dependencies": [
            "aws_apigatewayv2_api.main",
            "module.api_gateway_log_group.aws_cloudwatch_log_group.this"
          ]
        }
      ]
    },
    {
      "mode": "managed",
      "type": "aws_apigatewayv2_vpc_link",
      "name": "main",
      "provider": "provider[\"registry.terraform.io/hashicorp/aws\"]",
      "instances": [
        {
          "schema_version": 0,
          "attributes": {
            "arn": "arn:aws:apigateway:us-east-1::/vpclinks/9jx5d7",
            "id": "9jx5d7",
            "name": "devops2-g4-vpclink-prod",
            "security_group_ids": [
              "sg-0726d87b52ac6ca5f"
            ],
            "subnet_ids": [
              "subnet-018197ad8553f3d36",
              "subnet-0d70366dceda408d9"
            ],
            "tags": {
              "Environment": "prod",
              "Name": "devops2-g4-vpclink-prod",
              "Service": "devops2-g4-main"
            },
            "tags_all": {
              "Environment": "prod",
              "Name": "devops2-g4-vpclink-prod",
              "Service": "devops2-g4-main"
            }
          },
          "sensitive_attributes": [],
          "identity_schema_version": 0,
          "private": "bnVsbA==",
          "dependencies": [
            "module.vpc.aws_subnet.private",
            "module.vpc.aws_vpc.this",
            "module.vpc_link_security_group.aws_security_group.this"
          ]
        }
      ]
    },
    {
      "module": "module.alb_security_group",
      "mode": "managed",
      "type": "aws_security_group",
      "name": "this",
      "provider": "provider[\"registry.terraform.io/hashicorp/aws\"]",
      "instances": [
        {
          "schema_version": 1,
          "attributes": {
            "arn": "arn:aws:ec2:us-east-1:481604401489:security-group/sg-03669a2e80381d395",
            "description": "Security group for Application Load Balancer",
            "egress": [
              {
                "cidr_blocks": [],
                "description": "Allow all outbound to ECS tasks",
                "from_port": 0,
                "ipv6_cidr_blocks": [],
                "prefix_list_ids": [],
                "protocol": "tcp",
                "security_groups": [
                  "sg-0139bd6cc8b921cba"
                ],
                "self": false,
                "to_port": 65535
              }
            ],
            "id": "sg-03669a2e80381d395",
            "ingress": [
              {
                "cidr_blocks": [
                  "10.0.0.0/16"
                ],
                "description": "Allow HTTP from VPC Link",
                "from_port": 80,
                "ipv6_cidr_blocks": [],
                "prefix_list_ids": [],
                "protocol": "tcp",
                "security_groups": [],
                "self": false,
                "to_port": 80
              },
              {
                "cidr_blocks": [
                  "10.0.0.0/16"
                ],
                "description": "Allow HTTPS from VPC Link",
                "from_port": 443,
                "ipv6_cidr_blocks": [],
                "prefix_list_ids": [],
                "protocol": "tcp",
                "security_groups": [],
                "self": false,
                "to_port": 443
              }
            ],
            "name": "devops2-g4-alb-sg-prod",
            "name_prefix": "",
            "owner_id": "481604401489",
            "revoke_rules_on_delete": false,
            "tags": {
              "Environment": "prod",
              "Name": "devops2-g4-alb-sg-prod",
              "Service": "devops2-g4-app"
            },
            "tags_all": {
              "Environment": "prod",
              "Name": "devops2-g4-alb-sg-prod",
              "Service": "devops2-g4-app"
            },
            "timeouts": null,
            "vpc_id": "vpc-0615176553d2c0cad"
          },
          "sensitive_attributes": [],
          "identity_schema_version": 0,
          "private": "eyJlMmJmYjczMC1lY2FhLTExZTYtOGY4OC0zNDM2M2JjN2M0YzAiOnsiY3JlYXRlIjo2MDAwMDAwMDAwMDAsImRlbGV0ZSI6OTAwMDAwMDAwMDAwfSwic2NoZW1hX3ZlcnNpb24iOiIxIn0=",
          "dependencies": [
            "module.vpc.aws_vpc.this"
          ]
        }
      ]
    },
    {
      "module": "module.alb_security_group",
      "mode": "managed",
      "type": "aws_vpc_security_group_egress_rule",
      "name": "this",
      "provider": "provider[\"registry.terraform.io/hashicorp/aws\"]",
      "instances": [
        {
          "index_key": 0,
          "schema_version": 0,
          "attributes": {
            "arn": "arn:aws:ec2:us-east-1:481604401489:security-group-rule/sgr-0606d1088b3b0f979",
            "cidr_ipv4": null,
            "cidr_ipv6": null,
            "description": "Allow all outbound to ECS tasks",
            "from_port": 0,
            "id": "sgr-0606d1088b3b0f979",
            "ip_protocol": "tcp",
            "prefix_list_id": null,
            "referenced_security_group_id": "sg-0139bd6cc8b921cba",
            "security_group_id": "sg-03669a2e80381d395",
            "security_group_rule_id": "sgr-0606d1088b3b0f979",
            "tags": {
              "Environment": "prod",
              "Name": "devops2-g4-alb-sg-egress-0-prod",
              "Service": "devops2-g4-app"
            },
            "tags_all": {
              "Environment": "prod",
              "Name": "devops2-g4-alb-sg-egress-0-prod",
              "Service": "devops2-g4-app"
            },
            "to_port": 65535
          },
          "sensitive_attributes": [],
          "identity_schema_version": 0,
          "dependencies": [
            "module.alb_security_group.aws_security_group.this",
            "module.ecs_security_group.aws_security_group.this",
            "module.vpc.aws_vpc.this"
          ]
        }
      ]
    },
    {
      "module": "module.alb_security_group",
      "mode": "managed",
      "type": "aws_vpc_security_group_ingress_rule",
      "name": "this",
      "provider": "provider[\"registry.terraform.io/hashicorp/aws\"]",
      "instances": [
        {
          "index_key": 0,
          "schema_version": 0,
          "attributes": {
            "arn": "arn:aws:ec2:us-east-1:481604401489:security-group-rule/sgr-028a8d2a11c035fff",
            "cidr_ipv4": "10.0.0.0/16",
            "cidr_ipv6": null,
            "description": "Allow HTTP from VPC Link",
            "from_port": 80,
            "id": "sgr-028a8d2a11c035fff",
            "ip_protocol": "tcp",
            "prefix_list_id": null,
            "referenced_security_group_id": null,
            "security_group_id": "sg-03669a2e80381d395",
            "security_group_rule_id": "sgr-028a8d2a11c035fff",
            "tags": {
              "Environment": "prod",
              "Name": "devops2-g4-alb-sg-ingress-0-prod",
              "Service": "devops2-g4-app"
            },
            "tags_all": {
              "Environment": "prod",
              "Name": "devops2-g4-alb-sg-ingress-0-prod",
              "Service": "devops2-g4-app"
            },
            "to_port": 80
          },
          "sensitive_attributes": [],
          "identity_schema_version": 0,
          "dependencies": [
            "module.alb_security_group.aws_security_group.this",
            "module.vpc.aws_vpc.this"
          ]
        },
        {
          "index_key": 1,
          "schema_version": 0,
          "attributes": {
            "arn": "arn:aws:ec2:us-east-1:481604401489:security-group-rule/sgr-0ff8607961a43daac",
            "cidr_ipv4": "10.0.0.0/16",
            "cidr_ipv6": null,
            "description": "Allow HTTPS from VPC Link",
            "from_port": 443,
            "id": "sgr-0ff8607961a43daac",
            "ip_protocol": "tcp",
            "prefix_list_id": null,
            "referenced_security_group_id": null,
            "security_group_id": "sg-03669a2e80381d395",
            "security_group_rule_id": "sgr-0ff8607961a43daac",
            "tags": {
              "Environment": "prod",
              "Name": "devops2-g4-alb-sg-ingress-1-prod",
              "Service": "devops2-g4-app"
            },
            "tags_all": {
              "Environment": "prod",
              "Name": "devops2-g4-alb-sg-ingress-1-prod",
              "Service": "devops2-g4-app"
            },
            "to_port": 443
          },
          "sensitive_attributes": [],
          "identity_schema_version": 0,
          "dependencies": [
            "module.alb_security_group.aws_security_group.this",
            "module.vpc.aws_vpc.this"
          ]
        }
      ]
    },
    {
      "module": "module.api_gateway_log_group",
      "mode": "managed",
      "type": "aws_cloudwatch_log_group",
      "name": "this",
      "provider": "provider[\"registry.terraform.io/hashicorp/aws\"]",
      "instances": [
        {
          "schema_version": 0,
          "attributes": {
            "arn": "arn:aws:logs:us-east-1:481604401489:log-group:/aws/apigateway/devops2-g4-main-prod",
            "id": "/aws/apigateway/devops2-g4-main-prod",
            "kms_key_id": "",
            "log_group_class": "STANDARD",
            "name": "/aws/apigateway/devops2-g4-main-prod",
            "name_prefix": "",
            "retention_in_days": 7,
            "skip_destroy": false,
            "tags": {
              "Environment": "prod",
              "Name": "/aws/apigateway/devops2-g4-main-prod",
              "Service": "devops2-g4-main"
            },
            "tags_all": {
              "Environment": "prod",
              "Name": "/aws/apigateway/devops2-g4-main-prod",
              "Service": "devops2-g4-main"
            }
          },
          "sensitive_attributes": [],
          "identity_schema_version": 0,
          "private": "bnVsbA=="
        }
      ]
    },
    {
      "module": "module.ecr_api1",
      "mode": "managed",
      "type": "aws_ecr_lifecycle_policy",
      "name": "this",
      "provider": "provider[\"registry.terraform.io/hashicorp/aws\"]",
      "instances": [
        {
          "index_key": 0,
          "schema_version": 0,
          "attributes": {
            "id": "devops2-g4-api1-prod",
            "policy": "{\"rules\":[{\"action\":{\"type\":\"expire\"},\"description\":\"Keep last 10 images\",\"rulePriority\":1,\"selection\":{\"countNumber\":10,\"countType\":\"imageCountMoreThan\",\"tagStatus\":\"any\"}}]}",
            "registry_id": "481604401489",
            "repository": "devops2-g4-api1-prod"
          },
          "sensitive_attributes": [],
          "identity_schema_version": 0,
          "private": "bnVsbA==",
          "dependencies": [
            "module.ecr_api1.aws_ecr_repository.this"
          ]
        }
      ]
    },
    {
      "module": "module.ecr_api1",
      "mode": "managed",
      "type": "aws_ecr_repository",
      "name": "this",
      "provider": "provider[\"registry.terraform.io/hashicorp/aws\"]",
      "instances": [
        {
          "schema_version": 0,
          "attributes": {
            "arn": "arn:aws:ecr:us-east-1:481604401489:repository/devops2-g4-api1-prod",
            "encryption_configuration": [
              {
                "encryption_type": "AES256",
                "kms_key": ""
              }
            ],
            "force_delete": true,
            "id": "devops2-g4-api1-prod",
            "image_scanning_configuration": [
              {
                "scan_on_push": true
              }
            ],
            "image_tag_mutability": "MUTABLE",
            "name": "devops2-g4-api1-prod",
            "registry_id": "481604401489",
            "repository_url": "481604401489.dkr.ecr.us-east-1.amazonaws.com/devops2-g4-api1-prod",
            "tags": {
              "Environment": "prod",
              "ManagedBy": "terraform",
              "Name": "devops2-g4-api1-prod",
              "Service": "devops2-g4-api1"
            },
            "tags_all": {
              "Environment": "prod",
              "ManagedBy": "terraform",
              "Name": "devops2-g4-api1-prod",
              "Service": "devops2-g4-api1"
            },
            "timeouts": null
          },
          "sensitive_attributes": [],
          "identity_schema_version": 0,
          "private": "eyJlMmJmYjczMC1lY2FhLTExZTYtOGY4OC0zNDM2M2JjN2M0YzAiOnsiZGVsZXRlIjoxMjAwMDAwMDAwMDAwfX0="
        }
      ]
    },
    {
      "module": "module.ecr_auth",
      "mode": "managed",
      "type": "aws_ecr_lifecycle_policy",
      "name": "this",
      "provider": "provider[\"registry.terraform.io/hashicorp/aws\"]",
      "instances": [
        {
          "index_key": 0,
          "schema_version": 0,
          "attributes": {
            "id": "devops2-g4-auth-prod",
            "policy": "{\"rules\":[{\"action\":{\"type\":\"expire\"},\"description\":\"Keep last 10 images\",\"rulePriority\":1,\"selection\":{\"countNumber\":10,\"countType\":\"imageCountMoreThan\",\"tagStatus\":\"any\"}}]}",
            "registry_id": "481604401489",
            "repository": "devops2-g4-auth-prod"
          },
          "sensitive_attributes": [],
          "identity_schema_version": 0,
          "private": "bnVsbA==",
          "dependencies": [
            "module.ecr_auth.aws_ecr_repository.this"
          ]
        }
      ]
    },
    {
      "module": "module.ecr_auth",
      "mode": "managed",
      "type": "aws_ecr_repository",
      "name": "this",
      "provider": "provider[\"registry.terraform.io/hashicorp/aws\"]",
      "instances": [
        {
          "schema_version": 0,
          "attributes": {
            "arn": "arn:aws:ecr:us-east-1:481604401489:repository/devops2-g4-auth-prod",
            "encryption_configuration": [
              {
                "encryption_type": "AES256",
                "kms_key": ""
              }
            ],
            "force_delete": true,
            "id": "devops2-g4-auth-prod",
            "image_scanning_configuration": [
              {
                "scan_on_push": true
              }
            ],
            "image_tag_mutability": "MUTABLE",
            "name": "devops2-g4-auth-prod",
            "registry_id": "481604401489",
            "repository_url": "481604401489.dkr.ecr.us-east-1.amazonaws.com/devops2-g4-auth-prod",
            "tags": {
              "Environment": "prod",
              "ManagedBy": "terraform",
              "Name": "devops2-g4-auth-prod",
              "Service": "devops2-g4-auth"
            },
            "tags_all": {
              "Environment": "prod",
              "ManagedBy": "terraform",
              "Name": "devops2-g4-auth-prod",
              "Service": "devops2-g4-auth"
            },
            "timeouts": null
          },
          "sensitive_attributes": [],
          "identity_schema_version": 0,
          "private": "eyJlMmJmYjczMC1lY2FhLTExZTYtOGY4OC0zNDM2M2JjN2M0YzAiOnsiZGVsZXRlIjoxMjAwMDAwMDAwMDAwfX0="
        }
      ]
    },
    {
      "module": "module.ecr_finance",
      "mode": "managed",
      "type": "aws_ecr_lifecycle_policy",
      "name": "this",
      "provider": "provider[\"registry.terraform.io/hashicorp/aws\"]",
      "instances": [
        {
          "index_key": 0,
          "schema_version": 0,
          "attributes": {
            "id": "devops2-g4-finance-prod",
            "policy": "{\"rules\":[{\"action\":{\"type\":\"expire\"},\"description\":\"Keep last 10 images\",\"rulePriority\":1,\"selection\":{\"countNumber\":10,\"countType\":\"imageCountMoreThan\",\"tagStatus\":\"any\"}}]}",
            "registry_id": "481604401489",
            "repository": "devops2-g4-finance-prod"
          },
          "sensitive_attributes": [],
          "identity_schema_version": 0,
          "private": "bnVsbA==",
          "dependencies": [
            "module.ecr_finance.aws_ecr_repository.this"
          ]
        }
      ]
    },
    {
      "module": "module.ecr_finance",
      "mode": "managed",
      "type": "aws_ecr_repository",
      "name": "this",
      "provider": "provider[\"registry.terraform.io/hashicorp/aws\"]",
      "instances": [
        {
          "schema_version": 0,
          "attributes": {
            "arn": "arn:aws:ecr:us-east-1:481604401489:repository/devops2-g4-finance-prod",
            "encryption_configuration": [
              {
                "encryption_type": "AES256",
                "kms_key": ""
              }
            ],
            "force_delete": true,
            "id": "devops2-g4-finance-prod",
            "image_scanning_configuration": [
              {
                "scan_on_push": true
              }
            ],
            "image_tag_mutability": "MUTABLE",
            "name": "devops2-g4-finance-prod",
            "registry_id": "481604401489",
            "repository_url": "481604401489.dkr.ecr.us-east-1.amazonaws.com/devops2-g4-finance-prod",
            "tags": {
              "Environment": "prod",
              "ManagedBy": "terraform",
              "Name": "devops2-g4-finance-prod",
              "Service": "devops2-g4-finance"
            },
            "tags_all": {
              "Environment": "prod",
              "ManagedBy": "terraform",
              "Name": "devops2-g4-finance-prod",
              "Service": "devops2-g4-finance"
            },
            "timeouts": null
          },
          "sensitive_attributes": [],
          "identity_schema_version": 0,
          "private": "eyJlMmJmYjczMC1lY2FhLTExZTYtOGY4OC0zNDM2M2JjN2M0YzAiOnsiZGVsZXRlIjoxMjAwMDAwMDAwMDAwfX0="
        }
      ]
    },
    {
      "module": "module.ecr_messenger",
      "mode": "managed",
      "type": "aws_ecr_lifecycle_policy",
      "name": "this",
      "provider": "provider[\"registry.terraform.io/hashicorp/aws\"]",
      "instances": [
        {
          "index_key": 0,
          "schema_version": 0,
          "attributes": {
            "id": "devops2-g4-messenger-prod",
            "policy": "{\"rules\":[{\"action\":{\"type\":\"expire\"},\"description\":\"Keep last 10 images\",\"rulePriority\":1,\"selection\":{\"countNumber\":10,\"countType\":\"imageCountMoreThan\",\"tagStatus\":\"any\"}}]}",
            "registry_id": "481604401489",
            "repository": "devops2-g4-messenger-prod"
          },
          "sensitive_attributes": [],
          "identity_schema_version": 0,
          "private": "bnVsbA==",
          "dependencies": [
            "module.ecr_messenger.aws_ecr_repository.this"
          ]
        }
      ]
    },
    {
      "module": "module.ecr_messenger",
      "mode": "managed",
      "type": "aws_ecr_repository",
      "name": "this",
      "provider": "provider[\"registry.terraform.io/hashicorp/aws\"]",
      "instances": [
        {
          "schema_version": 0,
          "attributes": {
            "arn": "arn:aws:ecr:us-east-1:481604401489:repository/devops2-g4-messenger-prod",
            "encryption_configuration": [
              {
                "encryption_type": "AES256",
                "kms_key": ""
              }
            ],
            "force_delete": true,
            "id": "devops2-g4-messenger-prod",
            "image_scanning_configuration": [
              {
                "scan_on_push": true
              }
            ],
            "image_tag_mutability": "MUTABLE",
            "name": "devops2-g4-messenger-prod",
            "registry_id": "481604401489",
            "repository_url": "481604401489.dkr.ecr.us-east-1.amazonaws.com/devops2-g4-messenger-prod",
            "tags": {
              "Environment": "prod",
              "ManagedBy": "terraform",
              "Name": "devops2-g4-messenger-prod",
              "Service": "devops2-g4-messenger"
            },
            "tags_all": {
              "Environment": "prod",
              "ManagedBy": "terraform",
              "Name": "devops2-g4-messenger-prod",
              "Service": "devops2-g4-messenger"
            },
            "timeouts": null
          },
          "sensitive_attributes": [],
          "identity_schema_version": 0,
          "private": "eyJlMmJmYjczMC1lY2FhLTExZTYtOGY4OC0zNDM2M2JjN2M0YzAiOnsiZGVsZXRlIjoxMjAwMDAwMDAwMDAwfX0="
        }
      ]
    },
    {
      "module": "module.ecr_profile",
      "mode": "managed",
      "type": "aws_ecr_lifecycle_policy",
      "name": "this",
      "provider": "provider[\"registry.terraform.io/hashicorp/aws\"]",
      "instances": [
        {
          "index_key": 0,
          "schema_version": 0,
          "attributes": {
            "id": "devops2-g4-profile-prod",
            "policy": "{\"rules\":[{\"action\":{\"type\":\"expire\"},\"description\":\"Keep last 10 images\",\"rulePriority\":1,\"selection\":{\"countNumber\":10,\"countType\":\"imageCountMoreThan\",\"tagStatus\":\"any\"}}]}",
            "registry_id": "481604401489",
            "repository": "devops2-g4-profile-prod"
          },
          "sensitive_attributes": [],
          "identity_schema_version": 0,
          "private": "bnVsbA==",
          "dependencies": [
            "module.ecr_profile.aws_ecr_repository.this"
          ]
        }
      ]
    },
    {
      "module": "module.ecr_profile",
      "mode": "managed",
      "type": "aws_ecr_repository",
      "name": "this",
      "provider": "provider[\"registry.terraform.io/hashicorp/aws\"]",
      "instances": [
        {
          "schema_version": 0,
          "attributes": {
            "arn": "arn:aws:ecr:us-east-1:481604401489:repository/devops2-g4-profile-prod",
            "encryption_configuration": [
              {
                "encryption_type": "AES256",
                "kms_key": ""
              }
            ],
            "force_delete": true,
            "id": "devops2-g4-profile-prod",
            "image_scanning_configuration": [
              {
                "scan_on_push": true
              }
            ],
            "image_tag_mutability": "MUTABLE",
            "name": "devops2-g4-profile-prod",
            "registry_id": "481604401489",
            "repository_url": "481604401489.dkr.ecr.us-east-1.amazonaws.com/devops2-g4-profile-prod",
            "tags": {
              "Environment": "prod",
              "ManagedBy": "terraform",
              "Name": "devops2-g4-profile-prod",
              "Service": "devops2-g4-profile"
            },
            "tags_all": {
              "Environment": "prod",
              "ManagedBy": "terraform",
              "Name": "devops2-g4-profile-prod",
              "Service": "devops2-g4-profile"
            },
            "timeouts": null
          },
          "sensitive_attributes": [],
          "identity_schema_version": 0,
          "private": "eyJlMmJmYjczMC1lY2FhLTExZTYtOGY4OC0zNDM2M2JjN2M0YzAiOnsiZGVsZXRlIjoxMjAwMDAwMDAwMDAwfX0="
        }
      ]
    },
    {
      "module": "module.ecr_share",
      "mode": "managed",
      "type": "aws_ecr_lifecycle_policy",
      "name": "this",
      "provider": "provider[\"registry.terraform.io/hashicorp/aws\"]",
      "instances": [
        {
          "index_key": 0,
          "schema_version": 0,
          "attributes": {
            "id": "devops2-g4-share-prod",
            "policy": "{\"rules\":[{\"action\":{\"type\":\"expire\"},\"description\":\"Keep last 10 images\",\"rulePriority\":1,\"selection\":{\"countNumber\":10,\"countType\":\"imageCountMoreThan\",\"tagStatus\":\"any\"}}]}",
            "registry_id": "481604401489",
            "repository": "devops2-g4-share-prod"
          },
          "sensitive_attributes": [],
          "identity_schema_version": 0,
          "private": "bnVsbA==",
          "dependencies": [
            "module.ecr_share.aws_ecr_repository.this"
          ]
        }
      ]
    },
    {
      "module": "module.ecr_share",
      "mode": "managed",
      "type": "aws_ecr_repository",
      "name": "this",
      "provider": "provider[\"registry.terraform.io/hashicorp/aws\"]",
      "instances": [
        {
          "schema_version": 0,
          "attributes": {
            "arn": "arn:aws:ecr:us-east-1:481604401489:repository/devops2-g4-share-prod",
            "encryption_configuration": [
              {
                "encryption_type": "AES256",
                "kms_key": ""
              }
            ],
            "force_delete": true,
            "id": "devops2-g4-share-prod",
            "image_scanning_configuration": [
              {
                "scan_on_push": true
              }
            ],
            "image_tag_mutability": "MUTABLE",
            "name": "devops2-g4-share-prod",
            "registry_id": "481604401489",
            "repository_url": "481604401489.dkr.ecr.us-east-1.amazonaws.com/devops2-g4-share-prod",
            "tags": {
              "Environment": "prod",
              "ManagedBy": "terraform",
              "Name": "devops2-g4-share-prod",
              "Service": "devops2-g4-share"
            },
            "tags_all": {
              "Environment": "prod",
              "ManagedBy": "terraform",
              "Name": "devops2-g4-share-prod",
              "Service": "devops2-g4-share"
            },
            "timeouts": null
          },
          "sensitive_attributes": [],
          "identity_schema_version": 0,
          "private": "eyJlMmJmYjczMC1lY2FhLTExZTYtOGY4OC0zNDM2M2JjN2M0YzAiOnsiZGVsZXRlIjoxMjAwMDAwMDAwMDAwfX0="
        }
      ]
    },
    {
      "module": "module.ecs_log_group",
      "mode": "managed",
      "type": "aws_cloudwatch_log_group",
      "name": "this",
      "provider": "provider[\"registry.terraform.io/hashicorp/aws\"]",
      "instances": [
        {
          "schema_version": 0,
          "attributes": {
            "arn": "arn:aws:logs:us-east-1:481604401489:log-group:/ecs/devops2-g4-app-prod",
            "id": "/ecs/devops2-g4-app-prod",
            "kms_key_id": "",
            "log_group_class": "STANDARD",
            "name": "/ecs/devops2-g4-app-prod",
            "name_prefix": "",
            "retention_in_days": 7,
            "skip_destroy": false,
            "tags": {
              "Environment": "prod",
              "Name": "/ecs/devops2-g4-app-prod",
              "Service": "devops2-g4-app"
            },
            "tags_all": {
              "Environment": "prod",
              "Name": "/ecs/devops2-g4-app-prod",
              "Service": "devops2-g4-app"
            }
          },
          "sensitive_attributes": [],
          "identity_schema_version": 0,
          "private": "bnVsbA=="
        }
      ]
    },
    {
      "module": "module.ecs_security_group",
      "mode": "managed",
      "type": "aws_security_group",
      "name": "this",
      "provider": "provider[\"registry.terraform.io/hashicorp/aws\"]",
      "instances": [
        {
          "schema_version": 1,
          "attributes": {
            "arn": "arn:aws:ec2:us-east-1:481604401489:security-group/sg-0139bd6cc8b921cba",
            "description": "Security group for ECS Fargate tasks",
            "egress": [
              {
                "cidr_blocks": [
                  "0.0.0.0/0"
                ],
                "description": "Allow all outbound traffic",
                "from_port": 0,
                "ipv6_cidr_blocks": [],
                "prefix_list_ids": [],
                "protocol": "-1",
                "security_groups": [],
                "self": false,
                "to_port": 0
              }
            ],
            "id": "sg-0139bd6cc8b921cba",
            "ingress": [
              {
                "cidr_blocks": [],
                "description": "Allow traffic from ALB",
                "from_port": 0,
                "ipv6_cidr_blocks": [],
                "prefix_list_ids": [],
                "protocol": "tcp",
                "security_groups": [
                  "sg-03669a2e80381d395"
                ],
                "self": false,
                "to_port": 65535
              }
            ],
            "name": "devops2-g4-ecs-sg-prod",
            "name_prefix": "",
            "owner_id": "481604401489",
            "revoke_rules_on_delete": false,
            "tags": {
              "Environment": "prod",
              "Name": "devops2-g4-ecs-sg-prod",
              "Service": "devops2-g4-app"
            },
            "tags_all": {
              "Environment": "prod",
              "Name": "devops2-g4-ecs-sg-prod",
              "Service": "devops2-g4-app"
            },
            "timeouts": null,
            "vpc_id": "vpc-0615176553d2c0cad"
          },
          "sensitive_attributes": [],
          "identity_schema_version": 0,
          "private": "eyJlMmJmYjczMC1lY2FhLTExZTYtOGY4OC0zNDM2M2JjN2M0YzAiOnsiY3JlYXRlIjo2MDAwMDAwMDAwMDAsImRlbGV0ZSI6OTAwMDAwMDAwMDAwfSwic2NoZW1hX3ZlcnNpb24iOiIxIn0=",
          "dependencies": [
            "module.vpc.aws_vpc.this"
          ]
        }
      ]
    },
    {
      "module": "module.ecs_security_group",
      "mode": "managed",
      "type": "aws_vpc_security_group_egress_rule",
      "name": "this",
      "provider": "provider[\"registry.terraform.io/hashicorp/aws\"]",
      "instances": [
        {
          "index_key": 0,
          "schema_version": 0,
          "attributes": {
            "arn": "arn:aws:ec2:us-east-1:481604401489:security-group-rule/sgr-027aea36bd2673f38",
            "cidr_ipv4": "0.0.0.0/0",
            "cidr_ipv6": null,
            "description": "Allow all outbound traffic",
            "from_port": -1,
            "id": "sgr-027aea36bd2673f38",
            "ip_protocol": "-1",
            "prefix_list_id": null,
            "referenced_security_group_id": null,
            "security_group_id": "sg-0139bd6cc8b921cba",
            "security_group_rule_id": "sgr-027aea36bd2673f38",
            "tags": {
              "Environment": "prod",
              "Name": "devops2-g4-ecs-sg-egress-0-prod",
              "Service": "devops2-g4-app"
            },
            "tags_all": {
              "Environment": "prod",
              "Name": "devops2-g4-ecs-sg-egress-0-prod",
              "Service": "devops2-g4-app"
            },
            "to_port": -1
          },
          "sensitive_attributes": [],
          "identity_schema_version": 0,
          "dependencies": [
            "module.ecs_security_group.aws_security_group.this",
            "module.vpc.aws_vpc.this"
          ]
        }
      ]
    },
    {
      "module": "module.ecs_security_group",
      "mode": "managed",
      "type": "aws_vpc_security_group_ingress_rule",
      "name": "this",
      "provider": "provider[\"registry.terraform.io/hashicorp/aws\"]",
      "instances": [
        {
          "index_key": 0,
          "schema_version": 0,
          "attributes": {
            "arn": "arn:aws:ec2:us-east-1:481604401489:security-group-rule/sgr-04aede9a61887e769",
            "cidr_ipv4": null,
            "cidr_ipv6": null,
            "description": "Allow traffic from ALB",
            "from_port": 0,
            "id": "sgr-04aede9a61887e769",
            "ip_protocol": "tcp",
            "prefix_list_id": null,
            "referenced_security_group_id": "sg-03669a2e80381d395",
            "security_group_id": "sg-0139bd6cc8b921cba",
            "security_group_rule_id": "sgr-04aede9a61887e769",
            "tags": {
              "Environment": "prod",
              "Name": "devops2-g4-ecs-sg-ingress-0-prod",
              "Service": "devops2-g4-app"
            },
            "tags_all": {
              "Environment": "prod",
              "Name": "devops2-g4-ecs-sg-ingress-0-prod",
              "Service": "devops2-g4-app"
            },
            "to_port": 65535
          },
          "sensitive_attributes": [],
          "identity_schema_version": 0,
          "dependencies": [
            "module.alb_security_group.aws_security_group.this",
            "module.ecs_security_group.aws_security_group.this",
            "module.vpc.aws_vpc.this"
          ]
        }
      ]
    },
    {
      "module": "module.ecs_task_execution_role",
      "mode": "managed",
      "type": "aws_iam_role",
      "name": "this",
      "provider": "provider[\"registry.terraform.io/hashicorp/aws\"]",
      "instances": [
        {
          "schema_version": 0,
          "attributes": {
            "arn": "arn:aws:iam::481604401489:role/devops2-g4-ecs-task-execution-role-prod",
            "assume_role_policy": "{\"Statement\":[{\"Action\":\"sts:AssumeRole\",\"Effect\":\"Allow\",\"Principal\":{\"Service\":\"ecs-tasks.amazonaws.com\"}}],\"Version\":\"2012-10-17\"}",
            "create_date": "2025-12-05T18:27:43Z",
            "description": "",
            "force_detach_policies": false,
            "id": "devops2-g4-ecs-task-execution-role-prod",
            "inline_policy": [
              {
                "name": "devops2-g4-ecs-task-execution-role-inline-policy-prod",
                "policy": "{\"Version\":\"2012-10-17\",\"Statement\":[{\"Action\":[\"ecr:GetAuthorizationToken\",\"ecr:BatchCheckLayerAvailability\",\"ecr:GetDownloadUrlForLayer\",\"ecr:BatchGetImage\"],\"Effect\":\"Allow\",\"Resource\":\"*\"},{\"Action\":[\"logs:CreateLogGroup\",\"logs:CreateLogStream\",\"logs:PutLogEvents\"],\"Effect\":\"Allow\",\"Resource\":\"arn:aws:logs:us-east-1:*:log-group:/ecs/*\"}]}"
              }
            ],
            "managed_policy_arns": [
              "arn:aws:iam::aws:policy/service-role/AmazonECSTaskExecutionRolePolicy"
            ],
            "max_session_duration": 3600,
            "name": "devops2-g4-ecs-task-execution-role-prod",
            "name_prefix": "",
            "path": "/",
            "permissions_boundary": "",
            "tags": {
              "Environment": "prod",
              "Name": "devops2-g4-ecs-task-execution-role-prod",
              "Service": "devops2-g4-app"
            },
            "tags_all": {
              "Environment": "prod",
              "Name": "devops2-g4-ecs-task-execution-role-prod",
              "Service": "devops2-g4-app"
            },
            "unique_id": "AROAXAIO37FI47ZT3ZVP6"
          },
          "sensitive_attributes": [],
          "identity_schema_version": 0,
          "private": "bnVsbA=="
        }
      ]
    },
    {
      "module": "module.ecs_task_execution_role",
      "mode": "managed",
      "type": "aws_iam_role_policy",
      "name": "inline_policy",
      "provider": "provider[\"registry.terraform.io/hashicorp/aws\"]",
      "instances": [
        {
          "index_key": 0,
          "schema_version": 0,
          "attributes": {
            "id": "devops2-g4-ecs-task-execution-role-prod:devops2-g4-ecs-task-execution-role-inline-policy-prod",
            "name": "devops2-g4-ecs-task-execution-role-inline-policy-prod",
            "name_prefix": "",
            "policy": "{\"Version\":\"2012-10-17\",\"Statement\":[{\"Action\":[\"ecr:GetAuthorizationToken\",\"ecr:BatchCheckLayerAvailability\",\"ecr:GetDownloadUrlForLayer\",\"ecr:BatchGetImage\"],\"Effect\":\"Allow\",\"Resource\":\"*\"},{\"Action\":[\"logs:CreateLogGroup\",\"logs:CreateLogStream\",\"logs:PutLogEvents\"],\"Effect\":\"Allow\",\"Resource\":\"arn:aws:logs:us-east-1:*:log-group:/ecs/*\"}]}",
            "role": "devops2-g4-ecs-task-execution-role-prod"
          },
          "sensitive_attributes": [],
          "identity_schema_version": 0,
          "private": "bnVsbA==",
          "dependencies": [
            "module.ecs_task_execution_role.aws_iam_role.this"
          ]
        }
      ]
    },
    {
      "module": "module.ecs_task_execution_role",
      "mode": "managed",
      "type": "aws_iam_role_policy_attachment",
      "name": "managed_policies",
      "provider": "provider[\"registry.terraform.io/hashicorp/aws\"]",
      "instances": [
        {
          "index_key": 0,
          "schema_version": 0,
          "attributes": {
            "id": "devops2-g4-ecs-task-execution-role-prod-20251205182745008100000002",
            "policy_arn": "arn:aws:iam::aws:policy/service-role/AmazonECSTaskExecutionRolePolicy",
            "role": "devops2-g4-ecs-task-execution-role-prod"
          },
          "sensitive_attributes": [],
          "identity_schema_version": 0,
          "private": "bnVsbA==",
          "dependencies": [
            "module.ecs_task_execution_role.aws_iam_role.this"
          ]
        }
      ]
    },
    {
      "module": "module.ecs_task_role",
      "mode": "managed",
      "type": "aws_iam_role",
      "name": "this",
      "provider": "provider[\"registry.terraform.io/hashicorp/aws\"]",
      "instances": [
        {
          "schema_version": 0,
          "attributes": {
            "arn": "arn:aws:iam::481604401489:role/devops2-g4-ecs-task-role-prod",
            "assume_role_policy": "{\"Statement\":[{\"Action\":\"sts:AssumeRole\",\"Effect\":\"Allow\",\"Principal\":{\"Service\":\"ecs-tasks.amazonaws.com\"}}],\"Version\":\"2012-10-17\"}",
            "create_date": "2025-12-05T18:27:43Z",
            "description": "",
            "force_detach_policies": false,
            "id": "devops2-g4-ecs-task-role-prod",
            "inline_policy": [
              {
                "name": "devops2-g4-ecs-task-role-inline-policy-prod",
                "policy": "{\"Version\":\"2012-10-17\",\"Statement\":[{\"Action\":[\"s3:GetObject\",\"s3:PutObject\",\"s3:ListBucket\"],\"Effect\":\"Allow\",\"Resource\":[\"arn:aws:s3:::devops2-g4-*\",\"arn:aws:s3:::devops2-g4-*/*\"]},{\"Action\":[\"dynamodb:GetItem\",\"dynamodb:PutItem\",\"dynamodb:UpdateItem\",\"dynamodb:Query\",\"dynamodb:Scan\"],\"Effect\":\"Allow\",\"Resource\":\"arn:aws:dynamodb:us-east-1:*:table/devops2-g4-*\"},{\"Action\":[\"ssm:GetParameter\",\"ssm:GetParameters\"],\"Effect\":\"Allow\",\"Resource\":\"arn:aws:ssm:us-east-1:*:parameter/devops2-g4/*\"}]}"
              }
            ],
            "managed_policy_arns": [],
            "max_session_duration": 3600,
            "name": "devops2-g4-ecs-task-role-prod",
            "name_prefix": "",
            "path": "/",
            "permissions_boundary": "",
            "tags": {
              "Environment": "prod",
              "Name": "devops2-g4-ecs-task-role-prod",
              "Service": "devops2-g4-app"
            },
            "tags_all": {
              "Environment": "prod",
              "Name": "devops2-g4-ecs-task-role-prod",
              "Service": "devops2-g4-app"
            },
            "unique_id": "AROAXAIO37FIUR3CQ37YD"
          },
          "sensitive_attributes": [],
          "identity_schema_version": 0,
          "private": "bnVsbA=="
        }
      ]
    },
    {
      "module": "module.ecs_task_role",
      "mode": "managed",
      "type": "aws_iam_role_policy",
      "name": "inline_policy",
      "provider": "provider[\"registry.terraform.io/hashicorp/aws\"]",
      "instances": [
        {
          "index_key": 0,
          "schema_version": 0,
          "attributes": {
            "id": "devops2-g4-ecs-task-role-prod:devops2-g4-ecs-task-role-inline-policy-prod",
            "name": "devops2-g4-ecs-task-role-inline-policy-prod",
            "name_prefix": "",
            "policy": "{\"Version\":\"2012-10-17\",\"Statement\":[{\"Action\":[\"s3:GetObject\",\"s3:PutObject\",\"s3:ListBucket\"],\"Effect\":\"Allow\",\"Resource\":[\"arn:aws:s3:::devops2-g4-*\",\"arn:aws:s3:::devops2-g4-*/*\"]},{\"Action\":[\"dynamodb:GetItem\",\"dynamodb:PutItem\",\"dynamodb:UpdateItem\",\"dynamodb:Query\",\"dynamodb:Scan\"],\"Effect\":\"Allow\",\"Resource\":\"arn:aws:dynamodb:us-east-1:*:table/devops2-g4-*\"},{\"Action\":[\"ssm:GetParameter\",\"ssm:GetParameters\"],\"Effect\":\"Allow\",\"Resource\":\"arn:aws:ssm:us-east-1:*:parameter/devops2-g4/*\"}]}",
            "role": "devops2-g4-ecs-task-role-prod"
          },
          "sensitive_attributes": [],
          "identity_schema_version": 0,
          "private": "bnVsbA==",
          "dependencies": [
            "module.ecs_task_role.aws_iam_role.this"
          ]
        }
      ]
    },
    {
      "module": "module.inspector",
      "mode": "managed",
      "type": "aws_cloudwatch_event_rule",
      "name": "inspector_findings",
      "provider": "provider[\"registry.terraform.io/hashicorp/aws\"]",
      "instances": [
        {
          "index_key": 0,
          "schema_version": 1,
          "attributes": {
            "arn": "arn:aws:events:us-east-1:481604401489:rule/devops2-g4-app-inspector-findings-prod",
            "description": "Capture Inspector findings",
            "event_bus_name": "default",
            "event_pattern": "{\"detail-type\":[\"Inspector2 Finding\"],\"source\":[\"aws.inspector2\"]}",
            "force_destroy": false,
            "id": "devops2-g4-app-inspector-findings-prod",
            "is_enabled": true,
            "name": "devops2-g4-app-inspector-findings-prod",
            "name_prefix": "",
            "role_arn": "",
            "schedule_expression": "",
            "state": "ENABLED",
            "tags": {
              "Environment": "prod",
              "ManagedBy": "terraform",
              "Name": "devops2-g4-app-inspector-findings-prod",
              "Service": "devops2-g4-app"
            },
            "tags_all": {
              "Environment": "prod",
              "ManagedBy": "terraform",
              "Name": "devops2-g4-app-inspector-findings-prod",
              "Service": "devops2-g4-app"
            }
          },
          "sensitive_attributes": [],
          "identity_schema_version": 0,
          "private": "eyJzY2hlbWFfdmVyc2lvbiI6IjEifQ=="
        }
      ]
    },
    {
      "module": "module.inspector",
      "mode": "managed",
      "type": "aws_cloudwatch_event_target",
      "name": "inspector_sns",
      "provider": "provider[\"registry.terraform.io/hashicorp/aws\"]",
      "instances": [
        {
          "index_key": 0,
          "schema_version": 1,
          "attributes": {
            "appsync_target": [],
            "arn": "arn:aws:sns:us-east-1:481604401489:devops2-g4-app-inspector-findings-prod",
            "batch_target": [],
            "dead_letter_config": [],
            "ecs_target": [],
            "event_bus_name": "default",
            "force_destroy": false,
            "http_target": [],
            "id": "devops2-g4-app-inspector-findings-prod-SendToSNS",
            "input": "",
            "input_path": "",
            "input_transformer": [],
            "kinesis_target": [],
            "redshift_target": [],
            "retry_policy": [],
            "role_arn": "",
            "rule": "devops2-g4-app-inspector-findings-prod",
            "run_command_targets": [],
            "sagemaker_pipeline_target": [],
            "sqs_target": [],
            "target_id": "SendToSNS"
          },
          "sensitive_attributes": [],
          "identity_schema_version": 0,
          "private": "eyJzY2hlbWFfdmVyc2lvbiI6IjEifQ==",
          "dependencies": [
            "module.inspector.aws_cloudwatch_event_rule.inspector_findings",
            "module.inspector.aws_sns_topic.inspector_findings"
          ]
        }
      ]
    },
    {
      "module": "module.inspector",
      "mode": "managed",
      "type": "aws_inspector2_enabler",
      "name": "this",
      "provider": "provider[\"registry.terraform.io/hashicorp/aws\"]",
      "instances": [
        {
          "schema_version": 0,
          "attributes": {
            "account_ids": [
              "481604401489"
            ],
            "id": "481604401489-ECR",
            "resource_types": [
              "ECR"
            ],
            "timeouts": {
              "create": "15m",
              "delete": "15m",
              "update": "15m"
            }
          },
          "sensitive_attributes": [],
          "identity_schema_version": 0,
          "private": "eyJlMmJmYjczMC1lY2FhLTExZTYtOGY4OC0zNDM2M2JjN2M0YzAiOnsiY3JlYXRlIjo5MDAwMDAwMDAwMDAsImRlbGV0ZSI6OTAwMDAwMDAwMDAwLCJ1cGRhdGUiOjkwMDAwMDAwMDAwMH19",
          "dependencies": [
            "data.aws_caller_identity.current"
          ]
        }
      ]
    },
    {
      "module": "module.inspector",
      "mode": "managed",
      "type": "aws_sns_topic",
      "name": "inspector_findings",
      "provider": "provider[\"registry.terraform.io/hashicorp/aws\"]",
      "instances": [
        {
          "index_key": 0,
          "schema_version": 0,
          "attributes": {
            "application_failure_feedback_role_arn": "",
            "application_success_feedback_role_arn": "",
            "application_success_feedback_sample_rate": 0,
            "archive_policy": "",
            "arn": "arn:aws:sns:us-east-1:481604401489:devops2-g4-app-inspector-findings-prod",
            "beginning_archive_time": "",
            "content_based_deduplication": false,
            "delivery_policy": "",
            "display_name": "",
            "fifo_throughput_scope": "",
            "fifo_topic": false,
            "firehose_failure_feedback_role_arn": "",
            "firehose_success_feedback_role_arn": "",
            "firehose_success_feedback_sample_rate": 0,
            "http_failure_feedback_role_arn": "",
            "http_success_feedback_role_arn": "",
            "http_success_feedback_sample_rate": 0,
            "id": "arn:aws:sns:us-east-1:481604401489:devops2-g4-app-inspector-findings-prod",
            "kms_master_key_id": "",
            "lambda_failure_feedback_role_arn": "",
            "lambda_success_feedback_role_arn": "",
            "lambda_success_feedback_sample_rate": 0,
            "name": "devops2-g4-app-inspector-findings-prod",
            "name_prefix": "",
            "owner": "481604401489",
            "policy": "{\"Statement\":[{\"Action\":\"SNS:Publish\",\"Effect\":\"Allow\",\"Principal\":{\"Service\":\"events.amazonaws.com\"},\"Resource\":\"arn:aws:sns:us-east-1:481604401489:devops2-g4-app-inspector-findings-prod\"}],\"Version\":\"2012-10-17\"}",
            "signature_version": 0,
            "sqs_failure_feedback_role_arn": "",
            "sqs_success_feedback_role_arn": "",
            "sqs_success_feedback_sample_rate": 0,
            "tags": {
              "Environment": "prod",
              "ManagedBy": "terraform",
              "Name": "devops2-g4-app-inspector-findings-prod",
              "Service": "devops2-g4-app"
            },
            "tags_all": {
              "Environment": "prod",
              "ManagedBy": "terraform",
              "Name": "devops2-g4-app-inspector-findings-prod",
              "Service": "devops2-g4-app"
            },
            "tracing_config": ""
          },
          "sensitive_attributes": [],
          "identity_schema_version": 0,
          "private": "bnVsbA=="
        }
      ]
    },
    {
      "module": "module.inspector",
      "mode": "managed",
      "type": "aws_sns_topic_policy",
      "name": "inspector_findings",
      "provider": "provider[\"registry.terraform.io/hashicorp/aws\"]",
      "instances": [
        {
          "index_key": 0,
          "schema_version": 0,
          "attributes": {
            "arn": "arn:aws:sns:us-east-1:481604401489:devops2-g4-app-inspector-findings-prod",
            "id": "arn:aws:sns:us-east-1:481604401489:devops2-g4-app-inspector-findings-prod",
            "owner": "481604401489",
            "policy": "{\"Statement\":[{\"Action\":\"SNS:Publish\",\"Effect\":\"Allow\",\"Principal\":{\"Service\":\"events.amazonaws.com\"},\"Resource\":\"arn:aws:sns:us-east-1:481604401489:devops2-g4-app-inspector-findings-prod\"}],\"Version\":\"2012-10-17\"}"
          },
          "sensitive_attributes": [],
          "identity_schema_version": 0,
          "private": "bnVsbA==",
          "dependencies": [
            "module.inspector.aws_sns_topic.inspector_findings"
          ]
        }
      ]
    },
    {
      "module": "module.vpc",
      "mode": "managed",
      "type": "aws_eip",
      "name": "nat",
      "provider": "provider[\"registry.terraform.io/hashicorp/aws\"]",
      "instances": [
        {
          "index_key": 0,
          "schema_version": 0,
          "attributes": {
            "address": null,
            "allocation_id": "eipalloc-0e91e2d4663dc1832",
            "arn": "arn:aws:ec2:us-east-1:481604401489:elastic-ip/eipalloc-0e91e2d4663dc1832",
            "associate_with_private_ip": null,
            "association_id": "eipassoc-0ae5db542f2efa0cf",
            "carrier_ip": "",
            "customer_owned_ip": "",
            "customer_owned_ipv4_pool": "",
            "domain": "vpc",
            "id": "eipalloc-0e91e2d4663dc1832",
            "instance": "",
            "ipam_pool_id": null,
            "network_border_group": "us-east-1",
            "network_interface": "eni-0ee914555a997084f",
            "private_dns": "ip-10-0-1-212.ec2.internal",
            "private_ip": "10.0.1.212",
            "ptr_record": "",
            "public_dns": "ec2-52-21-200-183.compute-1.amazonaws.com",
            "public_ip": "52.21.200.183",
            "public_ipv4_pool": "amazon",
            "tags": {
              "Environment": "prod",
              "Name": "devops2-g4-app-nat-eip-us-east-1a-prod",
              "Service": "devops2-g4-app"
            },
            "tags_all": {
              "Environment": "prod",
              "Name": "devops2-g4-app-nat-eip-us-east-1a-prod",
              "Service": "devops2-g4-app"
            },
            "timeouts": null,
            "vpc": true
          },
          "sensitive_attributes": [],
          "identity_schema_version": 0,
          "private": "eyJlMmJmYjczMC1lY2FhLTExZTYtOGY4OC0zNDM2M2JjN2M0YzAiOnsiZGVsZXRlIjoxODAwMDAwMDAwMDAsInJlYWQiOjkwMDAwMDAwMDAwMCwidXBkYXRlIjozMDAwMDAwMDAwMDB9fQ==",
          "dependencies": [
            "module.vpc.aws_internet_gateway.this",
            "module.vpc.aws_vpc.this"
          ]
        },
        {
          "index_key": 1,
          "schema_version": 0,
          "attributes": {
            "address": null,
            "allocation_id": "eipalloc-06afe7c5cf973d133",
            "arn": "arn:aws:ec2:us-east-1:481604401489:elastic-ip/eipalloc-06afe7c5cf973d133",
            "associate_with_private_ip": null,
            "association_id": "eipassoc-0d3abf7ea2e588245",
            "carrier_ip": "",
            "customer_owned_ip": "",
            "customer_owned_ipv4_pool": "",
            "domain": "vpc",
            "id": "eipalloc-06afe7c5cf973d133",
            "instance": "",
            "ipam_pool_id": null,
            "network_border_group": "us-east-1",
            "network_interface": "eni-0f9d73a0fa96f045a",
            "private_dns": "ip-10-0-2-88.ec2.internal",
            "private_ip": "10.0.2.88",
            "ptr_record": "",
            "public_dns": "ec2-98-86-23-88.compute-1.amazonaws.com",
            "public_ip": "98.86.23.88",
            "public_ipv4_pool": "amazon",
            "tags": {
              "Environment": "prod",
              "Name": "devops2-g4-app-nat-eip-us-east-1b-prod",
              "Service": "devops2-g4-app"
            },
            "tags_all": {
              "Environment": "prod",
              "Name": "devops2-g4-app-nat-eip-us-east-1b-prod",
              "Service": "devops2-g4-app"
            },
            "timeouts": null,
            "vpc": true
          },
          "sensitive_attributes": [],
          "identity_schema_version": 0,
          "private": "eyJlMmJmYjczMC1lY2FhLTExZTYtOGY4OC0zNDM2M2JjN2M0YzAiOnsiZGVsZXRlIjoxODAwMDAwMDAwMDAsInJlYWQiOjkwMDAwMDAwMDAwMCwidXBkYXRlIjozMDAwMDAwMDAwMDB9fQ==",
          "dependencies": [
            "module.vpc.aws_internet_gateway.this",
            "module.vpc.aws_vpc.this"
          ]
        }
      ]
    },
    {
      "module": "module.vpc",
      "mode": "managed",
      "type": "aws_internet_gateway",
      "name": "this",
      "provider": "provider[\"registry.terraform.io/hashicorp/aws\"]",
      "instances": [
        {
          "schema_version": 0,
          "attributes": {
            "arn": "arn:aws:ec2:us-east-1:481604401489:internet-gateway/igw-07f82d286372b959d",
            "id": "igw-07f82d286372b959d",
            "owner_id": "481604401489",
            "tags": {
              "Environment": "prod",
              "Name": "devops2-g4-app-igw-prod",
              "Service": "devops2-g4-app"
            },
            "tags_all": {
              "Environment": "prod",
              "Name": "devops2-g4-app-igw-prod",
              "Service": "devops2-g4-app"
            },
            "timeouts": null,
            "vpc_id": "vpc-0615176553d2c0cad"
          },
          "sensitive_attributes": [],
          "identity_schema_version": 0,
          "private": "eyJlMmJmYjczMC1lY2FhLTExZTYtOGY4OC0zNDM2M2JjN2M0YzAiOnsiY3JlYXRlIjoxMjAwMDAwMDAwMDAwLCJkZWxldGUiOjEyMDAwMDAwMDAwMDAsInVwZGF0ZSI6MTIwMDAwMDAwMDAwMH19",
          "dependencies": [
            "module.vpc.aws_vpc.this"
          ]
        }
      ]
    },
    {
      "module": "module.vpc",
      "mode": "managed",
      "type": "aws_nat_gateway",
      "name": "this",
      "provider": "provider[\"registry.terraform.io/hashicorp/aws\"]",
      "instances": [
        {
          "index_key": 0,
          "schema_version": 0,
          "attributes": {
            "allocation_id": "eipalloc-0e91e2d4663dc1832",
            "association_id": "eipassoc-0ae5db542f2efa0cf",
            "connectivity_type": "public",
            "id": "nat-0ade349171e4ab570",
            "network_interface_id": "eni-0ee914555a997084f",
            "private_ip": "10.0.1.212",
            "public_ip": "52.21.200.183",
            "secondary_allocation_ids": [],
            "secondary_private_ip_address_count": 0,
            "secondary_private_ip_addresses": [],
            "subnet_id": "subnet-09b49297678cce7e4",
            "tags": {
              "Environment": "prod",
              "Name": "devops2-g4-app-nat-gateway-us-east-1a-prod",
              "Service": "devops2-g4-app"
            },
            "tags_all": {
              "Environment": "prod",
              "Name": "devops2-g4-app-nat-gateway-us-east-1a-prod",
              "Service": "devops2-g4-app"
            },
            "timeouts": null
          },
          "sensitive_attributes": [],
          "identity_schema_version": 0,
          "private": "eyJlMmJmYjczMC1lY2FhLTExZTYtOGY4OC0zNDM2M2JjN2M0YzAiOnsiY3JlYXRlIjo2MDAwMDAwMDAwMDAsImRlbGV0ZSI6MTgwMDAwMDAwMDAwMCwidXBkYXRlIjo2MDAwMDAwMDAwMDB9fQ==",
          "dependencies": [
            "module.vpc.aws_eip.nat",
            "module.vpc.aws_internet_gateway.this",
            "module.vpc.aws_subnet.public",
            "module.vpc.aws_vpc.this"
          ]
        },
        {
          "index_key": 1,
          "schema_version": 0,
          "attributes": {
            "allocation_id": "eipalloc-06afe7c5cf973d133",
            "association_id": "eipassoc-0d3abf7ea2e588245",
            "connectivity_type": "public",
            "id": "nat-0ad2d590dba60a76a",
            "network_interface_id": "eni-0f9d73a0fa96f045a",
            "private_ip": "10.0.2.88",
            "public_ip": "98.86.23.88",
            "secondary_allocation_ids": [],
            "secondary_private_ip_address_count": 0,
            "secondary_private_ip_addresses": [],
            "subnet_id": "subnet-0e810235cbff9cd31",
            "tags": {
              "Environment": "prod",
              "Name": "devops2-g4-app-nat-gateway-us-east-1b-prod",
              "Service": "devops2-g4-app"
            },
            "tags_all": {
              "Environment": "prod",
              "Name": "devops2-g4-app-nat-gateway-us-east-1b-prod",
              "Service": "devops2-g4-app"
            },
            "timeouts": null
          },
          "sensitive_attributes": [],
          "identity_schema_version": 0,
          "private": "eyJlMmJmYjczMC1lY2FhLTExZTYtOGY4OC0zNDM2M2JjN2M0YzAiOnsiY3JlYXRlIjo2MDAwMDAwMDAwMDAsImRlbGV0ZSI6MTgwMDAwMDAwMDAwMCwidXBkYXRlIjo2MDAwMDAwMDAwMDB9fQ==",
          "dependencies": [
            "module.vpc.aws_eip.nat",
            "module.vpc.aws_internet_gateway.this",
            "module.vpc.aws_subnet.public",
            "module.vpc.aws_vpc.this"
          ]
        }
      ]
    },
    {
      "module": "module.vpc",
      "mode": "managed",
      "type": "aws_route_table",
      "name": "private",
      "provider": "provider[\"registry.terraform.io/hashicorp/aws\"]",
      "instances": [
        {
          "index_key": 0,
          "schema_version": 0,
          "attributes": {
            "arn": "arn:aws:ec2:us-east-1:481604401489:route-table/rtb-0092038527e0907a6",
            "id": "rtb-0092038527e0907a6",
            "owner_id": "481604401489",
            "propagating_vgws": [],
            "route": [
              {
                "carrier_gateway_id": "",
                "cidr_block": "0.0.0.0/0",
                "core_network_arn": "",
                "destination_prefix_list_id": "",
                "egress_only_gateway_id": "",
                "gateway_id": "",
                "ipv6_cidr_block": "",
                "local_gateway_id": "",
                "nat_gateway_id": "nat-0ade349171e4ab570",
                "network_interface_id": "",
                "transit_gateway_id": "",
                "vpc_endpoint_id": "",
                "vpc_peering_connection_id": ""
              }
            ],
            "tags": {
              "Environment": "prod",
              "Name": "devops2-g4-app-private-rt-us-east-1a-prod",
              "Service": "devops2-g4-app"
            },
            "tags_all": {
              "Environment": "prod",
              "Name": "devops2-g4-app-private-rt-us-east-1a-prod",
              "Service": "devops2-g4-app"
            },
            "timeouts": null,
            "vpc_id": "vpc-0615176553d2c0cad"
          },
          "sensitive_attributes": [],
          "identity_schema_version": 0,
          "private": "eyJlMmJmYjczMC1lY2FhLTExZTYtOGY4OC0zNDM2M2JjN2M0YzAiOnsiY3JlYXRlIjozMDAwMDAwMDAwMDAsImRlbGV0ZSI6MzAwMDAwMDAwMDAwLCJ1cGRhdGUiOjEyMDAwMDAwMDAwMH19",
          "dependencies": [
            "module.vpc.aws_eip.nat",
            "module.vpc.aws_internet_gateway.this",
            "module.vpc.aws_nat_gateway.this",
            "module.vpc.aws_subnet.public",
            "module.vpc.aws_vpc.this"
          ]
        },
        {
          "index_key": 1,
          "schema_version": 0,
          "attributes": {
            "arn": "arn:aws:ec2:us-east-1:481604401489:route-table/rtb-0123e57f6586f98aa",
            "id": "rtb-0123e57f6586f98aa",
            "owner_id": "481604401489",
            "propagating_vgws": [],
            "route": [
              {
                "carrier_gateway_id": "",
                "cidr_block": "0.0.0.0/0",
                "core_network_arn": "",
                "destination_prefix_list_id": "",
                "egress_only_gateway_id": "",
                "gateway_id": "",
                "ipv6_cidr_block": "",
                "local_gateway_id": "",
                "nat_gateway_id": "nat-0ad2d590dba60a76a",
                "network_interface_id": "",
                "transit_gateway_id": "",
                "vpc_endpoint_id": "",
                "vpc_peering_connection_id": ""
              }
            ],
            "tags": {
              "Environment": "prod",
              "Name": "devops2-g4-app-private-rt-us-east-1b-prod",
              "Service": "devops2-g4-app"
            },
            "tags_all": {
              "Environment": "prod",
              "Name": "devops2-g4-app-private-rt-us-east-1b-prod",
              "Service": "devops2-g4-app"
            },
            "timeouts": null,
            "vpc_id": "vpc-0615176553d2c0cad"
          },
          "sensitive_attributes": [],
          "identity_schema_version": 0,
          "private": "eyJlMmJmYjczMC1lY2FhLTExZTYtOGY4OC0zNDM2M2JjN2M0YzAiOnsiY3JlYXRlIjozMDAwMDAwMDAwMDAsImRlbGV0ZSI6MzAwMDAwMDAwMDAwLCJ1cGRhdGUiOjEyMDAwMDAwMDAwMH19",
          "dependencies": [
            "module.vpc.aws_eip.nat",
            "module.vpc.aws_internet_gateway.this",
            "module.vpc.aws_nat_gateway.this",
            "module.vpc.aws_subnet.public",
            "module.vpc.aws_vpc.this"
          ]
        }
      ]
    },
    {
      "module": "module.vpc",
      "mode": "managed",
      "type": "aws_route_table",
      "name": "public",
      "provider": "provider[\"registry.terraform.io/hashicorp/aws\"]",
      "instances": [
        {
          "schema_version": 0,
          "attributes": {
            "arn": "arn:aws:ec2:us-east-1:481604401489:route-table/rtb-050c3e0902ff4851d",
            "id": "rtb-050c3e0902ff4851d",
            "owner_id": "481604401489",
            "propagating_vgws": [],
            "route": [
              {
                "carrier_gateway_id": "",
                "cidr_block": "0.0.0.0/0",
                "core_network_arn": "",
                "destination_prefix_list_id": "",
                "egress_only_gateway_id": "",
                "gateway_id": "igw-07f82d286372b959d",
                "ipv6_cidr_block": "",
                "local_gateway_id": "",
                "nat_gateway_id": "",
                "network_interface_id": "",
                "transit_gateway_id": "",
                "vpc_endpoint_id": "",
                "vpc_peering_connection_id": ""
              }
            ],
            "tags": {
              "Environment": "prod",
              "Name": "devops2-g4-app-public-rt-prod",
              "Service": "devops2-g4-app"
            },
            "tags_all": {
              "Environment": "prod",
              "Name": "devops2-g4-app-public-rt-prod",
              "Service": "devops2-g4-app"
            },
            "timeouts": null,
            "vpc_id": "vpc-0615176553d2c0cad"
          },
          "sensitive_attributes": [],
          "identity_schema_version": 0,
          "private": "eyJlMmJmYjczMC1lY2FhLTExZTYtOGY4OC0zNDM2M2JjN2M0YzAiOnsiY3JlYXRlIjozMDAwMDAwMDAwMDAsImRlbGV0ZSI6MzAwMDAwMDAwMDAwLCJ1cGRhdGUiOjEyMDAwMDAwMDAwMH19",
          "dependencies": [
            "module.vpc.aws_internet_gateway.this",
            "module.vpc.aws_vpc.this"
          ]
        }
      ]
    },
    {
      "module": "module.vpc",
      "mode": "managed",
      "type": "aws_route_table_association",
      "name": "private",
      "provider": "provider[\"registry.terraform.io/hashicorp/aws\"]",
      "instances": [
        {
          "index_key": 0,
          "schema_version": 0,
          "attributes": {
            "gateway_id": "",
            "id": "rtbassoc-06876c1eea4818ddc",
            "route_table_id": "rtb-0092038527e0907a6",
            "subnet_id": "subnet-0d70366dceda408d9",
            "timeouts": null
          },
          "sensitive_attributes": [],
          "identity_schema_version": 0,
          "private": "eyJlMmJmYjczMC1lY2FhLTExZTYtOGY4OC0zNDM2M2JjN2M0YzAiOnsiY3JlYXRlIjozMDAwMDAwMDAwMDAsImRlbGV0ZSI6MzAwMDAwMDAwMDAwLCJ1cGRhdGUiOjEyMDAwMDAwMDAwMH19",
          "dependencies": [
            "module.vpc.aws_eip.nat",
            "module.vpc.aws_internet_gateway.this",
            "module.vpc.aws_nat_gateway.this",
            "module.vpc.aws_route_table.private",
            "module.vpc.aws_subnet.private",
            "module.vpc.aws_subnet.public",
            "module.vpc.aws_vpc.this"
          ]
        },
        {
          "index_key": 1,
          "schema_version": 0,
          "attributes": {
            "gateway_id": "",
            "id": "rtbassoc-01773d8b8ce8a5a0d",
            "route_table_id": "rtb-0123e57f6586f98aa",
            "subnet_id": "subnet-018197ad8553f3d36",
            "timeouts": null
          },
          "sensitive_attributes": [],
          "identity_schema_version": 0,
          "private": "eyJlMmJmYjczMC1lY2FhLTExZTYtOGY4OC0zNDM2M2JjN2M0YzAiOnsiY3JlYXRlIjozMDAwMDAwMDAwMDAsImRlbGV0ZSI6MzAwMDAwMDAwMDAwLCJ1cGRhdGUiOjEyMDAwMDAwMDAwMH19",
          "dependencies": [
            "module.vpc.aws_eip.nat",
            "module.vpc.aws_internet_gateway.this",
            "module.vpc.aws_nat_gateway.this",
            "module.vpc.aws_route_table.private",
            "module.vpc.aws_subnet.private",
            "module.vpc.aws_subnet.public",
            "module.vpc.aws_vpc.this"
          ]
        }
      ]
    },
    {
      "module": "module.vpc",
      "mode": "managed",
      "type": "aws_route_table_association",
      "name": "public",
      "provider": "provider[\"registry.terraform.io/hashicorp/aws\"]",
      "instances": [
        {
          "index_key": 0,
          "schema_version": 0,
          "attributes": {
            "gateway_id": "",
            "id": "rtbassoc-01459169aa8168459",
            "route_table_id": "rtb-050c3e0902ff4851d",
            "subnet_id": "subnet-09b49297678cce7e4",
            "timeouts": null
          },
          "sensitive_attributes": [],
          "identity_schema_version": 0,
          "private": "eyJlMmJmYjczMC1lY2FhLTExZTYtOGY4OC0zNDM2M2JjN2M0YzAiOnsiY3JlYXRlIjozMDAwMDAwMDAwMDAsImRlbGV0ZSI6MzAwMDAwMDAwMDAwLCJ1cGRhdGUiOjEyMDAwMDAwMDAwMH19",
          "dependencies": [
            "module.vpc.aws_internet_gateway.this",
            "module.vpc.aws_route_table.public",
            "module.vpc.aws_subnet.public",
            "module.vpc.aws_vpc.this"
          ]
        },
        {
          "index_key": 1,
          "schema_version": 0,
          "attributes": {
            "gateway_id": "",
            "id": "rtbassoc-0d068e0509b639cbc",
            "route_table_id": "rtb-050c3e0902ff4851d",
            "subnet_id": "subnet-0e810235cbff9cd31",
            "timeouts": null
          },
          "sensitive_attributes": [],
          "identity_schema_version": 0,
          "private": "eyJlMmJmYjczMC1lY2FhLTExZTYtOGY4OC0zNDM2M2JjN2M0YzAiOnsiY3JlYXRlIjozMDAwMDAwMDAwMDAsImRlbGV0ZSI6MzAwMDAwMDAwMDAwLCJ1cGRhdGUiOjEyMDAwMDAwMDAwMH19",
          "dependencies": [
            "module.vpc.aws_internet_gateway.this",
            "module.vpc.aws_route_table.public",
            "module.vpc.aws_subnet.public",
            "module.vpc.aws_vpc.this"
          ]
        }
      ]
    },
    {
      "module": "module.vpc",
      "mode": "managed",
      "type": "aws_subnet",
      "name": "private",
      "provider": "provider[\"registry.terraform.io/hashicorp/aws\"]",
      "instances": [
        {
          "index_key": 0,
          "schema_version": 1,
          "attributes": {
            "arn": "arn:aws:ec2:us-east-1:481604401489:subnet/subnet-0d70366dceda408d9",
            "assign_ipv6_address_on_creation": false,
            "availability_zone": "us-east-1a",
            "availability_zone_id": "use1-az6",
            "cidr_block": "10.0.11.0/24",
            "customer_owned_ipv4_pool": "",
            "enable_dns64": false,
            "enable_lni_at_device_index": 0,
            "enable_resource_name_dns_a_record_on_launch": false,
            "enable_resource_name_dns_aaaa_record_on_launch": false,
            "id": "subnet-0d70366dceda408d9",
            "ipv6_cidr_block": "",
            "ipv6_cidr_block_association_id": "",
            "ipv6_native": false,
            "map_customer_owned_ip_on_launch": false,
            "map_public_ip_on_launch": false,
            "outpost_arn": "",
            "owner_id": "481604401489",
            "private_dns_hostname_type_on_launch": "ip-name",
            "tags": {
              "Environment": "prod",
              "Name": "devops2-g4-app-private-subnet-us-east-1a-prod",
              "Service": "devops2-g4-app",
              "Type": "private"
            },
            "tags_all": {
              "Environment": "prod",
              "Name": "devops2-g4-app-private-subnet-us-east-1a-prod",
              "Service": "devops2-g4-app",
              "Type": "private"
            },
            "timeouts": null,
            "vpc_id": "vpc-0615176553d2c0cad"
          },
          "sensitive_attributes": [],
          "identity_schema_version": 0,
          "private": "eyJlMmJmYjczMC1lY2FhLTExZTYtOGY4OC0zNDM2M2JjN2M0YzAiOnsiY3JlYXRlIjo2MDAwMDAwMDAwMDAsImRlbGV0ZSI6MTIwMDAwMDAwMDAwMH0sInNjaGVtYV92ZXJzaW9uIjoiMSJ9",
          "dependencies": [
            "module.vpc.aws_vpc.this"
          ]
        },
        {
          "index_key": 1,
          "schema_version": 1,
          "attributes": {
            "arn": "arn:aws:ec2:us-east-1:481604401489:subnet/subnet-018197ad8553f3d36",
            "assign_ipv6_address_on_creation": false,
            "availability_zone": "us-east-1b",
            "availability_zone_id": "use1-az1",
            "cidr_block": "10.0.12.0/24",
            "customer_owned_ipv4_pool": "",
            "enable_dns64": false,
            "enable_lni_at_device_index": 0,
            "enable_resource_name_dns_a_record_on_launch": false,
            "enable_resource_name_dns_aaaa_record_on_launch": false,
            "id": "subnet-018197ad8553f3d36",
            "ipv6_cidr_block": "",
            "ipv6_cidr_block_association_id": "",
            "ipv6_native": false,
            "map_customer_owned_ip_on_launch": false,
            "map_public_ip_on_launch": false,
            "outpost_arn": "",
            "owner_id": "481604401489",
            "private_dns_hostname_type_on_launch": "ip-name",
            "tags": {
              "Environment": "prod",
              "Name": "devops2-g4-app-private-subnet-us-east-1b-prod",
              "Service": "devops2-g4-app",
              "Type": "private"
            },
            "tags_all": {
              "Environment": "prod",
              "Name": "devops2-g4-app-private-subnet-us-east-1b-prod",
              "Service": "devops2-g4-app",
              "Type": "private"
            },
            "timeouts": null,
            "vpc_id": "vpc-0615176553d2c0cad"
          },
          "sensitive_attributes": [],
          "identity_schema_version": 0,
          "private": "eyJlMmJmYjczMC1lY2FhLTExZTYtOGY4OC0zNDM2M2JjN2M0YzAiOnsiY3JlYXRlIjo2MDAwMDAwMDAwMDAsImRlbGV0ZSI6MTIwMDAwMDAwMDAwMH0sInNjaGVtYV92ZXJzaW9uIjoiMSJ9",
          "dependencies": [
            "module.vpc.aws_vpc.this"
          ]
        }
      ]
    },
    {
      "module": "module.vpc",
      "mode": "managed",
      "type": "aws_subnet",
      "name": "public",
      "provider": "provider[\"registry.terraform.io/hashicorp/aws\"]",
      "instances": [
        {
          "index_key": 0,
          "schema_version": 1,
          "attributes": {
            "arn": "arn:aws:ec2:us-east-1:481604401489:subnet/subnet-09b49297678cce7e4",
            "assign_ipv6_address_on_creation": false,
            "availability_zone": "us-east-1a",
            "availability_zone_id": "use1-az6",
            "cidr_block": "10.0.1.0/24",
            "customer_owned_ipv4_pool": "",
            "enable_dns64": false,
            "enable_lni_at_device_index": 0,
            "enable_resource_name_dns_a_record_on_launch": false,
            "enable_resource_name_dns_aaaa_record_on_launch": false,
            "id": "subnet-09b49297678cce7e4",
            "ipv6_cidr_block": "",
            "ipv6_cidr_block_association_id": "",
            "ipv6_native": false,
            "map_customer_owned_ip_on_launch": false,
            "map_public_ip_on_launch": true,
            "outpost_arn": "",
            "owner_id": "481604401489",
            "private_dns_hostname_type_on_launch": "ip-name",
            "tags": {
              "Environment": "prod",
              "Name": "devops2-g4-app-public-subnet-us-east-1a-prod",
              "Service": "devops2-g4-app",
              "Type": "public"
            },
            "tags_all": {
              "Environment": "prod",
              "Name": "devops2-g4-app-public-subnet-us-east-1a-prod",
              "Service": "devops2-g4-app",
              "Type": "public"
            },
            "timeouts": null,
            "vpc_id": "vpc-0615176553d2c0cad"
          },
          "sensitive_attributes": [],
          "identity_schema_version": 0,
          "private": "eyJlMmJmYjczMC1lY2FhLTExZTYtOGY4OC0zNDM2M2JjN2M0YzAiOnsiY3JlYXRlIjo2MDAwMDAwMDAwMDAsImRlbGV0ZSI6MTIwMDAwMDAwMDAwMH0sInNjaGVtYV92ZXJzaW9uIjoiMSJ9",
          "dependencies": [
            "module.vpc.aws_vpc.this"
          ]
        },
        {
          "index_key": 1,
          "schema_version": 1,
          "attributes": {
            "arn": "arn:aws:ec2:us-east-1:481604401489:subnet/subnet-0e810235cbff9cd31",
            "assign_ipv6_address_on_creation": false,
            "availability_zone": "us-east-1b",
            "availability_zone_id": "use1-az1",
            "cidr_block": "10.0.2.0/24",
            "customer_owned_ipv4_pool": "",
            "enable_dns64": false,
            "enable_lni_at_device_index": 0,
            "enable_resource_name_dns_a_record_on_launch": false,
            "enable_resource_name_dns_aaaa_record_on_launch": false,
            "id": "subnet-0e810235cbff9cd31",
            "ipv6_cidr_block": "",
            "ipv6_cidr_block_association_id": "",
            "ipv6_native": false,
            "map_customer_owned_ip_on_launch": false,
            "map_public_ip_on_launch": true,
            "outpost_arn": "",
            "owner_id": "481604401489",
            "private_dns_hostname_type_on_launch": "ip-name",
            "tags": {
              "Environment": "prod",
              "Name": "devops2-g4-app-public-subnet-us-east-1b-prod",
              "Service": "devops2-g4-app",
              "Type": "public"
            },
            "tags_all": {
              "Environment": "prod",
              "Name": "devops2-g4-app-public-subnet-us-east-1b-prod",
              "Service": "devops2-g4-app",
              "Type": "public"
            },
            "timeouts": null,
            "vpc_id": "vpc-0615176553d2c0cad"
          },
          "sensitive_attributes": [],
          "identity_schema_version": 0,
          "private": "eyJlMmJmYjczMC1lY2FhLTExZTYtOGY4OC0zNDM2M2JjN2M0YzAiOnsiY3JlYXRlIjo2MDAwMDAwMDAwMDAsImRlbGV0ZSI6MTIwMDAwMDAwMDAwMH0sInNjaGVtYV92ZXJzaW9uIjoiMSJ9",
          "dependencies": [
            "module.vpc.aws_vpc.this"
          ]
        }
      ]
    },
    {
      "module": "module.vpc",
      "mode": "managed",
      "type": "aws_vpc",
      "name": "this",
      "provider": "provider[\"registry.terraform.io/hashicorp/aws\"]",
      "instances": [
        {
          "schema_version": 1,
          "attributes": {
            "arn": "arn:aws:ec2:us-east-1:481604401489:vpc/vpc-0615176553d2c0cad",
            "assign_generated_ipv6_cidr_block": false,
            "cidr_block": "10.0.0.0/16",
            "default_network_acl_id": "acl-0b50aece817ce000c",
            "default_route_table_id": "rtb-07c8f87d2dfd2755a",
            "default_security_group_id": "sg-06dd4a07851cd9351",
            "dhcp_options_id": "dopt-0482c00c49b4ef8b7",
            "enable_dns_hostnames": true,
            "enable_dns_support": true,
            "enable_network_address_usage_metrics": false,
            "id": "vpc-0615176553d2c0cad",
            "instance_tenancy": "default",
            "ipv4_ipam_pool_id": null,
            "ipv4_netmask_length": null,
            "ipv6_association_id": "",
            "ipv6_cidr_block": "",
            "ipv6_cidr_block_network_border_group": "",
            "ipv6_ipam_pool_id": "",
            "ipv6_netmask_length": 0,
            "main_route_table_id": "rtb-07c8f87d2dfd2755a",
            "owner_id": "481604401489",
            "tags": {
              "Environment": "prod",
              "Name": "devops2-g4-app-vpc-prod",
              "Service": "devops2-g4-app"
            },
            "tags_all": {
              "Environment": "prod",
              "Name": "devops2-g4-app-vpc-prod",
              "Service": "devops2-g4-app"
            }
          },
          "sensitive_attributes": [],
          "identity_schema_version": 0,
          "private": "eyJzY2hlbWFfdmVyc2lvbiI6IjEifQ=="
        }
      ]
    },
    {
      "module": "module.vpc_link_security_group",
      "mode": "managed",
      "type": "aws_security_group",
      "name": "this",
      "provider": "provider[\"registry.terraform.io/hashicorp/aws\"]",
      "instances": [
        {
          "schema_version": 1,
          "attributes": {
            "arn": "arn:aws:ec2:us-east-1:481604401489:security-group/sg-0726d87b52ac6ca5f",
            "description": "Security group for API Gateway VPC Link",
            "egress": [
              {
                "cidr_blocks": [],
                "description": "Allow traffic to ALB",
                "from_port": 0,
                "ipv6_cidr_blocks": [],
                "prefix_list_ids": [],
                "protocol": "tcp",
                "security_groups": [
                  "sg-03669a2e80381d395"
                ],
                "self": false,
                "to_port": 65535
              }
            ],
            "id": "sg-0726d87b52ac6ca5f",
            "ingress": [
              {
                "cidr_blocks": [
                  "0.0.0.0/0"
                ],
                "description": "Allow HTTPS from anywhere",
                "from_port": 443,
                "ipv6_cidr_blocks": [],
                "prefix_list_ids": [],
                "protocol": "tcp",
                "security_groups": [],
                "self": false,
                "to_port": 443
              }
            ],
            "name": "devops2-g4-vpclink-sg-prod",
            "name_prefix": "",
            "owner_id": "481604401489",
            "revoke_rules_on_delete": false,
            "tags": {
              "Environment": "prod",
              "Name": "devops2-g4-vpclink-sg-prod",
              "Service": "devops2-g4-app"
            },
            "tags_all": {
              "Environment": "prod",
              "Name": "devops2-g4-vpclink-sg-prod",
              "Service": "devops2-g4-app"
            },
            "timeouts": null,
            "vpc_id": "vpc-0615176553d2c0cad"
          },
          "sensitive_attributes": [],
          "identity_schema_version": 0,
          "private": "eyJlMmJmYjczMC1lY2FhLTExZTYtOGY4OC0zNDM2M2JjN2M0YzAiOnsiY3JlYXRlIjo2MDAwMDAwMDAwMDAsImRlbGV0ZSI6OTAwMDAwMDAwMDAwfSwic2NoZW1hX3ZlcnNpb24iOiIxIn0=",
          "dependencies": [
            "module.vpc.aws_vpc.this"
          ]
        }
      ]
    },
    {
      "module": "module.vpc_link_security_group",
      "mode": "managed",
      "type": "aws_vpc_security_group_egress_rule",
      "name": "this",
      "provider": "provider[\"registry.terraform.io/hashicorp/aws\"]",
      "instances": [
        {
          "index_key": 0,
          "schema_version": 0,
          "attributes": {
            "arn": "arn:aws:ec2:us-east-1:481604401489:security-group-rule/sgr-07e779f5cc956d001",
            "cidr_ipv4": null,
            "cidr_ipv6": null,
            "description": "Allow traffic to ALB",
            "from_port": 0,
            "id": "sgr-07e779f5cc956d001",
            "ip_protocol": "tcp",
            "prefix_list_id": null,
            "referenced_security_group_id": "sg-03669a2e80381d395",
            "security_group_id": "sg-0726d87b52ac6ca5f",
            "security_group_rule_id": "sgr-07e779f5cc956d001",
            "tags": {
              "Environment": "prod",
              "Name": "devops2-g4-vpclink-sg-egress-0-prod",
              "Service": "devops2-g4-app"
            },
            "tags_all": {
              "Environment": "prod",
              "Name": "devops2-g4-vpclink-sg-egress-0-prod",
              "Service": "devops2-g4-app"
            },
            "to_port": 65535
          },
          "sensitive_attributes": [],
          "identity_schema_version": 0,
          "dependencies": [
            "module.alb_security_group.aws_security_group.this",
            "module.vpc.aws_vpc.this",
            "module.vpc_link_security_group.aws_security_group.this"
          ]
        }
      ]
    },
    {
      "module": "module.vpc_link_security_group",
      "mode": "managed",
      "type": "aws_vpc_security_group_ingress_rule",
      "name": "this",
      "provider": "provider[\"registry.terraform.io/hashicorp/aws\"]",
      "instances": [
        {
          "index_key": 0,
          "schema_version": 0,
          "attributes": {
            "arn": "arn:aws:ec2:us-east-1:481604401489:security-group-rule/sgr-011bc0c1e2b6308b9",
            "cidr_ipv4": "0.0.0.0/0",
            "cidr_ipv6": null,
            "description": "Allow HTTPS from anywhere",
            "from_port": 443,
            "id": "sgr-011bc0c1e2b6308b9",
            "ip_protocol": "tcp",
            "prefix_list_id": null,
            "referenced_security_group_id": null,
            "security_group_id": "sg-0726d87b52ac6ca5f",
            "security_group_rule_id": "sgr-011bc0c1e2b6308b9",
            "tags": {
              "Environment": "prod",
              "Name": "devops2-g4-vpclink-sg-ingress-0-prod",
              "Service": "devops2-g4-app"
            },
            "tags_all": {
              "Environment": "prod",
              "Name": "devops2-g4-vpclink-sg-ingress-0-prod",
              "Service": "devops2-g4-app"
            },
            "to_port": 443
          },
          "sensitive_attributes": [],
          "identity_schema_version": 0,
          "dependencies": [
            "module.vpc.aws_vpc.this",
            "module.vpc_link_security_group.aws_security_group.this"
          ]
        }
      ]
    }
  ],
  "check_results": null
}
