{
  "version": 4,
  "terraform_version": "1.13.3",
  "serial": 186,
  "lineage": "24b4dbdc-596c-b50d-9175-d995e50e1e64",
  "outputs": {
    "alb_dns_name": {
      "value": "internal-devops2-g4-shared-alb-prod-601288803.us-east-1.elb.amazonaws.com",
      "type": "string"
    },
    "api_endpoint": {
      "value": "https://hb75d59722.execute-api.us-east-1.amazonaws.com",
      "type": "string"
    },
    "api_invoke_url": {
      "value": "https://hb75d59722.execute-api.us-east-1.amazonaws.com/finance",
      "type": "string"
    },
    "ecs_cluster_name": {
      "value": "devops2-g4-finance-cluster-prod",
      "type": "string"
    },
    "ecs_service_name": {
      "value": "devops2-g4-finance-service-prod",
      "type": "string"
    },
    "integration_id": {
      "value": "reaizcn",
      "type": "string"
    },
    "target_group_arn": {
      "value": "arn:aws:elasticloadbalancing:us-east-1:481604401489:targetgroup/devops2-g4-finance-tg-prod/3ef98eb73341aceb",
      "type": "string"
    }
  },
  "resources": [
    {
      "mode": "data",
      "type": "terraform_remote_state",
      "name": "infrastructure",
      "provider": "provider[\"terraform.io/builtin/terraform\"]",
      "instances": [
        {
          "schema_version": 0,
          "attributes": {
            "backend": "local",
            "config": {
              "value": {
                "path": "../../infrastructures/terraform.tfstate.d/prod/terraform.tfstate"
              },
              "type": [
                "object",
                {
                  "path": "string"
                }
              ]
            },
            "defaults": null,
            "outputs": {
              "value": {
                "alb_security_group_id": "sg-05c95cb79f54ab619",
                "api_gateway_endpoint": "https://hb75d59722.execute-api.us-east-1.amazonaws.com",
                "api_gateway_execution_arn": "arn:aws:execute-api:us-east-1:481604401489:hb75d59722",
                "api_gateway_id": "hb75d59722",
                "ecr_api1_repository_arn": "arn:aws:ecr:us-east-1:481604401489:repository/devops2-g4-api1-prod",
                "ecr_api1_repository_name": "devops2-g4-api1-prod",
                "ecr_api1_repository_url": "481604401489.dkr.ecr.us-east-1.amazonaws.com/devops2-g4-api1-prod",
                "ecr_auth_repository_arn": "arn:aws:ecr:us-east-1:481604401489:repository/devops2-g4-auth-prod",
                "ecr_auth_repository_name": "devops2-g4-auth-prod",
                "ecr_auth_repository_url": "481604401489.dkr.ecr.us-east-1.amazonaws.com/devops2-g4-auth-prod",
                "ecr_finance_repository_arn": "arn:aws:ecr:us-east-1:481604401489:repository/devops2-g4-finance-prod",
                "ecr_finance_repository_name": "devops2-g4-finance-prod",
                "ecr_finance_repository_url": "481604401489.dkr.ecr.us-east-1.amazonaws.com/devops2-g4-finance-prod",
                "ecr_messenger_repository_arn": "arn:aws:ecr:us-east-1:481604401489:repository/devops2-g4-messenger-prod",
                "ecr_messenger_repository_name": "devops2-g4-messenger-prod",
                "ecr_messenger_repository_url": "481604401489.dkr.ecr.us-east-1.amazonaws.com/devops2-g4-messenger-prod",
                "ecr_profile_repository_arn": "arn:aws:ecr:us-east-1:481604401489:repository/devops2-g4-profile-prod",
                "ecr_profile_repository_name": "devops2-g4-profile-prod",
                "ecr_profile_repository_url": "481604401489.dkr.ecr.us-east-1.amazonaws.com/devops2-g4-profile-prod",
                "ecr_share_repository_arn": "arn:aws:ecr:us-east-1:481604401489:repository/devops2-g4-share-prod",
                "ecr_share_repository_name": "devops2-g4-share-prod",
                "ecr_share_repository_url": "481604401489.dkr.ecr.us-east-1.amazonaws.com/devops2-g4-share-prod",
                "ecs_log_group_arn": "arn:aws:logs:us-east-1:481604401489:log-group:/ecs/devops2-g4-app-prod",
                "ecs_log_group_name": "/ecs/devops2-g4-app-prod",
                "ecs_security_group_id": "sg-0ba107be0aea53eb2",
                "ecs_task_execution_role_arn": "arn:aws:iam::481604401489:role/devops2-g4-ecs-task-execution-role-prod",
                "ecs_task_role_arn": "arn:aws:iam::481604401489:role/devops2-g4-ecs-task-role-prod",
                "inspector_sns_topic_arn": "arn:aws:sns:us-east-1:481604401489:devops2-g4-app-inspector-findings-prod",
                "private_subnet_ids": [
                  "subnet-03b12b91b94e74b1d",
                  "subnet-0d21914eb16354a57"
                ],
                "public_subnet_ids": [
                  "subnet-0346f6e675eae40ca",
                  "subnet-095bd1411139313e4"
                ],
                "shared_alb_arn": "arn:aws:elasticloadbalancing:us-east-1:481604401489:loadbalancer/app/devops2-g4-shared-alb-prod/79396e3200316bd2",
                "shared_alb_dns_name": "internal-devops2-g4-shared-alb-prod-601288803.us-east-1.elb.amazonaws.com",
                "shared_alb_listener_arn": "arn:aws:elasticloadbalancing:us-east-1:481604401489:listener/app/devops2-g4-shared-alb-prod/79396e3200316bd2/32c237ecc1e2650d",
                "shared_alb_zone_id": "Z35SXDOTRQ7X7K",
                "vpc_cidr": "10.0.0.0/16",
                "vpc_id": "vpc-0fd96a52385f6a798",
                "vpc_link_id": "hxut1g",
                "vpc_link_security_group_id": "sg-0d0c01ac9e9d7796c"
              },
              "type": [
                "object",
                {
                  "alb_security_group_id": "string",
                  "api_gateway_endpoint": "string",
                  "api_gateway_execution_arn": "string",
                  "api_gateway_id": "string",
                  "ecr_api1_repository_arn": "string",
                  "ecr_api1_repository_name": "string",
                  "ecr_api1_repository_url": "string",
                  "ecr_auth_repository_arn": "string",
                  "ecr_auth_repository_name": "string",
                  "ecr_auth_repository_url": "string",
                  "ecr_finance_repository_arn": "string",
                  "ecr_finance_repository_name": "string",
                  "ecr_finance_repository_url": "string",
                  "ecr_messenger_repository_arn": "string",
                  "ecr_messenger_repository_name": "string",
                  "ecr_messenger_repository_url": "string",
                  "ecr_profile_repository_arn": "string",
                  "ecr_profile_repository_name": "string",
                  "ecr_profile_repository_url": "string",
                  "ecr_share_repository_arn": "string",
                  "ecr_share_repository_name": "string",
                  "ecr_share_repository_url": "string",
                  "ecs_log_group_arn": "string",
                  "ecs_log_group_name": "string",
                  "ecs_security_group_id": "string",
                  "ecs_task_execution_role_arn": "string",
                  "ecs_task_role_arn": "string",
                  "inspector_sns_topic_arn": "string",
                  "private_subnet_ids": [
                    "tuple",
                    [
                      "string",
                      "string"
                    ]
                  ],
                  "public_subnet_ids": [
                    "tuple",
                    [
                      "string",
                      "string"
                    ]
                  ],
                  "shared_alb_arn": "string",
                  "shared_alb_dns_name": "string",
                  "shared_alb_listener_arn": "string",
                  "shared_alb_zone_id": "string",
                  "vpc_cidr": "string",
                  "vpc_id": "string",
                  "vpc_link_id": "string",
                  "vpc_link_security_group_id": "string"
                }
              ]
            },
            "workspace": null
          },
          "sensitive_attributes": [],
          "identity_schema_version": 0
        }
      ]
    },
    {
      "module": "module.alb_target_group",
      "mode": "managed",
      "type": "aws_lb_listener_rule",
      "name": "this",
      "provider": "provider[\"registry.terraform.io/hashicorp/aws\"]",
      "instances": [
        {
          "schema_version": 0,
          "attributes": {
            "action": [
              {
                "authenticate_cognito": [],
                "authenticate_oidc": [],
                "fixed_response": [],
                "forward": [],
                "order": 1,
                "redirect": [],
                "target_group_arn": "arn:aws:elasticloadbalancing:us-east-1:481604401489:targetgroup/devops2-g4-finance-tg-prod/3ef98eb73341aceb",
                "type": "forward"
              }
            ],
            "arn": "arn:aws:elasticloadbalancing:us-east-1:481604401489:listener-rule/app/devops2-g4-shared-alb-prod/79396e3200316bd2/32c237ecc1e2650d/b05e2816fc9cdba8",
            "condition": [
              {
                "host_header": [],
                "http_header": [],
                "http_request_method": [],
                "path_pattern": [
                  {
                    "values": [
                      "/finance",
                      "/finance/*"
                    ]
                  }
                ],
                "query_string": [],
                "source_ip": []
              }
            ],
            "id": "arn:aws:elasticloadbalancing:us-east-1:481604401489:listener-rule/app/devops2-g4-shared-alb-prod/79396e3200316bd2/32c237ecc1e2650d/b05e2816fc9cdba8",
            "listener_arn": "arn:aws:elasticloadbalancing:us-east-1:481604401489:listener/app/devops2-g4-shared-alb-prod/79396e3200316bd2/32c237ecc1e2650d",
            "priority": 500,
            "tags": {
              "Environment": "prod",
              "Name": "devops2-g4-finance-listener-rule-prod",
              "Service": "devops2-g4-finance"
            },
            "tags_all": {
              "Environment": "prod",
              "Name": "devops2-g4-finance-listener-rule-prod",
              "Service": "devops2-g4-finance"
            }
          },
          "sensitive_attributes": [],
          "identity_schema_version": 0,
          "private": "bnVsbA==",
          "dependencies": [
            "data.terraform_remote_state.infrastructure",
            "module.alb_target_group.aws_lb_target_group.this"
          ]
        }
      ]
    },
    {
      "module": "module.alb_target_group",
      "mode": "managed",
      "type": "aws_lb_target_group",
      "name": "this",
      "provider": "provider[\"registry.terraform.io/hashicorp/aws\"]",
      "instances": [
        {
          "schema_version": 0,
          "attributes": {
            "arn": "arn:aws:elasticloadbalancing:us-east-1:481604401489:targetgroup/devops2-g4-finance-tg-prod/3ef98eb73341aceb",
            "arn_suffix": "targetgroup/devops2-g4-finance-tg-prod/3ef98eb73341aceb",
            "connection_termination": null,
            "deregistration_delay": "30",
            "health_check": [
              {
                "enabled": true,
                "healthy_threshold": 2,
                "interval": 30,
                "matcher": "200",
                "path": "/api/hello",
                "port": "traffic-port",
                "protocol": "HTTP",
                "timeout": 5,
                "unhealthy_threshold": 3
              }
            ],
            "id": "arn:aws:elasticloadbalancing:us-east-1:481604401489:targetgroup/devops2-g4-finance-tg-prod/3ef98eb73341aceb",
            "ip_address_type": "ipv4",
            "lambda_multi_value_headers_enabled": false,
            "load_balancer_arns": [],
            "load_balancing_algorithm_type": "round_robin",
            "load_balancing_anomaly_mitigation": "off",
            "load_balancing_cross_zone_enabled": "use_load_balancer_configuration",
            "name": "devops2-g4-finance-tg-prod",
            "name_prefix": "",
            "port": 8080,
            "preserve_client_ip": null,
            "protocol": "HTTP",
            "protocol_version": "HTTP1",
            "proxy_protocol_v2": false,
            "slow_start": 0,
            "stickiness": [
              {
                "cookie_duration": 86400,
                "cookie_name": "",
                "enabled": false,
                "type": "lb_cookie"
              }
            ],
            "tags": {
              "Environment": "prod",
              "Name": "devops2-g4-finance-tg-prod",
              "Service": "devops2-g4-finance"
            },
            "tags_all": {
              "Environment": "prod",
              "Name": "devops2-g4-finance-tg-prod",
              "Service": "devops2-g4-finance"
            },
            "target_failover": [
              {
                "on_deregistration": null,
                "on_unhealthy": null
              }
            ],
            "target_group_health": [
              {
                "dns_failover": [
                  {
                    "minimum_healthy_targets_count": "1",
                    "minimum_healthy_targets_percentage": "off"
                  }
                ],
                "unhealthy_state_routing": [
                  {
                    "minimum_healthy_targets_count": 1,
                    "minimum_healthy_targets_percentage": "off"
                  }
                ]
              }
            ],
            "target_health_state": [
              {
                "enable_unhealthy_connection_termination": null,
                "unhealthy_draining_interval": null
              }
            ],
            "target_type": "ip",
            "vpc_id": "vpc-0fd96a52385f6a798"
          },
          "sensitive_attributes": [],
          "identity_schema_version": 0,
          "private": "bnVsbA==",
          "dependencies": [
            "data.terraform_remote_state.infrastructure"
          ]
        }
      ]
    },
    {
      "module": "module.api_gateway_route",
      "mode": "managed",
      "type": "aws_apigatewayv2_integration",
      "name": "root",
      "provider": "provider[\"registry.terraform.io/hashicorp/aws\"]",
      "instances": [
        {
          "schema_version": 0,
          "attributes": {
            "api_id": "hb75d59722",
            "connection_id": "hxut1g",
            "connection_type": "VPC_LINK",
            "content_handling_strategy": "",
            "credentials_arn": "",
            "description": "",
            "id": "zaw94iv",
            "integration_method": "ANY",
            "integration_response_selection_expression": "",
            "integration_subtype": "",
            "integration_type": "HTTP_PROXY",
            "integration_uri": "arn:aws:elasticloadbalancing:us-east-1:481604401489:listener/app/devops2-g4-shared-alb-prod/79396e3200316bd2/32c237ecc1e2650d",
            "passthrough_behavior": "",
            "payload_format_version": "1.0",
            "request_parameters": null,
            "request_templates": null,
            "response_parameters": [],
            "template_selection_expression": "",
            "timeout_milliseconds": 30000,
            "tls_config": []
          },
          "sensitive_attributes": [],
          "identity_schema_version": 0,
          "private": "bnVsbA==",
          "dependencies": [
            "data.terraform_remote_state.infrastructure"
          ]
        }
      ]
    },
    {
      "module": "module.api_gateway_route",
      "mode": "managed",
      "type": "aws_apigatewayv2_integration",
      "name": "this",
      "provider": "provider[\"registry.terraform.io/hashicorp/aws\"]",
      "instances": [
        {
          "schema_version": 0,
          "attributes": {
            "api_id": "hb75d59722",
            "connection_id": "hxut1g",
            "connection_type": "VPC_LINK",
            "content_handling_strategy": "",
            "credentials_arn": "",
            "description": "",
            "id": "reaizcn",
            "integration_method": "ANY",
            "integration_response_selection_expression": "",
            "integration_subtype": "",
            "integration_type": "HTTP_PROXY",
            "integration_uri": "arn:aws:elasticloadbalancing:us-east-1:481604401489:listener/app/devops2-g4-shared-alb-prod/79396e3200316bd2/32c237ecc1e2650d",
            "passthrough_behavior": "",
            "payload_format_version": "1.0",
            "request_parameters": null,
            "request_templates": null,
            "response_parameters": [],
            "template_selection_expression": "",
            "timeout_milliseconds": 30000,
            "tls_config": []
          },
          "sensitive_attributes": [],
          "identity_schema_version": 0,
          "private": "bnVsbA==",
          "dependencies": [
            "data.terraform_remote_state.infrastructure"
          ]
        }
      ]
    },
    {
      "module": "module.api_gateway_route",
      "mode": "managed",
      "type": "aws_apigatewayv2_route",
      "name": "service_root",
      "provider": "provider[\"registry.terraform.io/hashicorp/aws\"]",
      "instances": [
        {
          "schema_version": 0,
          "attributes": {
            "api_id": "hb75d59722",
            "api_key_required": false,
            "authorization_scopes": null,
            "authorization_type": "NONE",
            "authorizer_id": "",
            "id": "7dpjhvb",
            "model_selection_expression": "",
            "operation_name": "",
            "request_models": null,
            "request_parameter": [],
            "route_key": "ANY /finance",
            "route_response_selection_expression": "",
            "target": "integrations/zaw94iv"
          },
          "sensitive_attributes": [],
          "identity_schema_version": 0,
          "private": "bnVsbA==",
          "dependencies": [
            "data.terraform_remote_state.infrastructure",
            "module.api_gateway_route.aws_apigatewayv2_integration.root"
          ]
        }
      ]
    },
    {
      "module": "module.api_gateway_route",
      "mode": "managed",
      "type": "aws_apigatewayv2_route",
      "name": "service_route",
      "provider": "provider[\"registry.terraform.io/hashicorp/aws\"]",
      "instances": [
        {
          "schema_version": 0,
          "attributes": {
            "api_id": "hb75d59722",
            "api_key_required": false,
            "authorization_scopes": null,
            "authorization_type": "NONE",
            "authorizer_id": "",
            "id": "bmtowfb",
            "model_selection_expression": "",
            "operation_name": "",
            "request_models": null,
            "request_parameter": [],
            "route_key": "ANY /finance/{proxy+}",
            "route_response_selection_expression": "",
            "target": "integrations/reaizcn"
          },
          "sensitive_attributes": [],
          "identity_schema_version": 0,
          "private": "bnVsbA==",
          "dependencies": [
            "data.terraform_remote_state.infrastructure",
            "module.api_gateway_route.aws_apigatewayv2_integration.this"
          ]
        }
      ]
    },
    {
      "module": "module.ecs_cluster",
      "mode": "managed",
      "type": "aws_ecs_cluster",
      "name": "this",
      "provider": "provider[\"registry.terraform.io/hashicorp/aws\"]",
      "instances": [
        {
          "schema_version": 0,
          "attributes": {
            "arn": "arn:aws:ecs:us-east-1:481604401489:cluster/devops2-g4-finance-cluster-prod",
            "configuration": [],
            "id": "arn:aws:ecs:us-east-1:481604401489:cluster/devops2-g4-finance-cluster-prod",
            "name": "devops2-g4-finance-cluster-prod",
            "service_connect_defaults": [],
            "setting": [
              {
                "name": "containerInsights",
                "value": "enabled"
              }
            ],
            "tags": {
              "Environment": "prod",
              "Name": "devops2-g4-finance-cluster-prod",
              "Service": "devops2-g4-finance"
            },
            "tags_all": {
              "Environment": "prod",
              "Name": "devops2-g4-finance-cluster-prod",
              "Service": "devops2-g4-finance"
            }
          },
          "sensitive_attributes": [],
          "identity_schema_version": 0,
          "private": "bnVsbA=="
        }
      ]
    },
    {
      "module": "module.ecs_service",
      "mode": "managed",
      "type": "aws_appautoscaling_policy",
      "name": "cpu_scale_down",
      "provider": "provider[\"registry.terraform.io/hashicorp/aws\"]",
      "instances": [
        {
          "schema_version": 0,
          "attributes": {
            "alarm_arns": [],
            "arn": "arn:aws:autoscaling:us-east-1:481604401489:scalingPolicy:9ccc4dda-0573-4470-9189-ba5cf5a991ed:resource/ecs/service/devops2-g4-finance-cluster-prod/devops2-g4-finance-service-prod:policyName/devops2-g4-finance-cpu-scale-down-prod",
            "id": "devops2-g4-finance-cpu-scale-down-prod",
            "name": "devops2-g4-finance-cpu-scale-down-prod",
            "policy_type": "StepScaling",
            "resource_id": "service/devops2-g4-finance-cluster-prod/devops2-g4-finance-service-prod",
            "scalable_dimension": "ecs:service:DesiredCount",
            "service_namespace": "ecs",
            "step_scaling_policy_configuration": [
              {
                "adjustment_type": "ChangeInCapacity",
                "cooldown": 300,
                "metric_aggregation_type": "Average",
                "min_adjustment_magnitude": 0,
                "step_adjustment": [
                  {
                    "metric_interval_lower_bound": "",
                    "metric_interval_upper_bound": "0",
                    "scaling_adjustment": -1
                  }
                ]
              }
            ],
            "target_tracking_scaling_policy_configuration": []
          },
          "sensitive_attributes": [],
          "identity_schema_version": 0,
          "private": "bnVsbA==",
          "dependencies": [
            "data.terraform_remote_state.infrastructure",
            "module.alb_target_group.aws_lb_target_group.this",
            "module.ecs_cluster.aws_ecs_cluster.this",
            "module.ecs_service.aws_appautoscaling_target.ecs",
            "module.ecs_service.aws_ecs_service.this",
            "module.ecs_service.aws_ecs_task_definition.this"
          ]
        }
      ]
    },
    {
      "module": "module.ecs_service",
      "mode": "managed",
      "type": "aws_appautoscaling_policy",
      "name": "cpu_scale_up",
      "provider": "provider[\"registry.terraform.io/hashicorp/aws\"]",
      "instances": [
        {
          "schema_version": 0,
          "attributes": {
            "alarm_arns": [],
            "arn": "arn:aws:autoscaling:us-east-1:481604401489:scalingPolicy:9ccc4dda-0573-4470-9189-ba5cf5a991ed:resource/ecs/service/devops2-g4-finance-cluster-prod/devops2-g4-finance-service-prod:policyName/devops2-g4-finance-cpu-scale-up-prod",
            "id": "devops2-g4-finance-cpu-scale-up-prod",
            "name": "devops2-g4-finance-cpu-scale-up-prod",
            "policy_type": "StepScaling",
            "resource_id": "service/devops2-g4-finance-cluster-prod/devops2-g4-finance-service-prod",
            "scalable_dimension": "ecs:service:DesiredCount",
            "service_namespace": "ecs",
            "step_scaling_policy_configuration": [
              {
                "adjustment_type": "ChangeInCapacity",
                "cooldown": 60,
                "metric_aggregation_type": "Average",
                "min_adjustment_magnitude": 0,
                "step_adjustment": [
                  {
                    "metric_interval_lower_bound": "0",
                    "metric_interval_upper_bound": "",
                    "scaling_adjustment": 1
                  }
                ]
              }
            ],
            "target_tracking_scaling_policy_configuration": []
          },
          "sensitive_attributes": [],
          "identity_schema_version": 0,
          "private": "bnVsbA==",
          "dependencies": [
            "data.terraform_remote_state.infrastructure",
            "module.alb_target_group.aws_lb_target_group.this",
            "module.ecs_cluster.aws_ecs_cluster.this",
            "module.ecs_service.aws_appautoscaling_target.ecs",
            "module.ecs_service.aws_ecs_service.this",
            "module.ecs_service.aws_ecs_task_definition.this"
          ]
        }
      ]
    },
    {
      "module": "module.ecs_service",
      "mode": "managed",
      "type": "aws_appautoscaling_policy",
      "name": "memory_scale_down",
      "provider": "provider[\"registry.terraform.io/hashicorp/aws\"]",
      "instances": [
        {
          "schema_version": 0,
          "attributes": {
            "alarm_arns": [],
            "arn": "arn:aws:autoscaling:us-east-1:481604401489:scalingPolicy:9ccc4dda-0573-4470-9189-ba5cf5a991ed:resource/ecs/service/devops2-g4-finance-cluster-prod/devops2-g4-finance-service-prod:policyName/devops2-g4-finance-memory-scale-down-prod",
            "id": "devops2-g4-finance-memory-scale-down-prod",
            "name": "devops2-g4-finance-memory-scale-down-prod",
            "policy_type": "StepScaling",
            "resource_id": "service/devops2-g4-finance-cluster-prod/devops2-g4-finance-service-prod",
            "scalable_dimension": "ecs:service:DesiredCount",
            "service_namespace": "ecs",
            "step_scaling_policy_configuration": [
              {
                "adjustment_type": "ChangeInCapacity",
                "cooldown": 300,
                "metric_aggregation_type": "Average",
                "min_adjustment_magnitude": 0,
                "step_adjustment": [
                  {
                    "metric_interval_lower_bound": "",
                    "metric_interval_upper_bound": "0",
                    "scaling_adjustment": -1
                  }
                ]
              }
            ],
            "target_tracking_scaling_policy_configuration": []
          },
          "sensitive_attributes": [],
          "identity_schema_version": 0,
          "private": "bnVsbA==",
          "dependencies": [
            "data.terraform_remote_state.infrastructure",
            "module.alb_target_group.aws_lb_target_group.this",
            "module.ecs_cluster.aws_ecs_cluster.this",
            "module.ecs_service.aws_appautoscaling_target.ecs",
            "module.ecs_service.aws_ecs_service.this",
            "module.ecs_service.aws_ecs_task_definition.this"
          ]
        }
      ]
    },
    {
      "module": "module.ecs_service",
      "mode": "managed",
      "type": "aws_appautoscaling_policy",
      "name": "memory_scale_up",
      "provider": "provider[\"registry.terraform.io/hashicorp/aws\"]",
      "instances": [
        {
          "schema_version": 0,
          "attributes": {
            "alarm_arns": [],
            "arn": "arn:aws:autoscaling:us-east-1:481604401489:scalingPolicy:9ccc4dda-0573-4470-9189-ba5cf5a991ed:resource/ecs/service/devops2-g4-finance-cluster-prod/devops2-g4-finance-service-prod:policyName/devops2-g4-finance-memory-scale-up-prod",
            "id": "devops2-g4-finance-memory-scale-up-prod",
            "name": "devops2-g4-finance-memory-scale-up-prod",
            "policy_type": "StepScaling",
            "resource_id": "service/devops2-g4-finance-cluster-prod/devops2-g4-finance-service-prod",
            "scalable_dimension": "ecs:service:DesiredCount",
            "service_namespace": "ecs",
            "step_scaling_policy_configuration": [
              {
                "adjustment_type": "ChangeInCapacity",
                "cooldown": 60,
                "metric_aggregation_type": "Average",
                "min_adjustment_magnitude": 0,
                "step_adjustment": [
                  {
                    "metric_interval_lower_bound": "0",
                    "metric_interval_upper_bound": "",
                    "scaling_adjustment": 1
                  }
                ]
              }
            ],
            "target_tracking_scaling_policy_configuration": []
          },
          "sensitive_attributes": [],
          "identity_schema_version": 0,
          "private": "bnVsbA==",
          "dependencies": [
            "data.terraform_remote_state.infrastructure",
            "module.alb_target_group.aws_lb_target_group.this",
            "module.ecs_cluster.aws_ecs_cluster.this",
            "module.ecs_service.aws_appautoscaling_target.ecs",
            "module.ecs_service.aws_ecs_service.this",
            "module.ecs_service.aws_ecs_task_definition.this"
          ]
        }
      ]
    },
    {
      "module": "module.ecs_service",
      "mode": "managed",
      "type": "aws_appautoscaling_target",
      "name": "ecs",
      "provider": "provider[\"registry.terraform.io/hashicorp/aws\"]",
      "instances": [
        {
          "schema_version": 0,
          "attributes": {
            "arn": "arn:aws:application-autoscaling:us-east-1:481604401489:scalable-target/0ec59ccc4dda057344709189ba5cf5a991ed",
            "id": "service/devops2-g4-finance-cluster-prod/devops2-g4-finance-service-prod",
            "max_capacity": 10,
            "min_capacity": 2,
            "resource_id": "service/devops2-g4-finance-cluster-prod/devops2-g4-finance-service-prod",
            "role_arn": "arn:aws:iam::481604401489:role/aws-service-role/ecs.application-autoscaling.amazonaws.com/AWSServiceRoleForApplicationAutoScaling_ECSService",
            "scalable_dimension": "ecs:service:DesiredCount",
            "service_namespace": "ecs",
            "suspended_state": [
              {
                "dynamic_scaling_in_suspended": false,
                "dynamic_scaling_out_suspended": false,
                "scheduled_scaling_suspended": false
              }
            ],
            "tags": null,
            "tags_all": {}
          },
          "sensitive_attributes": [],
          "identity_schema_version": 0,
          "private": "bnVsbA==",
          "dependencies": [
            "data.terraform_remote_state.infrastructure",
            "module.alb_target_group.aws_lb_target_group.this",
            "module.ecs_cluster.aws_ecs_cluster.this",
            "module.ecs_service.aws_ecs_service.this",
            "module.ecs_service.aws_ecs_task_definition.this"
          ]
        }
      ]
    },
    {
      "module": "module.ecs_service",
      "mode": "managed",
      "type": "aws_cloudwatch_metric_alarm",
      "name": "cpu_high",
      "provider": "provider[\"registry.terraform.io/hashicorp/aws\"]",
      "instances": [
        {
          "schema_version": 1,
          "attributes": {
            "actions_enabled": true,
            "alarm_actions": [
              "arn:aws:autoscaling:us-east-1:481604401489:scalingPolicy:9ccc4dda-0573-4470-9189-ba5cf5a991ed:resource/ecs/service/devops2-g4-finance-cluster-prod/devops2-g4-finance-service-prod:policyName/devops2-g4-finance-cpu-scale-up-prod"
            ],
            "alarm_description": "Trigger scale up when CPU \u003e 70%",
            "alarm_name": "devops2-g4-finance-cpu-high-prod",
            "arn": "arn:aws:cloudwatch:us-east-1:481604401489:alarm:devops2-g4-finance-cpu-high-prod",
            "comparison_operator": "GreaterThanThreshold",
            "datapoints_to_alarm": 0,
            "dimensions": {
              "ClusterName": "devops2-g4-finance-cluster-prod",
              "ServiceName": "devops2-g4-finance-service-prod"
            },
            "evaluate_low_sample_count_percentiles": "",
            "evaluation_periods": 2,
            "extended_statistic": "",
            "id": "devops2-g4-finance-cpu-high-prod",
            "insufficient_data_actions": null,
            "metric_name": "CPUUtilization",
            "metric_query": [],
            "namespace": "AWS/ECS",
            "ok_actions": null,
            "period": 60,
            "statistic": "Average",
            "tags": {
              "Environment": "prod",
              "Name": "devops2-g4-finance-cpu-high-prod",
              "Service": "devops2-g4-finance"
            },
            "tags_all": {
              "Environment": "prod",
              "Name": "devops2-g4-finance-cpu-high-prod",
              "Service": "devops2-g4-finance"
            },
            "threshold": 70,
            "threshold_metric_id": "",
            "treat_missing_data": "missing",
            "unit": ""
          },
          "sensitive_attributes": [],
          "identity_schema_version": 0,
          "private": "eyJzY2hlbWFfdmVyc2lvbiI6IjEifQ==",
          "dependencies": [
            "data.terraform_remote_state.infrastructure",
            "module.alb_target_group.aws_lb_target_group.this",
            "module.ecs_cluster.aws_ecs_cluster.this",
            "module.ecs_service.aws_appautoscaling_policy.cpu_scale_up",
            "module.ecs_service.aws_appautoscaling_target.ecs",
            "module.ecs_service.aws_ecs_service.this",
            "module.ecs_service.aws_ecs_task_definition.this"
          ]
        }
      ]
    },
    {
      "module": "module.ecs_service",
      "mode": "managed",
      "type": "aws_cloudwatch_metric_alarm",
      "name": "cpu_low",
      "provider": "provider[\"registry.terraform.io/hashicorp/aws\"]",
      "instances": [
        {
          "schema_version": 1,
          "attributes": {
            "actions_enabled": true,
            "alarm_actions": [
              "arn:aws:autoscaling:us-east-1:481604401489:scalingPolicy:9ccc4dda-0573-4470-9189-ba5cf5a991ed:resource/ecs/service/devops2-g4-finance-cluster-prod/devops2-g4-finance-service-prod:policyName/devops2-g4-finance-cpu-scale-down-prod"
            ],
            "alarm_description": "Trigger scale down when CPU \u003c 30%",
            "alarm_name": "devops2-g4-finance-cpu-low-prod",
            "arn": "arn:aws:cloudwatch:us-east-1:481604401489:alarm:devops2-g4-finance-cpu-low-prod",
            "comparison_operator": "LessThanThreshold",
            "datapoints_to_alarm": 0,
            "dimensions": {
              "ClusterName": "devops2-g4-finance-cluster-prod",
              "ServiceName": "devops2-g4-finance-service-prod"
            },
            "evaluate_low_sample_count_percentiles": "",
            "evaluation_periods": 2,
            "extended_statistic": "",
            "id": "devops2-g4-finance-cpu-low-prod",
            "insufficient_data_actions": null,
            "metric_name": "CPUUtilization",
            "metric_query": [],
            "namespace": "AWS/ECS",
            "ok_actions": null,
            "period": 60,
            "statistic": "Average",
            "tags": {
              "Environment": "prod",
              "Name": "devops2-g4-finance-cpu-low-prod",
              "Service": "devops2-g4-finance"
            },
            "tags_all": {
              "Environment": "prod",
              "Name": "devops2-g4-finance-cpu-low-prod",
              "Service": "devops2-g4-finance"
            },
            "threshold": 30,
            "threshold_metric_id": "",
            "treat_missing_data": "missing",
            "unit": ""
          },
          "sensitive_attributes": [],
          "identity_schema_version": 0,
          "private": "eyJzY2hlbWFfdmVyc2lvbiI6IjEifQ==",
          "dependencies": [
            "data.terraform_remote_state.infrastructure",
            "module.alb_target_group.aws_lb_target_group.this",
            "module.ecs_cluster.aws_ecs_cluster.this",
            "module.ecs_service.aws_appautoscaling_policy.cpu_scale_down",
            "module.ecs_service.aws_appautoscaling_target.ecs",
            "module.ecs_service.aws_ecs_service.this",
            "module.ecs_service.aws_ecs_task_definition.this"
          ]
        }
      ]
    },
    {
      "module": "module.ecs_service",
      "mode": "managed",
      "type": "aws_cloudwatch_metric_alarm",
      "name": "memory_high",
      "provider": "provider[\"registry.terraform.io/hashicorp/aws\"]",
      "instances": [
        {
          "schema_version": 1,
          "attributes": {
            "actions_enabled": true,
            "alarm_actions": [
              "arn:aws:autoscaling:us-east-1:481604401489:scalingPolicy:9ccc4dda-0573-4470-9189-ba5cf5a991ed:resource/ecs/service/devops2-g4-finance-cluster-prod/devops2-g4-finance-service-prod:policyName/devops2-g4-finance-memory-scale-up-prod"
            ],
            "alarm_description": "Trigger scale up when Memory \u003e 70%",
            "alarm_name": "devops2-g4-finance-memory-high-prod",
            "arn": "arn:aws:cloudwatch:us-east-1:481604401489:alarm:devops2-g4-finance-memory-high-prod",
            "comparison_operator": "GreaterThanThreshold",
            "datapoints_to_alarm": 0,
            "dimensions": {
              "ClusterName": "devops2-g4-finance-cluster-prod",
              "ServiceName": "devops2-g4-finance-service-prod"
            },
            "evaluate_low_sample_count_percentiles": "",
            "evaluation_periods": 2,
            "extended_statistic": "",
            "id": "devops2-g4-finance-memory-high-prod",
            "insufficient_data_actions": null,
            "metric_name": "MemoryUtilization",
            "metric_query": [],
            "namespace": "AWS/ECS",
            "ok_actions": null,
            "period": 60,
            "statistic": "Average",
            "tags": {
              "Environment": "prod",
              "Name": "devops2-g4-finance-memory-high-prod",
              "Service": "devops2-g4-finance"
            },
            "tags_all": {
              "Environment": "prod",
              "Name": "devops2-g4-finance-memory-high-prod",
              "Service": "devops2-g4-finance"
            },
            "threshold": 70,
            "threshold_metric_id": "",
            "treat_missing_data": "missing",
            "unit": ""
          },
          "sensitive_attributes": [],
          "identity_schema_version": 0,
          "private": "eyJzY2hlbWFfdmVyc2lvbiI6IjEifQ==",
          "dependencies": [
            "data.terraform_remote_state.infrastructure",
            "module.alb_target_group.aws_lb_target_group.this",
            "module.ecs_cluster.aws_ecs_cluster.this",
            "module.ecs_service.aws_appautoscaling_policy.memory_scale_up",
            "module.ecs_service.aws_appautoscaling_target.ecs",
            "module.ecs_service.aws_ecs_service.this",
            "module.ecs_service.aws_ecs_task_definition.this"
          ]
        }
      ]
    },
    {
      "module": "module.ecs_service",
      "mode": "managed",
      "type": "aws_cloudwatch_metric_alarm",
      "name": "memory_low",
      "provider": "provider[\"registry.terraform.io/hashicorp/aws\"]",
      "instances": [
        {
          "schema_version": 1,
          "attributes": {
            "actions_enabled": true,
            "alarm_actions": [
              "arn:aws:autoscaling:us-east-1:481604401489:scalingPolicy:9ccc4dda-0573-4470-9189-ba5cf5a991ed:resource/ecs/service/devops2-g4-finance-cluster-prod/devops2-g4-finance-service-prod:policyName/devops2-g4-finance-memory-scale-down-prod"
            ],
            "alarm_description": "Trigger scale down when Memory \u003c 30%",
            "alarm_name": "devops2-g4-finance-memory-low-prod",
            "arn": "arn:aws:cloudwatch:us-east-1:481604401489:alarm:devops2-g4-finance-memory-low-prod",
            "comparison_operator": "LessThanThreshold",
            "datapoints_to_alarm": 0,
            "dimensions": {
              "ClusterName": "devops2-g4-finance-cluster-prod",
              "ServiceName": "devops2-g4-finance-service-prod"
            },
            "evaluate_low_sample_count_percentiles": "",
            "evaluation_periods": 2,
            "extended_statistic": "",
            "id": "devops2-g4-finance-memory-low-prod",
            "insufficient_data_actions": null,
            "metric_name": "MemoryUtilization",
            "metric_query": [],
            "namespace": "AWS/ECS",
            "ok_actions": null,
            "period": 60,
            "statistic": "Average",
            "tags": {
              "Environment": "prod",
              "Name": "devops2-g4-finance-memory-low-prod",
              "Service": "devops2-g4-finance"
            },
            "tags_all": {
              "Environment": "prod",
              "Name": "devops2-g4-finance-memory-low-prod",
              "Service": "devops2-g4-finance"
            },
            "threshold": 30,
            "threshold_metric_id": "",
            "treat_missing_data": "missing",
            "unit": ""
          },
          "sensitive_attributes": [],
          "identity_schema_version": 0,
          "private": "eyJzY2hlbWFfdmVyc2lvbiI6IjEifQ==",
          "dependencies": [
            "data.terraform_remote_state.infrastructure",
            "module.alb_target_group.aws_lb_target_group.this",
            "module.ecs_cluster.aws_ecs_cluster.this",
            "module.ecs_service.aws_appautoscaling_policy.memory_scale_down",
            "module.ecs_service.aws_appautoscaling_target.ecs",
            "module.ecs_service.aws_ecs_service.this",
            "module.ecs_service.aws_ecs_task_definition.this"
          ]
        }
      ]
    },
    {
      "module": "module.ecs_service",
      "mode": "managed",
      "type": "aws_ecs_service",
      "name": "this",
      "provider": "provider[\"registry.terraform.io/hashicorp/aws\"]",
      "instances": [
        {
          "schema_version": 1,
          "attributes": {
            "alarms": [],
            "availability_zone_rebalancing": "DISABLED",
            "capacity_provider_strategy": [],
            "cluster": "arn:aws:ecs:us-east-1:481604401489:cluster/devops2-g4-finance-cluster-prod",
            "deployment_circuit_breaker": [
              {
                "enable": false,
                "rollback": false
              }
            ],
            "deployment_controller": [
              {
                "type": "ECS"
              }
            ],
            "deployment_maximum_percent": 200,
            "deployment_minimum_healthy_percent": 100,
            "desired_count": 2,
            "enable_ecs_managed_tags": false,
            "enable_execute_command": false,
            "force_delete": null,
            "force_new_deployment": null,
            "health_check_grace_period_seconds": 60,
            "iam_role": "/aws-service-role/ecs.amazonaws.com/AWSServiceRoleForECS",
            "id": "arn:aws:ecs:us-east-1:481604401489:service/devops2-g4-finance-cluster-prod/devops2-g4-finance-service-prod",
            "launch_type": "FARGATE",
            "load_balancer": [
              {
                "container_name": "finance-app",
                "container_port": 8080,
                "elb_name": "",
                "target_group_arn": "arn:aws:elasticloadbalancing:us-east-1:481604401489:targetgroup/devops2-g4-finance-tg-prod/3ef98eb73341aceb"
              }
            ],
            "name": "devops2-g4-finance-service-prod",
            "network_configuration": [
              {
                "assign_public_ip": false,
                "security_groups": [
                  "sg-0ba107be0aea53eb2"
                ],
                "subnets": [
                  "subnet-03b12b91b94e74b1d",
                  "subnet-0d21914eb16354a57"
                ]
              }
            ],
            "ordered_placement_strategy": [],
            "placement_constraints": [],
            "platform_version": "LATEST",
            "propagate_tags": "NONE",
            "scheduling_strategy": "REPLICA",
            "service_connect_configuration": [],
            "service_registries": [],
            "tags": {
              "Environment": "prod",
              "Name": "devops2-g4-finance-service-prod",
              "Service": "devops2-g4-finance"
            },
            "tags_all": {
              "Environment": "prod",
              "Name": "devops2-g4-finance-service-prod",
              "Service": "devops2-g4-finance"
            },
            "task_definition": "arn:aws:ecs:us-east-1:481604401489:task-definition/devops2-g4-finance-prod:6",
            "timeouts": null,
            "triggers": {},
            "volume_configuration": [],
            "vpc_lattice_configurations": [],
            "wait_for_steady_state": false
          },
          "sensitive_attributes": [],
          "identity_schema_version": 0,
          "private": "eyJlMmJmYjczMC1lY2FhLTExZTYtOGY4OC0zNDM2M2JjN2M0YzAiOnsiY3JlYXRlIjoxMjAwMDAwMDAwMDAwLCJkZWxldGUiOjEyMDAwMDAwMDAwMDAsInVwZGF0ZSI6MTIwMDAwMDAwMDAwMH0sInNjaGVtYV92ZXJzaW9uIjoiMSJ9",
          "dependencies": [
            "data.terraform_remote_state.infrastructure",
            "module.alb_target_group.aws_lb_target_group.this",
            "module.ecs_cluster.aws_ecs_cluster.this",
            "module.ecs_service.aws_ecs_task_definition.this"
          ]
        }
      ]
    },
    {
      "module": "module.ecs_service",
      "mode": "managed",
      "type": "aws_ecs_task_definition",
      "name": "this",
      "provider": "provider[\"registry.terraform.io/hashicorp/aws\"]",
      "instances": [
        {
          "schema_version": 1,
          "attributes": {
            "arn": "arn:aws:ecs:us-east-1:481604401489:task-definition/devops2-g4-finance-prod:6",
            "arn_without_revision": "arn:aws:ecs:us-east-1:481604401489:task-definition/devops2-g4-finance-prod",
            "container_definitions": "[{\"environment\":[{\"name\":\"APP_ENV\",\"value\":\"prod\"},{\"name\":\"PORT\",\"value\":\"8080\"}],\"essential\":true,\"image\":\"481604401489.dkr.ecr.us-east-1.amazonaws.com/devops2-g4-finance-prod:5\",\"logConfiguration\":{\"logDriver\":\"awslogs\",\"options\":{\"awslogs-group\":\"/ecs/devops2-g4-app-prod\",\"awslogs-region\":\"us-east-1\",\"awslogs-stream-prefix\":\"ecs\"}},\"mountPoints\":[],\"name\":\"finance-app\",\"portMappings\":[{\"containerPort\":8080,\"hostPort\":8080,\"protocol\":\"tcp\"}],\"systemControls\":[],\"volumesFrom\":[]}]",
            "cpu": "1024",
            "enable_fault_injection": false,
            "ephemeral_storage": [],
            "execution_role_arn": "arn:aws:iam::481604401489:role/devops2-g4-ecs-task-execution-role-prod",
            "family": "devops2-g4-finance-prod",
            "id": "devops2-g4-finance-prod",
            "inference_accelerator": [],
            "ipc_mode": "",
            "memory": "2048",
            "network_mode": "awsvpc",
            "pid_mode": "",
            "placement_constraints": [],
            "proxy_configuration": [],
            "requires_compatibilities": [
              "FARGATE"
            ],
            "revision": 6,
            "runtime_platform": [],
            "skip_destroy": false,
            "tags": {
              "Environment": "prod",
              "Name": "devops2-g4-finance-task-prod",
              "Service": "devops2-g4-finance"
            },
            "tags_all": {
              "Environment": "prod",
              "Name": "devops2-g4-finance-task-prod",
              "Service": "devops2-g4-finance"
            },
            "task_role_arn": "arn:aws:iam::481604401489:role/devops2-g4-ecs-task-role-prod",
            "track_latest": false,
            "volume": []
          },
          "sensitive_attributes": [],
          "identity_schema_version": 0,
          "private": "eyJzY2hlbWFfdmVyc2lvbiI6IjEifQ==",
          "dependencies": [
            "data.terraform_remote_state.infrastructure"
          ]
        }
      ]
    }
  ],
  "check_results": null
}
